{
 "_": "Skrivs av build.py. Id:n här får aldrig försvinna (framstegen hänger på dem), se CLAUDE.md om hur en borttagning godkänns.",
 "storageKey": "glosor-it5-v1",
 "avsnitt": [
  "m1",
  "m2",
  "m3",
  "m4",
  "m5",
  "m6",
  "m7",
  "m8",
  "mr"
 ],
 "grammatikområden": [
  "ci-si",
  "cond-pass",
  "cong-cong",
  "cong-imp",
  "cong-pass",
  "cong-pres",
  "cui",
  "disc-ind",
  "inf-pass",
  "ipotetico",
  "pass-rem",
  "passivo"
 ],
 "grammatikregler": [
  "cc-conc",
  "cc-fin",
  "cc-temp",
  "ci-forme",
  "ci-uso",
  "cisi",
  "cp-imp",
  "cp-opin",
  "cp-vol",
  "cpa-fut",
  "cpa-rimp",
  "cps",
  "cui-poss",
  "cui-prep",
  "di-pass",
  "di-pres",
  "ip-dopo",
  "ip-poss",
  "pa-and",
  "pa-ess",
  "pa-ven",
  "pr-forme",
  "si-pp"
 ],
 "innehåll/culture": [
  "it5-c-m1-costituzione",
  "it5-c-m2-bologna",
  "it5-c-m4-ssn",
  "it5-c-m5-emigrazione",
  "it5-c-m7-opera",
  "it5-c-m8-slowfood"
 ],
 "innehåll/grammar": [
  "ci-si-001",
  "ci-si-002",
  "ci-si-003",
  "ci-si-004",
  "ci-si-005",
  "ci-si-006",
  "ci-si-007",
  "ci-si-008",
  "ci-si-009",
  "ci-si-010",
  "ci-si-011",
  "ci-si-012",
  "ci-si-013",
  "ci-si-014",
  "ci-si-015",
  "ci-si-016",
  "ci-si-017",
  "ci-si-018",
  "ci-si-019",
  "ci-si-020",
  "cond-pass-001",
  "cond-pass-002",
  "cond-pass-003",
  "cond-pass-004",
  "cond-pass-005",
  "cond-pass-006",
  "cond-pass-007",
  "cond-pass-008",
  "cond-pass-009",
  "cond-pass-010",
  "cond-pass-011",
  "cond-pass-012",
  "cond-pass-013",
  "cond-pass-014",
  "cond-pass-015",
  "cond-pass-016",
  "cond-pass-017",
  "cond-pass-018",
  "cond-pass-019",
  "cond-pass-020",
  "cong-cong-001",
  "cong-cong-002",
  "cong-cong-003",
  "cong-cong-004",
  "cong-cong-005",
  "cong-cong-006",
  "cong-cong-007",
  "cong-cong-008",
  "cong-cong-009",
  "cong-cong-010",
  "cong-cong-011",
  "cong-cong-012",
  "cong-cong-013",
  "cong-cong-014",
  "cong-cong-015",
  "cong-cong-016",
  "cong-cong-017",
  "cong-cong-018",
  "cong-cong-019",
  "cong-cong-020",
  "cong-imp-001",
  "cong-imp-002",
  "cong-imp-003",
  "cong-imp-004",
  "cong-imp-005",
  "cong-imp-006",
  "cong-imp-007",
  "cong-imp-008",
  "cong-imp-009",
  "cong-imp-010",
  "cong-imp-011",
  "cong-imp-012",
  "cong-imp-013",
  "cong-imp-014",
  "cong-imp-015",
  "cong-imp-016",
  "cong-imp-017",
  "cong-imp-018",
  "cong-imp-019",
  "cong-imp-020",
  "cong-pass-001",
  "cong-pass-002",
  "cong-pass-003",
  "cong-pass-004",
  "cong-pass-005",
  "cong-pass-006",
  "cong-pass-007",
  "cong-pass-008",
  "cong-pass-009",
  "cong-pass-010",
  "cong-pass-011",
  "cong-pass-012",
  "cong-pass-013",
  "cong-pass-014",
  "cong-pass-015",
  "cong-pass-016",
  "cong-pass-017",
  "cong-pass-018",
  "cong-pass-019",
  "cong-pass-020",
  "cong-pres-001",
  "cong-pres-002",
  "cong-pres-003",
  "cong-pres-004",
  "cong-pres-005",
  "cong-pres-006",
  "cong-pres-007",
  "cong-pres-008",
  "cong-pres-009",
  "cong-pres-010",
  "cong-pres-011",
  "cong-pres-012",
  "cong-pres-013",
  "cong-pres-014",
  "cong-pres-015",
  "cong-pres-016",
  "cong-pres-017",
  "cong-pres-018",
  "cong-pres-019",
  "cong-pres-020",
  "cui-001",
  "cui-002",
  "cui-003",
  "cui-004",
  "cui-005",
  "cui-006",
  "cui-007",
  "cui-008",
  "cui-009",
  "cui-010",
  "cui-011",
  "cui-012",
  "cui-013",
  "cui-014",
  "cui-015",
  "cui-016",
  "cui-017",
  "cui-018",
  "cui-019",
  "cui-020",
  "disc-ind-001",
  "disc-ind-002",
  "disc-ind-003",
  "disc-ind-004",
  "disc-ind-005",
  "disc-ind-006",
  "disc-ind-007",
  "disc-ind-008",
  "disc-ind-009",
  "disc-ind-010",
  "disc-ind-011",
  "disc-ind-012",
  "disc-ind-013",
  "disc-ind-014",
  "disc-ind-015",
  "disc-ind-016",
  "disc-ind-017",
  "disc-ind-018",
  "disc-ind-019",
  "disc-ind-020",
  "inf-pass-001",
  "inf-pass-002",
  "inf-pass-003",
  "inf-pass-004",
  "inf-pass-005",
  "inf-pass-006",
  "inf-pass-007",
  "inf-pass-008",
  "inf-pass-009",
  "inf-pass-010",
  "inf-pass-011",
  "inf-pass-012",
  "inf-pass-013",
  "inf-pass-014",
  "inf-pass-015",
  "inf-pass-016",
  "inf-pass-017",
  "inf-pass-018",
  "inf-pass-019",
  "inf-pass-020",
  "ipotetico-001",
  "ipotetico-002",
  "ipotetico-003",
  "ipotetico-004",
  "ipotetico-005",
  "ipotetico-006",
  "ipotetico-007",
  "ipotetico-008",
  "ipotetico-009",
  "ipotetico-010",
  "ipotetico-011",
  "ipotetico-012",
  "ipotetico-013",
  "ipotetico-014",
  "ipotetico-015",
  "ipotetico-016",
  "ipotetico-017",
  "ipotetico-018",
  "ipotetico-019",
  "ipotetico-020",
  "pass-rem-001",
  "pass-rem-002",
  "pass-rem-003",
  "pass-rem-004",
  "pass-rem-005",
  "pass-rem-006",
  "pass-rem-007",
  "pass-rem-008",
  "pass-rem-009",
  "pass-rem-010",
  "pass-rem-011",
  "pass-rem-012",
  "pass-rem-013",
  "pass-rem-014",
  "pass-rem-015",
  "pass-rem-016",
  "pass-rem-017",
  "pass-rem-018",
  "pass-rem-019",
  "pass-rem-020",
  "passivo-001",
  "passivo-002",
  "passivo-003",
  "passivo-004",
  "passivo-005",
  "passivo-006",
  "passivo-007",
  "passivo-008",
  "passivo-009",
  "passivo-010",
  "passivo-011",
  "passivo-012",
  "passivo-013",
  "passivo-014",
  "passivo-015",
  "passivo-016",
  "passivo-017",
  "passivo-018",
  "passivo-019",
  "passivo-020"
 ],
 "innehåll/listening": [
  "it5-l-m1",
  "it5-l-m1-b",
  "it5-l-m2",
  "it5-l-m3",
  "it5-l-m3-b",
  "it5-l-m4",
  "it5-l-m5",
  "it5-l-m5-b",
  "it5-l-m6",
  "it5-l-m7",
  "it5-l-m8",
  "it5-l-m8-b"
 ],
 "innehåll/mal": [
  "mal-m1",
  "mal-m2",
  "mal-m3",
  "mal-m4",
  "mal-m5",
  "mal-m6",
  "mal-m7",
  "mal-m8",
  "mal-mr"
 ],
 "innehåll/phrases": [
  "it5-p01",
  "it5-p02",
  "it5-p03",
  "it5-p04",
  "it5-p05",
  "it5-p06",
  "it5-p07",
  "it5-p08",
  "it5-p09",
  "it5-p10",
  "it5-p11",
  "it5-p12",
  "it5-p13",
  "it5-p14",
  "it5-p15",
  "it5-p16",
  "it5-p17",
  "it5-p18",
  "it5-p19",
  "it5-p20",
  "it5-p21",
  "it5-p22",
  "it5-p23",
  "it5-p24",
  "it5-p25",
  "it5-p26",
  "it5-p27",
  "it5-p28",
  "it5-p29",
  "it5-p30",
  "it5-p31",
  "it5-p32",
  "it5-p33",
  "it5-p34",
  "it5-p35"
 ],
 "innehåll/prompts": [
  "it5-w-m1",
  "it5-w-m1b",
  "it5-w-m2",
  "it5-w-m2b",
  "it5-w-m3",
  "it5-w-m3b",
  "it5-w-m4",
  "it5-w-m4b",
  "it5-w-m5",
  "it5-w-m5b",
  "it5-w-m6",
  "it5-w-m6b",
  "it5-w-m7",
  "it5-w-m7b",
  "it5-w-m8",
  "it5-w-m8b"
 ],
 "innehåll/reading": [
  "it5-r-m1",
  "it5-r-m2",
  "it5-r-m3",
  "it5-r-m4",
  "it5-r-m5",
  "it5-r-m6",
  "it5-r-m7",
  "it5-r-m8"
 ],
 "innehåll/stories": [
  "it5-s-m1",
  "it5-s-m2",
  "it5-s-m3",
  "it5-s-m4",
  "it5-s-m5",
  "it5-s-m6",
  "it5-s-m7",
  "it5-s-m8"
 ],
 "innehåll/uttal": [
  "utt-acc",
  "utt-cong",
  "utt-emm",
  "utt-gli",
  "utt-r",
  "utt-sc",
  "utt-ss",
  "utt-z"
 ],
 "ord": [
  "Economia",
  "Egregio Direttore",
  "Ellis Island",
  "Gentile Signora",
  "Giurisprudenza",
  "Ingegneria",
  "Lettere",
  "Medicina",
  "San Marino",
  "Spettabile Ditta",
  "Va' pensiero",
  "a causa di",
  "a digiuno",
  "a mano a mano",
  "a mio avviso",
  "a prima vista",
  "a proposito di",
  "a tempo determinato",
  "a tempo indeterminato",
  "abolire",
  "accendersi",
  "accessibile",
  "accogliente",
  "accordare",
  "adattarsi",
  "addestrare",
  "affinché",
  "aggiornare",
  "allegare",
  "ammaccato",
  "ammalarsi",
  "andare a male",
  "andare a tempo",
  "annegare",
  "ansioso",
  "apparire",
  "appartenere",
  "approfondire",
  "artigianale",
  "attuale",
  "automaticamente",
  "avere diritto a",
  "avere orecchio",
  "avere una fame da lupi",
  "avrei voluto",
  "avvenire",
  "avvincente",
  "avvisare",
  "benché",
  "beneficiare di",
  "bigiare",
  "bisogna tenere conto di",
  "c'era una volta un re",
  "celiaco",
  "cercasi",
  "certificato",
  "che ne dice?",
  "chiedere aiuto",
  "ci mancherebbe altro!",
  "ci tengo a dire che",
  "citare",
  "collaborare",
  "collegare",
  "come ho già detto",
  "compatibile",
  "compensare",
  "competitivo",
  "compilare",
  "compostabile",
  "comunicare",
  "con moderazione",
  "conciliare",
  "confondere",
  "congelare",
  "considerare",
  "consigliare un libro",
  "consigliato",
  "contagioso",
  "contare",
  "coraggioso",
  "cordiali saluti",
  "costruire",
  "d'accordo, ma",
  "da consumarsi preferibilmente entro",
  "dal mio punto di vista",
  "dal momento che",
  "danneggiare",
  "denso",
  "derivare da",
  "di conseguenza",
  "di stagione",
  "digitale",
  "dimettersi",
  "dimostrare",
  "diplomarsi",
  "dirigere",
  "disconnettersi",
  "discutere la tesi",
  "distinguere",
  "distinti saluti",
  "distribuire",
  "donare il cibo",
  "dotto",
  "ebbe",
  "eccezionale",
  "efficace",
  "eolico",
  "esercitarsi",
  "esigente",
  "essere portato per",
  "fammi capire",
  "fare bene alla salute",
  "fare movimento",
  "fiero",
  "finanziare",
  "finché",
  "finto",
  "fischiare",
  "flexitariano",
  "fondato su",
  "formale",
  "fu",
  "funzionare",
  "fuori tempo",
  "garantire",
  "generare",
  "genetico",
  "genuino",
  "gestire",
  "girare un film",
  "gli agrumi",
  "gli archi",
  "gli effetti collaterali",
  "gli effetti speciali",
  "gli italiani all'estero",
  "gli straordinari",
  "grazie a",
  "guastarsi",
  "hai centrato il punto",
  "ho paura che",
  "i cereali integrali",
  "i dati personali",
  "i diritti d'autore",
  "i fiati",
  "i gas serra",
  "i legumi",
  "i passi",
  "i pesticidi",
  "i tappi per le orecchie",
  "il Canton Ticino",
  "il DNA",
  "il David di Donatello",
  "il Leone d'oro",
  "il Mediterraneo",
  "il NEET",
  "il Novecento",
  "il Parlamento",
  "il Politecnico",
  "il Sommo Poeta",
  "il banco alimentare",
  "il bando",
  "il bando di ammissione",
  "il barcone",
  "il baritono",
  "il basso",
  "il batterio",
  "il bel canto",
  "il bene comune",
  "il benessere psicologico",
  "il best seller",
  "il bidone",
  "il bisnonno",
  "il bollino",
  "il bracciante",
  "il brevetto",
  "il burattinaio",
  "il burnout",
  "il cameriere stagionale",
  "il cantautorato",
  "il caporalato",
  "il caseificio",
  "il cavo",
  "il centenario",
  "il centro di accoglienza",
  "il centro per l'impiego",
  "il cervello in fuga",
  "il ceto medio",
  "il chatbot",
  "il chilometro percorso",
  "il chimico",
  "il cibo spazzatura",
  "il cibo ultraprocessato",
  "il cinefilo",
  "il cinema d'animazione",
  "il cinema italiano",
  "il cinema muto",
  "il clarinetto",
  "il cliente fidelizzato",
  "il cloud",
  "il codice",
  "il colesterolo",
  "il colloquio conoscitivo",
  "il colonialismo",
  "il commerciante",
  "il compito in classe",
  "il compositore",
  "il concerto all'aperto",
  "il concerto per violino",
  "il concime",
  "il concorso musicale",
  "il conservante",
  "il consiglio di classe",
  "il consultorio",
  "il consumo consapevole",
  "il consumo energetico",
  "il contagio",
  "il contatto linguistico",
  "il contenitore",
  "il contralto",
  "il copione",
  "il corpo perfetto",
  "il corso di lingua",
  "il corso di perfezionamento",
  "il corso di recupero",
  "il corso di studi",
  "il credito formativo",
  "il crescendo",
  "il dato",
  "il debito formativo",
  "il debito pubblico",
  "il decennio",
  "il decreto",
  "il deputato",
  "il diabete",
  "il diaframma",
  "il dialettofono",
  "il dialogo",
  "il diploma di conservatorio",
  "il dirigente scolastico",
  "il diritto d'asilo",
  "il disciplinare",
  "il dispositivo",
  "il disturbo alimentare",
  "il divario di genere",
  "il divario generazionale",
  "il divulgatore",
  "il do",
  "il docente",
  "il doppiatore",
  "il dottorato",
  "il drammaturgo",
  "il drone",
  "il duetto",
  "il fact-checking",
  "il fagiolo",
  "il falegname",
  "il fattore",
  "il fatturato",
  "il fenomeno",
  "il fenomeno migratorio",
  "il fiato corto",
  "il finale aperto",
  "il finanziamento",
  "il fisco",
  "il fisico",
  "il fisioterapista",
  "il flashback",
  "il flauto",
  "il flusso migratorio",
  "il frantoio",
  "il friulano",
  "il frontaliere",
  "il frutteto",
  "il fuoricorso",
  "il genere musicale",
  "il gergo",
  "il giudizio",
  "il glutine",
  "il greenwashing",
  "il gruppo di acquisto solidale",
  "il guasto",
  "il laboratorio",
  "il ladino",
  "il laureando",
  "il lavoratore",
  "il lavoro autonomo",
  "il lavoro d'ufficio",
  "il lavoro di squadra",
  "il lavoro manuale",
  "il lavoro nero",
  "il lavoro stagionale",
  "il legno",
  "il lettore forte",
  "il libero professionista",
  "il librettista",
  "il libretto",
  "il libretto universitario",
  "il licenziamento",
  "il linguaggio",
  "il liutaio",
  "il livello",
  "il loggione",
  "il luogo comune",
  "il maestro",
  "il mal di schiena",
  "il malinteso culturale",
  "il manoscritto",
  "il manuale",
  "il marchio",
  "il marchio biologico",
  "il margine di errore",
  "il mecenate",
  "il mediatore culturale",
  "il medico di famiglia",
  "il melodramma",
  "il mercato contadino",
  "il mercato del lavoro",
  "il merito",
  "il metodo di studio",
  "il metronomo",
  "il mezzosoprano",
  "il minatore",
  "il minore non accompagnato",
  "il modulo",
  "il monologo interiore",
  "il montaggio",
  "il motto",
  "il museo dell'emigrazione",
  "il musical",
  "il narratore inaffidabile",
  "il naso lungo",
  "il neolaureato",
  "il neologismo",
  "il numero chiuso",
  "il paese d'origine",
  "il paese di destinazione",
  "il palco d'opera",
  "il palcoscenico",
  "il pane raffermo",
  "il parlante nativo",
  "il part-time",
  "il passato remoto",
  "il pastore",
  "il pediatra",
  "il pendolarismo",
  "il pericolo",
  "il periodo di prova",
  "il permesso",
  "il personaggio in cerca d'autore",
  "il personaggio secondario",
  "il pesce azzurro",
  "il pianissimo",
  "il piano di studi",
  "il piatto povero",
  "il plagio",
  "il portico",
  "il precariato",
  "il premio Nobel",
  "il presidio",
  "il prestito d'onore",
  "il prestito linguistico",
  "il prezzo equo",
  "il primo piano",
  "il produttore agricolo",
  "il produttore locale",
  "il programma d'esame",
  "il programma informatico",
  "il progresso",
  "il protagonista maschile",
  "il prototipo",
  "il pubblico impiego",
  "il pubblico in sala",
  "il punteggio",
  "il punto di vista narrativo",
  "il punto è che",
  "il quartetto d'archi",
  "il rappresentante degli studenti",
  "il recitativo",
  "il reddito di cittadinanza",
  "il registro",
  "il registro elettronico",
  "il registro vocale",
  "il relatore",
  "il repertorio",
  "il responsabile",
  "il ricambio generazionale",
  "il ricercatore precario",
  "il ricercatore sul campo",
  "il ricercatore universitario",
  "il ricettario",
  "il richiedente asilo",
  "il ricongiungimento familiare",
  "il riconoscimento",
  "il rientro dei cervelli",
  "il rimedio",
  "il rinnovo",
  "il rischio",
  "il ritmo circadiano",
  "il ritmo sonno-veglia",
  "il ritornello",
  "il robot",
  "il romanzo di formazione",
  "il romanzo epistolare",
  "il romanzo psicologico",
  "il romanzo storico",
  "il ruolo principale",
  "il saggio di fine anno",
  "il salario minimo",
  "il salvataggio",
  "il sapore",
  "il satellite",
  "il selezionatore",
  "il seme",
  "il seminario",
  "il senso di appartenenza",
  "il sensore",
  "il sequel",
  "il settore terziario",
  "il simbolo letterario",
  "il sipario",
  "il sistema immunitario",
  "il sistema sanitario",
  "il sistema sanitario nazionale",
  "il software",
  "il solista",
  "il sonetto",
  "il soprano",
  "il sovrappeso",
  "il supermercato di quartiere",
  "il tablet",
  "il taglio",
  "il talento musicale",
  "il tasso di disoccupazione",
  "il tasto",
  "il teatro di prosa",
  "il teatro lirico",
  "il telescopio",
  "il tempo musicale",
  "il terreno",
  "il test d'ingresso",
  "il test di ammissione",
  "il testo afferma che",
  "il testo della canzone",
  "il testo letterario",
  "il ticket",
  "il timbro",
  "il titolo di studio",
  "il tono",
  "il toscano letterario",
  "il traduttore",
  "il trenta e lode",
  "il tumore",
  "il tutor",
  "il verismo",
  "il vibrato",
  "il vigneto",
  "il violoncello",
  "il virtuoso",
  "il virus",
  "il visore",
  "il visto",
  "il vocalizzo",
  "il volgare",
  "immateriale",
  "immatricolarsi",
  "imperfetto",
  "impoverirsi",
  "improvvisare",
  "in allegato trova",
  "in altre parole",
  "in pratica",
  "in prima persona",
  "in primo luogo",
  "in riferimento a",
  "in secondo luogo",
  "in terza persona",
  "incentivare",
  "indicare",
  "infelice",
  "infine",
  "informale",
  "ingessare",
  "innovativo",
  "installare",
  "intanto",
  "integrale",
  "interno",
  "invenduto",
  "ironico",
  "irrigare",
  "l'AFAM",
  "l'AIRE",
  "l'Accademia della Crusca",
  "l'Arena di Verona",
  "l'Artusi",
  "l'Erasmus",
  "l'ISEE",
  "l'ITS",
  "l'Inferno",
  "l'Istituto Italiano di Cultura",
  "l'OMS",
  "l'Ottocento",
  "l'Unione Europea",
  "l'Università per Stranieri",
  "l'abbandono scolastico",
  "l'abete",
  "l'abitudine",
  "l'abuso di alcol",
  "l'accordatura",
  "l'accordo",
  "l'acero",
  "l'acqua del rubinetto",
  "l'acqua in bottiglia",
  "l'acustica",
  "l'adattamento",
  "l'additivo",
  "l'adolescente",
  "l'agenzia per il lavoro",
  "l'aggiornamento",
  "l'agricoltore",
  "l'agricoltura",
  "l'agricoltura biologica",
  "l'agrumeto",
  "l'algoritmo",
  "l'alimentazione equilibrata",
  "l'allegato",
  "l'allevamento intensivo",
  "l'allevatore",
  "l'alternanza scuola-lavoro",
  "l'ambientazione",
  "l'ammissione al conservatorio",
  "l'anagrafe",
  "l'analfabetismo",
  "l'analisi",
  "l'andante",
  "l'anglicismo",
  "l'anidride carbonica",
  "l'anno accademico",
  "l'annuncio di lavoro",
  "l'antibiotico",
  "l'antidolorifico",
  "l'antieroe",
  "l'appello",
  "l'approfondimento",
  "l'arpa",
  "l'arrangiamento",
  "l'artigianato",
  "l'ascensore sociale",
  "l'aspettativa di vita",
  "l'assemblea d'istituto",
  "l'assicurazione sanitaria",
  "l'assistenza sociale",
  "l'astensionismo",
  "l'astronauta",
  "l'astronomo",
  "l'atomo",
  "l'attacco informatico",
  "l'attrezzo",
  "l'audizione",
  "l'auto elettrica",
  "l'autodidatta",
  "l'automazione",
  "l'autostima",
  "l'e-book",
  "l'economia circolare",
  "l'editore",
  "l'efficacia",
  "l'emigrazione giovanile",
  "l'emozione da palcoscenico",
  "l'energia nucleare",
  "l'episodio",
  "l'epoca",
  "l'equipollenza",
  "l'esame del sangue",
  "l'esame di Stato",
  "l'esame orale",
  "l'esaurimento",
  "l'esilio",
  "l'espatrio",
  "l'esperienza lavorativa",
  "l'esperimento",
  "l'estensione vocale",
  "l'esubero",
  "l'etica della scienza",
  "l'etichetta ambientale",
  "l'evasione fiscale",
  "l'evoluzione",
  "l'ex colonia",
  "l'expat",
  "l'hacker",
  "l'hardware",
  "l'igiene",
  "l'impegnativa",
  "l'impegno civile",
  "l'impianto",
  "l'impollinazione",
  "l'imprenditoria",
  "l'impresa",
  "l'incipit",
  "l'indirizzo",
  "l'industria",
  "l'inflessione",
  "l'innovazione",
  "l'inquadratura",
  "l'insufficienza",
  "l'intercultura",
  "l'interpretazione",
  "l'interprete",
  "l'intervallo",
  "l'intervento chirurgico",
  "l'intolleranza",
  "l'intreccio",
  "l'inventore",
  "l'invenzione",
  "l'ipotesi",
  "l'irrigazione",
  "l'istituto tecnico",
  "l'istruzione obbligatoria",
  "l'italian sounding",
  "l'italianismo",
  "l'italiano regionale",
  "l'italiano standard",
  "l'italo-argentino",
  "l'italofono",
  "l'occupazione",
  "l'occupazione della scuola",
  "l'olio extravergine",
  "l'omeopatia",
  "l'opera buffa",
  "l'opera letteraria",
  "l'opera seria",
  "l'orario di lavoro",
  "l'orario di ricevimento",
  "l'orbita",
  "l'orchestra giovanile",
  "l'orecchio assoluto",
  "l'organo",
  "l'orientamento professionale",
  "l'orto condiviso",
  "l'orto urbano",
  "l'osservatorio",
  "l'ottava",
  "l'ouverture",
  "l'udito",
  "l'ufficio del personale",
  "l'umanità",
  "l'umido",
  "l'umorismo",
  "l'universo",
  "la Città del Vaticano",
  "la FAO",
  "la Festa dei lavoratori",
  "la Mostra del Cinema di Venezia",
  "la Piccola Italia",
  "la SIAE",
  "la Scala",
  "la Società Dante Alighieri",
  "la bacchetta",
  "la banca dati",
  "la baracca",
  "la battuta",
  "la battuta finale",
  "la bibita gassata",
  "la bibliografia",
  "la biodiversità",
  "la borraccia",
  "la bottega",
  "la buccia",
  "la burocrazia",
  "la busta",
  "la busta paga",
  "la caloria",
  "la camminata veloce",
  "la campagna di sensibilizzazione",
  "la candela",
  "la cartuccia",
  "la casa di cura",
  "la cassa integrazione",
  "la cassetta",
  "la catena di montaggio",
  "la cattiva abitudine",
  "la cellula",
  "la centrale",
  "la certificazione linguistica",
  "la circolazione",
  "la clonazione",
  "la commedia all'italiana",
  "la commissione d'esame",
  "la comunità italiana",
  "la concorrenza",
  "la confezione",
  "la consapevolezza",
  "la convivenza pacifica",
  "la corda",
  "la corona d'alloro",
  "la corrente letteraria",
  "la corsetta",
  "la crisi economica",
  "la critica",
  "la cucina del riciclo",
  "la cucina italiana nel mondo",
  "la cucina povera",
  "la cucina regionale",
  "la data di scadenza",
  "la decina",
  "la delocalizzazione",
  "la denominazione d'origine",
  "la depressione",
  "la descrizione del paesaggio",
  "la desertificazione",
  "la diagnosi",
  "la dichiarazione dei redditi",
  "la dichiarazione di valore",
  "la dicitura",
  "la diffusione",
  "la digitalizzazione",
  "la dipendenza dal fumo",
  "la dipendenza digitale",
  "la discussione",
  "la dispensa",
  "la disponibilità",
  "la distorsione",
  "la disuguaglianza",
  "la divulgazione scientifica",
  "la doggy bag",
  "la doppia cittadinanza",
  "la fame nel mondo",
  "la famiglia ospitante",
  "la farmacia di turno",
  "la fascia d'età",
  "la fattura",
  "la festa di laurea",
  "la fiaba popolare",
  "la fibra ottica",
  "la filiera alimentare",
  "la filiera corta",
  "la fonte attendibile",
  "la fotografia del film",
  "la frattura",
  "la frequenza",
  "la frequenza obbligatoria",
  "la frontiera",
  "la fuga all'estero",
  "la gastronomia",
  "la gavetta",
  "la generazione futura",
  "la graduatoria",
  "la grande distribuzione",
  "la gravità",
  "la guardia medica",
  "la laurea magistrale",
  "la laurea triennale",
  "la leadership",
  "la legge di natura",
  "la libera circolazione",
  "la lingua d'arrivo",
  "la lingua minoritaria",
  "la lingua straniera",
  "la lingua ufficiale",
  "la lista d'attesa",
  "la liuteria",
  "la longevità",
  "la macchia",
  "la mail",
  "la malattia cronica",
  "la malnutrizione",
  "la mansione",
  "la mansione di responsabilità",
  "la mansione principale",
  "la mansione ripetitiva",
  "la maschera sociale",
  "la mascherina",
  "la masterclass",
  "la maternità",
  "la matricola",
  "la mediazione",
  "la mediazione linguistica",
  "la medicina alternativa",
  "la memoria collettiva",
  "la mensa scolastica",
  "la messinscena",
  "la metafora",
  "la migrazione",
  "la minestra",
  "la miniera",
  "la mobilità sociale",
  "la molecola",
  "la morale della favola",
  "la multinazionale",
  "la musica leggera",
  "la nanotecnologia",
  "la narrativa",
  "la nave a vapore",
  "la neutralità climatica",
  "la nota disciplinare",
  "la novellistica",
  "la pandemia",
  "la parità di genere",
  "la parrocchia",
  "la partitura",
  "la pausa musicale",
  "la pecora da latte",
  "la pensione di vecchiaia",
  "la pesca eccessiva",
  "la pesca sostenibile",
  "la piattaforma di streaming",
  "la platea",
  "la politica migratoria",
  "la polvere",
  "la porzione",
  "la posizione aperta",
  "la postura",
  "la precisione",
  "la presa",
  "la prescrizione",
  "la prevenzione primaria",
  "la prima edizione",
  "la produttività",
  "la pronuncia regionale",
  "la prosa",
  "la prova attitudinale",
  "la prova orale",
  "la prova scritta",
  "la psicoanalisi",
  "la qualifica",
  "la questione della lingua",
  "la raccomandazione",
  "la realtà virtuale",
  "la registrazione",
  "la residenza",
  "la residenza universitaria",
  "la respirazione",
  "la retta",
  "la riabilitazione",
  "la ricerca applicata",
  "la ricerca di base",
  "la ricerca scientifica",
  "la riduzione",
  "la riga",
  "la rimessa",
  "la ringrazio per l'attenzione",
  "la risorsa idrica",
  "la riunione",
  "la rivista scientifica",
  "la saggistica",
  "la sala cinematografica",
  "la salute pubblica",
  "la scadenza",
  "la scadenza di iscrizione",
  "la scala musicale",
  "la scenografia",
  "la schiscetta",
  "la scienza",
  "la scienza aperta",
  "la scoperta",
  "la scuola paritaria",
  "la sedentarietà",
  "la segreteria studenti",
  "la sensazione",
  "la serie TV",
  "la sessione d'esami",
  "la settimana della lingua italiana",
  "la sicurezza alimentare",
  "la sicurezza informatica",
  "la sicurezza sul lavoro",
  "la sigaretta elettronica",
  "la sinfonia",
  "la società multiculturale",
  "la soglia",
  "la solidarietà sociale",
  "la somma",
  "la sorveglianza",
  "la sostanza stupefacente",
  "la specializzazione",
  "la spesa pubblica",
  "la stagionalità",
  "la stagionatura",
  "la stagione della serie",
  "la stagione lirica",
  "la stampante",
  "la stampante 3D",
  "la start-up",
  "la strofa",
  "la strofa della canzone",
  "la tecnologia",
  "la teoria",
  "la terapia",
  "la terra fertile",
  "la terzina",
  "la tesina",
  "la tessera sanitaria",
  "la tisana",
  "la tonalità",
  "la tonnellata",
  "la tracciabilità",
  "la traduzione",
  "la tragedia",
  "la transizione ecologica",
  "la trap",
  "la tromba",
  "la tutela",
  "la vaccinazione",
  "la variante",
  "la varietà antica",
  "la vernice",
  "la viola",
  "la visita di controllo",
  "la vista stanca",
  "la voce di petto",
  "la voce impostata",
  "la voce narrante",
  "la xenofobia",
  "la zona blu",
  "la zucca",
  "lamentarsi",
  "lampeggiare",
  "le api",
  "le difese immunitarie",
  "le dimissioni",
  "le discipline umanistiche",
  "le ferie pagate",
  "le fibre",
  "le istruzioni per l'uso",
  "le materie scientifiche",
  "le percussioni",
  "le proteine vegetali",
  "le radici",
  "le ripetizioni",
  "le sarei grato se",
  "le scrivo per",
  "le stampelle",
  "leggere la musica",
  "letterario",
  "licenziarsi",
  "lo Slow Food",
  "lo ius soli",
  "lo sballo",
  "lo sbocco lavorativo",
  "lo scenografo",
  "lo schermo tattile",
  "lo scienziato",
  "lo sciopero generale",
  "lo screening",
  "lo scritto",
  "lo sfuso",
  "lo shock culturale",
  "lo slang",
  "lo spaesamento",
  "lo spaghetti western",
  "lo spartito",
  "lo spazio",
  "lo spazio Schengen",
  "lo specialista",
  "lo sportello",
  "lo sportello d'ascolto",
  "lo spreco alimentare",
  "lo stile di vita sano",
  "lo stile narrativo",
  "lo stiramento",
  "lo streaming musicale",
  "lo studentato",
  "lo studente di scambio",
  "lo studio dello strumento",
  "lo studio individuale",
  "lo studio matto e disperatissimo",
  "lo studio pubblicato",
  "lo sviluppatore",
  "lo sviluppo",
  "lo zucchero aggiunto",
  "magari fosse vero!",
  "malinconico",
  "memorizzare",
  "meritocratico",
  "mettiamo che",
  "mi faccia sapere",
  "mi permetta di",
  "monouso",
  "morì",
  "muoversi di più",
  "nacque",
  "nocivo",
  "noioso da morire",
  "non credo che",
  "non sono del tutto d'accordo",
  "non è che",
  "nonostante",
  "obbligare",
  "oltre",
  "operare",
  "osservare",
  "ottenere",
  "particolare",
  "per carità!",
  "per quanto riguarda",
  "piuttosto",
  "potrebbe spiegarmi meglio?",
  "precarizzare",
  "premere",
  "prendo la parola",
  "prescrivere",
  "presentare",
  "presso",
  "programmare",
  "promuovere",
  "protestare",
  "rafforzare",
  "reagire",
  "regolarmente",
  "rendere",
  "resto a disposizione",
  "resto in attesa di una sua risposta",
  "riaddormentarsi",
  "riascoltare",
  "riassumendo",
  "riassumere in breve",
  "riavviare",
  "ricaricare",
  "ricominciare",
  "ricoverare",
  "ridicolo",
  "rimandare",
  "rimpatriare",
  "ripetere l'anno",
  "riposare bene",
  "riuscito",
  "riutilizzabile",
  "saziare",
  "scaduto",
  "scarico",
  "scientifico",
  "scorrevole",
  "scrisse",
  "se fossi in te",
  "sebbene",
  "secchione",
  "secondo l'autore",
  "sensibilizzare",
  "si dà il caso che",
  "simile",
  "smettere di fumare",
  "soffrire di",
  "sono contento che",
  "sorprendente",
  "spaesato",
  "spero che",
  "spiegare con parole semplici",
  "stabile",
  "stroncare",
  "sufficiente",
  "superare un esame",
  "superiore",
  "tanto per cominciare",
  "tecnologico",
  "tenere premuto",
  "ti spiego in due parole",
  "tradurre",
  "tutelare",
  "unificare la lingua",
  "universale",
  "uscire nelle sale",
  "va da sé che",
  "vale a dire",
  "valorizzare",
  "vendere",
  "vorrei sapere se",
  "vuol dire che",
  "è un peccato che",
  "è vero che …, però"
 ],
 "prov": [
  "it5-as-1",
  "it5-as-2",
  "it5-as-3",
  "it5-le-1",
  "it5-le-2",
  "it5-le-3",
  "it5-le-4",
  "it5-or-1",
  "it5-or-2",
  "it5-or-3",
  "it5-sc-1",
  "it5-sc-2",
  "it5-sc-3",
  "it5-sc-4"
 ]
}
