{
 "_": "Skrivs av build.py. Id:n här får aldrig försvinna (framstegen hänger på dem), se CLAUDE.md om hur en borttagning godkänns.",
 "storageKey": "glosor-fr4-v1",
 "avsnitt": [
  "q1",
  "q2",
  "q3",
  "q4",
  "q5",
  "q6",
  "q7",
  "q8",
  "qr"
 ],
 "grammatikområden": [
  "condp",
  "conn",
  "disc",
  "err",
  "futant",
  "ger",
  "hyp",
  "pass",
  "psimp",
  "relc",
  "relief",
  "subj2",
  "subjp"
 ],
 "grammatikregler": [
  "condp-etre",
  "condp-form",
  "condp-info",
  "condp-regret",
  "condp-si",
  "conn-but",
  "conn-cause",
  "conn-cons",
  "conn-opp",
  "conn-prep",
  "disc-cond",
  "disc-imp",
  "disc-imper",
  "disc-pqp",
  "disc-pres",
  "disc-q",
  "disc-tps",
  "futant-accord",
  "futant-avant",
  "futant-form",
  "futant-quand",
  "futant-sup",
  "ger-form",
  "ger-passe",
  "ger-pp",
  "ger-sens",
  "ger-tout",
  "hyp-1",
  "hyp-2",
  "hyp-3",
  "hyp-cp",
  "pass-accord",
  "pass-on",
  "pass-par",
  "pass-pc",
  "pass-pres",
  "pass-temps",
  "psimp-er",
  "psimp-ir",
  "psimp-irr",
  "psimp-pers",
  "relc-auquel",
  "relc-dont",
  "relc-duquel",
  "relc-lequel",
  "relc-qui",
  "relief-accord",
  "relief-ce",
  "relief-que",
  "relief-qui",
  "relief-tout",
  "subj2-conj",
  "subj2-doute",
  "subj2-emo",
  "subj2-ind",
  "subj2-inf",
  "subj2-vol",
  "subjp-etre",
  "subjp-form",
  "subjp-sup",
  "subjp-temps"
 ],
 "innehåll/culture": [
  "c-q1",
  "c-q2",
  "c-q3",
  "c-q4-avignon",
  "c-q4-fete",
  "c-q5",
  "c-q6",
  "c-q7",
  "c-q8-oif",
  "c-q8-quebec"
 ],
 "innehåll/grammar": [
  "condp-001",
  "condp-002",
  "condp-003",
  "condp-004",
  "condp-005",
  "condp-006",
  "condp-007",
  "condp-008",
  "condp-009",
  "condp-010",
  "condp-011",
  "condp-012",
  "condp-013",
  "condp-014",
  "condp-015",
  "condp-016",
  "condp-017",
  "condp-018",
  "condp-019",
  "condp-020",
  "condp-021",
  "condp-022",
  "condp-023",
  "condp-024",
  "condp-025",
  "conn-001",
  "conn-002",
  "conn-003",
  "conn-004",
  "conn-005",
  "conn-006",
  "conn-007",
  "conn-008",
  "conn-009",
  "conn-010",
  "conn-011",
  "conn-012",
  "conn-013",
  "conn-014",
  "conn-015",
  "conn-016",
  "conn-017",
  "conn-018",
  "conn-019",
  "conn-020",
  "conn-021",
  "conn-022",
  "conn-023",
  "conn-024",
  "conn-025",
  "conn-026",
  "conn-027",
  "conn-028",
  "conn-029",
  "conn-030",
  "disc-001",
  "disc-002",
  "disc-003",
  "disc-004",
  "disc-005",
  "disc-006",
  "disc-007",
  "disc-008",
  "disc-009",
  "disc-010",
  "disc-011",
  "disc-012",
  "disc-013",
  "disc-014",
  "disc-015",
  "disc-016",
  "disc-017",
  "disc-018",
  "disc-019",
  "disc-020",
  "disc-021",
  "disc-022",
  "disc-023",
  "disc-024",
  "disc-025",
  "disc-026",
  "disc-027",
  "disc-028",
  "disc-029",
  "disc-030",
  "futant-001",
  "futant-002",
  "futant-003",
  "futant-004",
  "futant-005",
  "futant-006",
  "futant-007",
  "futant-008",
  "futant-009",
  "futant-010",
  "futant-011",
  "futant-012",
  "futant-013",
  "futant-014",
  "futant-015",
  "futant-016",
  "futant-017",
  "futant-018",
  "futant-019",
  "futant-020",
  "futant-021",
  "futant-022",
  "futant-023",
  "futant-024",
  "futant-025",
  "futant-026",
  "futant-027",
  "futant-028",
  "ger-001",
  "ger-002",
  "ger-003",
  "ger-004",
  "ger-005",
  "ger-006",
  "ger-007",
  "ger-008",
  "ger-009",
  "ger-010",
  "ger-011",
  "ger-012",
  "ger-013",
  "ger-014",
  "ger-015",
  "ger-016",
  "ger-017",
  "ger-018",
  "ger-019",
  "ger-020",
  "ger-021",
  "ger-022",
  "ger-023",
  "ger-024",
  "ger-025",
  "ger-026",
  "ger-027",
  "ger-028",
  "ger-029",
  "ger-030",
  "hyp-001",
  "hyp-002",
  "hyp-003",
  "hyp-004",
  "hyp-005",
  "hyp-006",
  "hyp-007",
  "hyp-008",
  "hyp-009",
  "hyp-010",
  "hyp-011",
  "hyp-012",
  "hyp-013",
  "hyp-014",
  "hyp-015",
  "hyp-016",
  "hyp-017",
  "hyp-018",
  "hyp-019",
  "hyp-020",
  "hyp-021",
  "hyp-022",
  "hyp-023",
  "hyp-024",
  "hyp-025",
  "hyp-026",
  "hyp-027",
  "hyp-028",
  "hyp-029",
  "hyp-030",
  "pass-001",
  "pass-002",
  "pass-003",
  "pass-004",
  "pass-005",
  "pass-006",
  "pass-007",
  "pass-008",
  "pass-009",
  "pass-010",
  "pass-011",
  "pass-012",
  "pass-013",
  "pass-014",
  "pass-015",
  "pass-016",
  "pass-017",
  "pass-018",
  "pass-019",
  "pass-020",
  "pass-021",
  "pass-022",
  "pass-023",
  "pass-024",
  "pass-025",
  "pass-026",
  "pass-027",
  "pass-028",
  "pass-029",
  "pass-030",
  "psimp-001",
  "psimp-002",
  "psimp-003",
  "psimp-004",
  "psimp-005",
  "psimp-006",
  "psimp-007",
  "psimp-008",
  "psimp-009",
  "psimp-010",
  "psimp-011",
  "psimp-012",
  "psimp-013",
  "psimp-014",
  "psimp-015",
  "psimp-016",
  "psimp-017",
  "psimp-018",
  "psimp-019",
  "psimp-020",
  "relc-001",
  "relc-002",
  "relc-003",
  "relc-004",
  "relc-005",
  "relc-006",
  "relc-007",
  "relc-008",
  "relc-009",
  "relc-010",
  "relc-011",
  "relc-012",
  "relc-013",
  "relc-014",
  "relc-015",
  "relc-016",
  "relc-017",
  "relc-018",
  "relc-019",
  "relc-020",
  "relc-021",
  "relc-022",
  "relc-023",
  "relc-024",
  "relc-025",
  "relc-026",
  "relc-027",
  "relc-028",
  "relc-029",
  "relc-030",
  "relief-001",
  "relief-002",
  "relief-003",
  "relief-004",
  "relief-005",
  "relief-006",
  "relief-007",
  "relief-008",
  "relief-009",
  "relief-010",
  "relief-011",
  "relief-012",
  "relief-013",
  "relief-014",
  "relief-015",
  "relief-016",
  "relief-017",
  "relief-018",
  "relief-019",
  "relief-020",
  "relief-021",
  "relief-022",
  "relief-023",
  "relief-024",
  "relief-025",
  "relief-026",
  "relief-027",
  "relief-028",
  "relief-029",
  "relief-030",
  "subj2-001",
  "subj2-002",
  "subj2-003",
  "subj2-004",
  "subj2-005",
  "subj2-006",
  "subj2-007",
  "subj2-008",
  "subj2-009",
  "subj2-010",
  "subj2-011",
  "subj2-012",
  "subj2-013",
  "subj2-014",
  "subj2-015",
  "subj2-016",
  "subj2-017",
  "subj2-018",
  "subj2-019",
  "subj2-020",
  "subj2-021",
  "subj2-022",
  "subj2-023",
  "subj2-024",
  "subj2-025",
  "subj2-026",
  "subj2-027",
  "subj2-028",
  "subj2-029",
  "subj2-030",
  "subjp-001",
  "subjp-002",
  "subjp-003",
  "subjp-004",
  "subjp-005",
  "subjp-006",
  "subjp-007",
  "subjp-008",
  "subjp-009",
  "subjp-010",
  "subjp-011",
  "subjp-012",
  "subjp-013",
  "subjp-014",
  "subjp-015",
  "subjp-016",
  "subjp-017",
  "subjp-018",
  "subjp-019",
  "subjp-020",
  "subjp-021",
  "subjp-022",
  "subjp-023",
  "subjp-024",
  "subjp-025"
 ],
 "innehåll/listening": [
  "l-q1-1",
  "l-q1-2",
  "l-q2-1",
  "l-q2-2",
  "l-q3-1",
  "l-q3-2",
  "l-q4-1",
  "l-q4-2",
  "l-q5-1",
  "l-q5-2",
  "l-q6-1",
  "l-q6-2",
  "l-q7-1",
  "l-q7-2",
  "l-q8-1",
  "l-q8-2"
 ],
 "innehåll/mal": [
  "mal-q1",
  "mal-q2",
  "mal-q3",
  "mal-q4",
  "mal-q5",
  "mal-q6",
  "mal-q7",
  "mal-q8",
  "mal-qr"
 ],
 "innehåll/phrases": [
  "p01",
  "p02",
  "p03",
  "p04",
  "p05",
  "p06",
  "p07",
  "p08",
  "p09",
  "p10",
  "p11",
  "p12",
  "p13",
  "p14",
  "p15",
  "p16",
  "p17",
  "p18",
  "p19",
  "p20",
  "p21",
  "p22",
  "p23",
  "p24",
  "p25",
  "p26",
  "p27",
  "p28",
  "p29",
  "p30",
  "p31",
  "p32",
  "p33",
  "p34",
  "p35",
  "p36",
  "p37",
  "p38",
  "p39",
  "p40",
  "p41",
  "p42",
  "p43",
  "p44",
  "p45"
 ],
 "innehåll/prompts": [
  "w-lit-baudelaire",
  "w-lit-carmen",
  "w-lit-hugo",
  "w-lit-klapisch",
  "w-lit-moliere",
  "w-q1-formell",
  "w-q1-kort",
  "w-q1-mellan",
  "w-q2-formell",
  "w-q2-kort",
  "w-q3-formell",
  "w-q3-kort",
  "w-q3-mellan",
  "w-q4-formell",
  "w-q4-kort",
  "w-q5-formell",
  "w-q5-kort",
  "w-q6-formell",
  "w-q6-kort",
  "w-q7-formell",
  "w-q7-kort",
  "w-q7-mellan",
  "w-q8-formell",
  "w-q8-kort"
 ],
 "innehåll/reading": [
  "r-q1-debat",
  "r-q1-lettre",
  "r-q2-debat",
  "r-q2-reportage",
  "r-q3-conf",
  "r-q3-reportage",
  "r-q4-moliere",
  "r-q4-scene",
  "r-q5-lettre",
  "r-q5-reportage",
  "r-q6-hugo",
  "r-q6-reportage",
  "r-q7-debat",
  "r-q7-trac",
  "r-q8-conf",
  "r-q8-senghor"
 ],
 "innehåll/stories": [
  "s-q1",
  "s-q2",
  "s-q3",
  "s-q4",
  "s-q5",
  "s-q6",
  "s-q7",
  "s-q8"
 ],
 "innehåll/uttal": [
  "utt-cond",
  "utt-ill",
  "utt-iu",
  "utt-liaison",
  "utt-o",
  "utt-rl",
  "utt-sch",
  "utt-subj"
 ],
 "ord": [
  "Madame, Monsieur",
  "abdiquer",
  "abolir",
  "abstrait, -e",
  "accro à",
  "accrocheur, -euse",
  "accroître",
  "accueillant, -e",
  "actuellement",
  "admis, -e",
  "afficher complet",
  "agir",
  "alarmant, -e",
  "alimenter",
  "angoissé, -e",
  "aspirer à",
  "assidu, -e",
  "atteindre",
  "au détriment de",
  "au fil des siècles",
  "audacieux, -euse",
  "auparavant",
  "autodidacte",
  "automatiser",
  "autonome",
  "avoir du mal à",
  "avoir l'intention de",
  "avoir tendance à",
  "bio",
  "boucler les fins de mois",
  "bouleversant, -e",
  "bouleverser",
  "boursier, boursière",
  "c'est la raison pour laquelle",
  "c'est pourquoi",
  "captivant, -e",
  "ce n'est pas si simple",
  "ce qui me frappe, c'est",
  "cela dépend de",
  "censurer",
  "certes",
  "cet argument ne tient pas",
  "citer",
  "coloniser",
  "comme le montre",
  "commémorer",
  "compenser",
  "compter",
  "concilier",
  "condamner",
  "connaître un grand succès",
  "conquérir",
  "consommer",
  "consulter un psychologue",
  "contemporain, -e",
  "controversé, -e",
  "convenu, -e",
  "cordialement",
  "crédule",
  "d'ailleurs",
  "d'après une étude",
  "d'ici",
  "d'occasion",
  "d'un côté… de l'autre",
  "d'une part... d'autre part",
  "dans l'attente de votre réponse",
  "dans l'ensemble",
  "dans la mesure où",
  "dans un premier temps",
  "dans un second temps",
  "dans une certaine mesure",
  "dater de",
  "davantage",
  "de mon point de vue",
  "de nos jours",
  "de plus en plus",
  "de son vivant",
  "diffuser",
  "diminuer",
  "donner la chair de poule",
  "douteux, -euse",
  "durable",
  "débattre de",
  "décevant, -e",
  "décompresser",
  "démissionner",
  "démodé, -e",
  "dénoncer",
  "détendu, -e",
  "embaucher",
  "emménager",
  "en ce qui concerne",
  "en direct",
  "en outre",
  "en parallèle",
  "en raison de",
  "en revanche",
  "en règle",
  "en résumé",
  "en somme",
  "en version originale",
  "en vue de",
  "encadrer",
  "encenser",
  "enquêter sur",
  "enrichir",
  "entraînant, -e",
  "envahir",
  "envisager",
  "envoûtant, -e",
  "exercer",
  "exigeant envers soi-même",
  "exposer",
  "fade",
  "faire carrière",
  "faire défiler",
  "faire grève",
  "faire le buzz",
  "faire salle comble",
  "faire ses preuves",
  "faire une pause",
  "fiable",
  "figuratif, -ive",
  "franchir le pas",
  "francophile",
  "fusiller",
  "gaspiller",
  "grandiose",
  "guérir",
  "gérer ses émotions",
  "haineux, -euse",
  "harceler",
  "hésiter entre",
  "il est grand temps de",
  "il est vrai que",
  "il est évident que",
  "il faut nuancer",
  "il faut souligner que",
  "il me semble que",
  "il n'en reste pas moins que",
  "il ne faut pas oublier que",
  "il paraît que",
  "il s'agit de",
  "il s'agit de savoir si",
  "immortel, -le",
  "incarner",
  "incertain, -e",
  "influencer",
  "inquiétant, -e",
  "insalubre",
  "intemporel, -le",
  "interculturel, -le",
  "irréversible",
  "j'aimerais insister sur",
  "j'estime que",
  "je me permets de vous contredire",
  "je me permets de vous écrire",
  "je n'y avais pas pensé",
  "je ne partage pas cet avis",
  "je ne vois pas les choses ainsi",
  "je partage votre avis",
  "je reste à votre disposition",
  "je souhaiterais",
  "je suis convaincu que",
  "je suis tout à fait d'accord avec",
  "je tiens à",
  "je vais vous parler de",
  "je vous prie d'agréer mes salutations distinguées",
  "je vous rejoins sur ce point",
  "je vous remercie de votre attention",
  "je vous remercie par avance",
  "je vous serais reconnaissant de",
  "je vous écris au sujet de",
  "jetable",
  "joindre",
  "juger",
  "l'Académie française",
  "l'Afrique subsaharienne",
  "l'Ancien Régime",
  "l'Antiquité",
  "l'Empire",
  "l'OGM",
  "l'ONG",
  "l'Occupation",
  "l'abattoir",
  "l'abonnement",
  "l'abonné, l'abonnée",
  "l'acoustique",
  "l'activité physique",
  "l'actualité",
  "l'addiction",
  "l'adrénaline",
  "l'agence immobilière",
  "l'agriculteur, l'agricultrice",
  "l'agriculture",
  "l'aide au développement",
  "l'aide au logement",
  "l'aide humanitaire",
  "l'alcool",
  "l'alexandrin",
  "l'algorithme",
  "l'alimentation équilibrée",
  "l'alternance",
  "l'amphithéâtre",
  "l'anachronisme",
  "l'ancienneté",
  "l'ancêtre",
  "l'anglicisme",
  "l'année de césure",
  "l'anonymat",
  "l'anxiété",
  "l'apogée",
  "l'apprentissage",
  "l'aptitude",
  "l'arbitre",
  "l'armistice",
  "l'arrêt maladie",
  "l'artiste",
  "l'assimilation",
  "l'association",
  "l'assurance habitation",
  "l'athlète",
  "l'atout",
  "l'attestation",
  "l'audience",
  "l'auditeur, l'auditrice",
  "l'auto-entrepreneur, l'auto-entrepreneuse",
  "l'autonomie",
  "l'avant-garde",
  "l'effort",
  "l'emballage",
  "l'empire colonial",
  "l'employeur, l'employeuse",
  "l'empreinte carbone",
  "l'encyclopédie",
  "l'endormissement",
  "l'endurance",
  "l'engagement",
  "l'enjeu",
  "l'enjeu éthique",
  "l'enquête",
  "l'enseignant, l'enseignante",
  "l'enseignement supérieur",
  "l'entracte",
  "l'entraide",
  "l'entraîneur, l'entraîneuse",
  "l'environnement",
  "l'envoyé spécial, l'envoyée spéciale",
  "l'esprit critique",
  "l'esprit d'équipe",
  "l'espèce",
  "l'essor",
  "l'estime de soi",
  "l'euthanasie",
  "l'exclusion",
  "l'exigence",
  "l'exode",
  "l'exode rural",
  "l'expatrié, l'expatriée",
  "l'exploitation",
  "l'expérimentation animale",
  "l'hebdomadaire",
  "l'historien, l'historienne",
  "l'humanisme",
  "l'hydratation",
  "l'hygiène de vie",
  "l'hymne national",
  "l'hébergement",
  "l'héritage",
  "l'identité",
  "l'immigration",
  "l'immigré, l'immigrée",
  "l'impunité",
  "l'incertitude",
  "l'influence",
  "l'influenceur, l'influenceuse",
  "l'infox",
  "l'ingénieur du son",
  "l'insomnie",
  "l'inspiration",
  "l'installation",
  "l'instrumentiste",
  "l'insurrection",
  "l'intelligence artificielle",
  "l'interdiction",
  "l'intermittent du spectacle",
  "l'interprète",
  "l'intrigue",
  "l'intégration",
  "l'intérêt général",
  "l'obésité",
  "l'occupant",
  "l'opinion publique",
  "l'ordonnance",
  "l'orientation",
  "l'oubli",
  "l'outre-mer",
  "l'ouverture d'esprit",
  "l'ouïe",
  "l'ovation",
  "l'univers",
  "l'universalisme",
  "l'urgence climatique",
  "l'utilisateur, l'utilisatrice",
  "l'État membre",
  "l'ère",
  "l'échange universitaire",
  "l'échauffement",
  "l'échec",
  "l'échéance",
  "l'éclairage",
  "l'écoanxiété",
  "l'écriture inclusive",
  "l'éditorial",
  "l'égalité des chances",
  "l'égalité des sexes",
  "l'élargissement",
  "l'élevage intensif",
  "l'éolienne",
  "l'épopée",
  "l'épuisement professionnel",
  "l'équivalence",
  "l'établissement",
  "l'étape",
  "l'état des lieux",
  "l'éthique",
  "l'être humain",
  "l'œuvre d'art",
  "la Belle Époque",
  "la Commune",
  "la Déclaration des droits de l'homme",
  "la Grande Guerre",
  "la Libération",
  "la Résistance",
  "la Shoah",
  "la Suisse romande",
  "la Terreur",
  "la Wallonie",
  "la baisse",
  "la bande originale",
  "la bande-annonce",
  "la barrière de la langue",
  "la bataille",
  "la bienfaisance",
  "la bienveillance",
  "la billetterie",
  "la biodiversité",
  "la blessure",
  "la bulle de filtre",
  "la campagne de prévention",
  "la candidature",
  "la canicule",
  "la captivité",
  "la carrière",
  "la caution",
  "la censure",
  "la centrale nucléaire",
  "la chanson de geste",
  "la charge de travail",
  "la charge mentale",
  "la chasse",
  "la chaîne",
  "la chorégraphie",
  "la chute",
  "la citation",
  "la classe préparatoire",
  "la collaboration",
  "la colocation",
  "la colonisation",
  "la compétition",
  "la comédie",
  "la comédie musicale",
  "la consommation",
  "la construction européenne",
  "la corruption",
  "la crise d'angoisse",
  "la critique",
  "la croissance",
  "la diaspora",
  "la dictature",
  "la diffusion",
  "la dignité",
  "la discrimination",
  "la disparition",
  "la distribution",
  "la diversité",
  "la domination",
  "la double nationalité",
  "la douleur chronique",
  "la débrouillardise",
  "la décolonisation",
  "la déconnexion",
  "la décroissance",
  "la défaite",
  "la dépendance",
  "la dépense",
  "la déportation",
  "la dépression",
  "la désinformation",
  "la fable",
  "la farce",
  "la fiabilité",
  "la fiche de paie",
  "la filière",
  "la fin de vie",
  "la fonte des glaces",
  "la formation",
  "la francophonie",
  "la frontière",
  "la féminisation",
  "la galerie",
  "la guerre d'Algérie",
  "la guerre de Cent Ans",
  "la guerre froide",
  "la guillotine",
  "la hausse",
  "la hiérarchie",
  "la justice sociale",
  "la langue de Molière",
  "la langue régionale",
  "la langue véhiculaire",
  "la laïcité",
  "la liberté d'expression",
  "la liberté individuelle",
  "la libre circulation",
  "la licence",
  "la ligne d'écoute",
  "la liste d'attente",
  "la loge",
  "la lumière bleue",
  "la main-d'œuvre",
  "la malbouffe",
  "la manipulation génétique",
  "la mauvaise habitude",
  "la maîtrise",
  "la maîtrise de soi",
  "la mention",
  "la minorité",
  "la mise en scène",
  "la mixité sociale",
  "la mobilité",
  "la mobilité douce",
  "la monarchie absolue",
  "la monarchie constitutionnelle",
  "la mondialisation",
  "la morale",
  "la motivation intrinsèque",
  "la moyenne",
  "la musicologie",
  "la mutuelle",
  "la médaille",
  "la méfiance",
  "la mémoire collective",
  "la noblesse",
  "la notification",
  "la notoriété",
  "la négritude",
  "la paix durable",
  "la paperasse",
  "la performance",
  "la persévérance",
  "la peur de l'échec",
  "la pièce d'identité",
  "la pièce de théâtre",
  "la plaque commémorative",
  "la plateforme",
  "la pleine conscience",
  "la pollution",
  "la polémique",
  "la posture",
  "la postérité",
  "la presse écrite",
  "la prestation",
  "la prise de la Bastille",
  "la promotion",
  "la propagande",
  "la précarité",
  "la préfecture",
  "la prévention",
  "la publication",
  "la pénurie",
  "la période d'essai",
  "la périphérie",
  "la pétition",
  "la rafle",
  "la reconnaissance",
  "la reconnaissance faciale",
  "la reconversion",
  "la renommée",
  "la repentance",
  "la reprise",
  "la représentation",
  "la respiration",
  "la responsabilité",
  "la restitution",
  "la richesse",
  "la rigueur",
  "la rumeur",
  "la réconciliation",
  "la rédaction",
  "la résidence universitaire",
  "la réussite",
  "la salle de concert",
  "la salle de sport",
  "la sanction",
  "la santé mentale",
  "la santé publique",
  "la satire",
  "la sculpture",
  "la sieste",
  "la solidarité",
  "la souffrance animale",
  "la souplesse",
  "la source",
  "la souveraineté",
  "la strophe",
  "la subvention",
  "la surconsommation",
  "la surveillance",
  "la séance",
  "la sécheresse",
  "la sécurité de l'emploi",
  "la sécurité sociale",
  "la sédentarité",
  "la sélection",
  "la taxe",
  "la tempête",
  "la tendinite",
  "la tension musculaire",
  "la terminale",
  "la terre d'accueil",
  "la théorie du complot",
  "la tolérance",
  "la tournure",
  "la trace",
  "la tragédie",
  "la traite négrière",
  "la transition écologique",
  "la transparence",
  "la tribune",
  "la triche",
  "la troupe",
  "la ténacité",
  "la une",
  "la vapoteuse",
  "la victoire",
  "la vie privée",
  "la vie étudiante",
  "la visualisation",
  "la vérification des faits",
  "la xénophobie",
  "le CV",
  "le Maghreb",
  "le Québécois, la Québécoise",
  "le bac",
  "le bail",
  "le bien commun",
  "le bien-être",
  "le bilan",
  "le bilinguisme",
  "le bouleversement",
  "le brassage",
  "le bénévolat",
  "le bénévole, la bénévole",
  "le cachet",
  "le cadre",
  "le candidat, la candidate",
  "le cas de conscience",
  "le certificat médical",
  "le charbon",
  "le choc culturel",
  "le chorégraphe, la chorégraphe",
  "le chroniqueur, la chroniqueuse",
  "le chômage",
  "le circuit court",
  "le citoyen, la citoyenne",
  "le clergé",
  "le climatosceptique, la climatosceptique",
  "le clip",
  "le collègue, la collègue",
  "le colocataire, la colocataire",
  "le commentaire",
  "le communautarisme",
  "le compte",
  "le comédien, la comédienne",
  "le consentement",
  "le consommateur, la consommatrice",
  "le consulat",
  "le conte",
  "le contenu",
  "le contrat à durée déterminée",
  "le contrat à durée indéterminée",
  "le corps",
  "le costume",
  "le coup de cœur",
  "le courant artistique",
  "le courant littéraire",
  "le coureur, la coureuse",
  "le cours magistral",
  "le cours particulier",
  "le court métrage",
  "le covoiturage",
  "le coût de la vie",
  "le crime contre l'humanité",
  "le créole",
  "le cursus",
  "le devoir de mémoire",
  "le dialecte",
  "le dilemme",
  "le document d'époque",
  "le don",
  "le don d'organes",
  "le dopage",
  "le dramaturge, la dramaturge",
  "le droit d'asile",
  "le droit d'auteur",
  "le débarquement",
  "le débat",
  "le débouché",
  "le décalage",
  "le déclin",
  "le décor",
  "le défenseur, la défenseuse",
  "le délai",
  "le déménagement",
  "le dénouement",
  "le dépassement de soi",
  "le dépaysement",
  "le déracinement",
  "le dérèglement climatique",
  "le développement durable",
  "le fair-play",
  "le festival",
  "le figurant, la figurante",
  "le fil d'actualité",
  "le fossé",
  "le fossé Nord-Sud",
  "le francophone, la francophone",
  "le franglais",
  "le front",
  "le fuseau horaire",
  "le garant, la garante",
  "le gaspillage",
  "le geste",
  "le gouvernement",
  "le gros titre",
  "le guichet",
  "le harcèlement en ligne",
  "le jeu des acteurs",
  "le job d'été",
  "le journal télévisé",
  "le journaliste indépendant, la journaliste indépendante",
  "le justificatif",
  "le kinésithérapeute",
  "le lanceur d'alerte, la lanceuse d'alerte",
  "le lectorat",
  "le libre arbitre",
  "le locataire, la locataire",
  "le logement",
  "le long métrage",
  "le loyer",
  "le lycéen, la lycéenne",
  "le mal du pays",
  "le mal-logement",
  "le manque de sommeil",
  "le manuscrit",
  "le marché du travail",
  "le master",
  "le message",
  "le metteur en scène, la metteuse en scène",
  "le militant, la militante",
  "le mode de vie",
  "le monologue",
  "le montant",
  "le monument aux morts",
  "le musicologue",
  "le mécène",
  "le médecin généraliste",
  "le mélomane, la mélomane",
  "le métissage",
  "le narrateur, la narratrice",
  "le nationalisme",
  "le naturalisme",
  "le navet",
  "le niveau de la mer",
  "le niveau de vie",
  "le nucléaire",
  "le néocolonialisme",
  "le parcours",
  "le parcours du combattant",
  "le parti pris",
  "le partiel",
  "le patriotisme",
  "le pays d'origine",
  "le peintre",
  "le perfectionnisme",
  "le personnage",
  "le petit boulot",
  "le philosophe",
  "le piège à clics",
  "le plagiat",
  "le podcast",
  "le podium",
  "le poignet",
  "le poilu",
  "le point faible",
  "le point fort",
  "le portrait",
  "le poste",
  "le pouvoir absolu",
  "le pouvoir d'achat",
  "le principe de précaution",
  "le privilège",
  "le projet professionnel",
  "le propriétaire, la propriétaire",
  "le préavis",
  "le préjugé",
  "le prélèvement automatique",
  "le présentateur, la présentatrice",
  "le public cible",
  "le pétrole",
  "le racisme",
  "le rappel",
  "le rayonnement",
  "le rebondissement",
  "le record",
  "le recrutement",
  "le recueil",
  "le recyclage",
  "le relevé de notes",
  "le repli sur soi",
  "le repos",
  "le ressortissant, la ressortissante",
  "le rideau",
  "le robot conversationnel",
  "le roman épistolaire",
  "le rythme biologique",
  "le rythme cardiaque",
  "le règne",
  "le réalisateur, la réalisatrice",
  "le réalisme",
  "le réchauffement climatique",
  "le récit national",
  "le rédacteur en chef, la rédactrice en chef",
  "le réfugié, la réfugiée",
  "le régime",
  "le répertoire",
  "le rôle principal",
  "le sacre",
  "le saisonnier, la saisonnière",
  "le salaire brut",
  "le salarié, la salariée",
  "le sans-abri",
  "le scénario",
  "le scénariste, la scénariste",
  "le secteur",
  "le semestre",
  "le sentiment d'appartenance",
  "le siècle des Lumières",
  "le soliste, la soliste",
  "le sommeil",
  "le sondage",
  "le soutien psychologique",
  "le souverain, la souveraine",
  "le spectacle vivant",
  "le sport collectif",
  "le sport de haut niveau",
  "le stagiaire, la stagiaire",
  "le stress",
  "le stéréotype",
  "le sujet que j'ai choisi porte sur",
  "le supérieur hiérarchique",
  "le surmenage",
  "le surréalisme",
  "le survivant, la survivante",
  "le symptôme",
  "le syndicat",
  "le tabagisme",
  "le tableau",
  "le tabou",
  "le temps d'écran",
  "le tiers état",
  "le titre de séjour",
  "le tournage",
  "le tournant",
  "le traité",
  "le traumatisme",
  "le tri sélectif",
  "le trou de mémoire",
  "le troubadour",
  "le tutoiement",
  "le téléspectateur, la téléspectatrice",
  "le télétravail",
  "le témoignage",
  "le verlan",
  "le vernissage",
  "le vestiaire",
  "le virement",
  "le vivre-ensemble",
  "le voisinage",
  "les Années folles",
  "les acouphènes",
  "les archives",
  "les bouchons d'oreille",
  "les centres d'intérêt",
  "les charges",
  "les codes culturels",
  "les compétences",
  "les conditions de travail",
  "les congés payés",
  "les cordes vocales",
  "les coulisses",
  "les données personnelles",
  "les droits civiques",
  "les droits humains",
  "les déchets",
  "les démarches administratives",
  "les dérives",
  "les frais",
  "les frais d'inscription",
  "les frais de scolarité",
  "les gaz à effet de serre",
  "les heures supplémentaires",
  "les impôts",
  "les inégalités",
  "les médias",
  "les palpitations",
  "les pesticides",
  "les prérequis",
  "les pères fondateurs",
  "les ressources naturelles",
  "les revenus",
  "les tirailleurs sénégalais",
  "les tranchées",
  "les transports en commun",
  "les travaux dirigés",
  "les vestiges",
  "les émissions",
  "les énergies fossiles",
  "les états généraux",
  "licencier",
  "lâcher prise",
  "légitime",
  "malgré tout",
  "manifester",
  "manipuler",
  "marquant, -e",
  "maîtriser",
  "menacer",
  "menacé, -e",
  "mettre en avant",
  "mettre en lumière",
  "mettre en valeur",
  "mettre fin à",
  "meublé, -e",
  "militer",
  "moite",
  "moralement",
  "médiéval, -e",
  "mériter",
  "ne laisser personne indifférent",
  "neutre",
  "nocif, -ve",
  "non seulement… mais aussi",
  "novateur, -trice",
  "nuire à",
  "néanmoins",
  "néfaste",
  "objectif, -ive",
  "obtenir",
  "on entend souvent dire que",
  "or",
  "ouvrir un compte",
  "par ailleurs",
  "par conséquent",
  "paralyser",
  "partial, -e",
  "pas forcément",
  "passionné, -e",
  "perdre ses moyens",
  "performant, -e",
  "persévérer",
  "peser le pour et le contre",
  "piller",
  "pirater",
  "poignant, -e",
  "polluer",
  "polyvalent, -e",
  "porter atteinte à",
  "postuler",
  "pour conclure",
  "pour toutes ces raisons",
  "pourriez-vous préciser",
  "poursuivre ses études",
  "prendre conscience de",
  "prendre des mesures",
  "prendre du recul",
  "prendre son envol",
  "prenons l'exemple de",
  "prestigieux, -euse",
  "proclamer",
  "progresser",
  "prometteur, -euse",
  "précaire",
  "présenter des excuses",
  "prévenir",
  "prévisible",
  "qu'entendez-vous par",
  "quant à",
  "rattraper son retard",
  "raté, -e",
  "reconnu, -e",
  "recouper",
  "recycler",
  "relayer",
  "relever un défi",
  "rembourser",
  "remettre en question",
  "remonter à",
  "remplir un formulaire",
  "renouvelable",
  "renverser",
  "requis, -e",
  "respectueux de l'environnement",
  "respirer profondément",
  "revendiquer",
  "rigoureux, -euse",
  "rural, -e",
  "récupérer",
  "rédiger",
  "réduire",
  "réglementer",
  "rémunéré, -e",
  "résilier",
  "réussi, -e",
  "réutiliser",
  "révolu, -e",
  "révéler",
  "s'abonner à",
  "s'accorder du repos",
  "s'adapter à",
  "s'effondrer",
  "s'engager dans",
  "s'expatrier",
  "s'habituer à",
  "s'inscrire à",
  "s'inspirer de",
  "s'installer",
  "s'orienter vers",
  "s'y retrouver",
  "s'épanouir",
  "s'étirer",
  "sain, -e",
  "saisissant, -e",
  "sans pour autant",
  "se déconnecter",
  "se décourager",
  "se défouler",
  "se démarquer",
  "se dérouler",
  "se fier à",
  "se fixer un objectif",
  "se lancer dans",
  "se méfier de",
  "se projeter",
  "se présenter à",
  "se remettre de",
  "se repérer",
  "se ressourcer",
  "se soulever",
  "se spécialiser en",
  "se surpasser",
  "se tenir droit",
  "se tenir informé",
  "selon moi",
  "sensibiliser à",
  "si je comprends bien",
  "signaler",
  "sobre",
  "soigner",
  "solidaire",
  "soulever une question",
  "sous-titré, -e",
  "souscrire à",
  "stigmatiser",
  "stressant, -e",
  "subjectif, -ive",
  "subtil, -e",
  "suite à",
  "suivre une formation",
  "supprimer",
  "surmonter",
  "susciter",
  "sélectif, -ive",
  "tenir compte de",
  "tenir le coup",
  "tenter sa chance",
  "tisser des liens",
  "toucher",
  "tourner un film",
  "tout compte fait",
  "tout d'abord",
  "toutefois",
  "trancher",
  "transmettre",
  "trier",
  "urbain, -e",
  "valoir la peine",
  "valoir le détour",
  "verser",
  "veuillez trouver ci-joint",
  "viral, -e",
  "voire",
  "vous avez raison de dire que",
  "vouvoyer",
  "végane",
  "à couper le souffle",
  "à court terme",
  "à distance",
  "à juste titre",
  "à l'échelle mondiale",
  "à l'époque",
  "à long terme",
  "à mon avis",
  "à mon sens",
  "à plein temps",
  "à temps partiel",
  "à temps plein",
  "à tort",
  "échouer à",
  "écologique",
  "émettre",
  "émouvant, -e",
  "époustouflant, -e",
  "épuiser",
  "épuisé, -e",
  "équitable",
  "éreinter",
  "étant donné que",
  "éventuellement",
  "être reçu à",
  "être à bout",
  "être à découvert",
  "être à l'affiche",
  "être à la hauteur"
 ],
 "prov": [
  "fr4-ce-1",
  "fr4-ce-2",
  "fr4-ce-3",
  "fr4-ce-4",
  "fr4-ce-5",
  "fr4-ce-6",
  "fr4-ce-7",
  "fr4-ce-8",
  "fr4-ce-9",
  "fr4-co-1",
  "fr4-co-2",
  "fr4-co-3",
  "fr4-co-4",
  "fr4-co-5",
  "fr4-co-6",
  "fr4-co-7",
  "fr4-co-8",
  "fr4-co-9",
  "fr4-pe-1",
  "fr4-pe-2",
  "fr4-pe-3",
  "fr4-pe-4",
  "fr4-po-1",
  "fr4-po-2",
  "fr4-po-3",
  "fr4-po-4"
 ]
}
