{
 "_": "Skrivs av build.py. Id:n här får aldrig försvinna (framstegen hänger på dem), se CLAUDE.md om hur en borttagning godkänns.",
 "storageKey": "glosor-de1-v1",
 "avsnitt": [
  "e1",
  "e2",
  "e3",
  "e4",
  "e5",
  "e6",
  "e7",
  "e8",
  "er"
 ],
 "grammatikområden": [
  "akk",
  "fragen",
  "genus",
  "neg",
  "plural",
  "poss",
  "pres",
  "pres-stark",
  "sein-haben",
  "v2"
 ],
 "grammatikregler": [
  "akk-def",
  "akk-indef",
  "akk-kein",
  "akk-nom",
  "gen-def",
  "gen-indef",
  "gen-pron",
  "haben",
  "ja-nein",
  "kein",
  "moegen",
  "nicht",
  "pl-0",
  "pl-art",
  "pl-e",
  "pl-er",
  "pl-n",
  "pl-s",
  "pl-uml",
  "poss-akk",
  "poss-nom",
  "poss-wer",
  "reg",
  "reg-e",
  "reg-s",
  "sein",
  "sein-haben",
  "stark-a-ae",
  "stark-e-i",
  "v2-frage",
  "v2-ort",
  "v2-zeit",
  "w-frage"
 ],
 "innehåll/culture": [
  "de1-c-brot",
  "de1-c-dach",
  "de1-c-schule",
  "de1-c-sie",
  "de1-c-sonntag"
 ],
 "innehåll/grammar": [
  "akk-001",
  "akk-002",
  "akk-003",
  "akk-004",
  "akk-005",
  "akk-006",
  "akk-007",
  "akk-008",
  "akk-009",
  "akk-010",
  "akk-011",
  "akk-012",
  "akk-013",
  "akk-014",
  "akk-015",
  "akk-016",
  "akk-017",
  "akk-018",
  "akk-019",
  "akk-020",
  "akk-021",
  "akk-022",
  "fragen-001",
  "fragen-002",
  "fragen-003",
  "fragen-004",
  "fragen-005",
  "fragen-006",
  "fragen-007",
  "fragen-008",
  "fragen-009",
  "fragen-010",
  "fragen-011",
  "fragen-012",
  "fragen-013",
  "fragen-014",
  "fragen-015",
  "fragen-016",
  "fragen-017",
  "fragen-018",
  "fragen-019",
  "fragen-020",
  "genus-001",
  "genus-002",
  "genus-003",
  "genus-004",
  "genus-005",
  "genus-006",
  "genus-007",
  "genus-008",
  "genus-009",
  "genus-010",
  "genus-011",
  "genus-012",
  "genus-013",
  "genus-014",
  "genus-015",
  "genus-016",
  "genus-017",
  "genus-018",
  "genus-019",
  "genus-020",
  "genus-021",
  "genus-022",
  "neg-001",
  "neg-002",
  "neg-003",
  "neg-004",
  "neg-005",
  "neg-006",
  "neg-007",
  "neg-008",
  "neg-009",
  "neg-010",
  "neg-011",
  "neg-012",
  "neg-013",
  "neg-014",
  "neg-015",
  "neg-016",
  "neg-017",
  "neg-018",
  "neg-019",
  "neg-020",
  "plural-001",
  "plural-002",
  "plural-003",
  "plural-004",
  "plural-005",
  "plural-006",
  "plural-007",
  "plural-008",
  "plural-009",
  "plural-010",
  "plural-011",
  "plural-012",
  "plural-013",
  "plural-014",
  "plural-015",
  "plural-016",
  "plural-017",
  "plural-018",
  "plural-019",
  "plural-020",
  "plural-021",
  "plural-022",
  "plural-023",
  "plural-024",
  "poss-001",
  "poss-002",
  "poss-003",
  "poss-004",
  "poss-005",
  "poss-006",
  "poss-007",
  "poss-008",
  "poss-009",
  "poss-010",
  "poss-011",
  "poss-012",
  "poss-013",
  "poss-014",
  "poss-015",
  "poss-016",
  "poss-017",
  "poss-018",
  "poss-019",
  "poss-020",
  "poss-021",
  "pres-001",
  "pres-002",
  "pres-003",
  "pres-004",
  "pres-005",
  "pres-006",
  "pres-007",
  "pres-008",
  "pres-009",
  "pres-010",
  "pres-011",
  "pres-012",
  "pres-013",
  "pres-014",
  "pres-015",
  "pres-016",
  "pres-017",
  "pres-018",
  "pres-019",
  "pres-020",
  "pres-021",
  "pres-022",
  "pres-023",
  "pres-024",
  "pres-stark-001",
  "pres-stark-002",
  "pres-stark-003",
  "pres-stark-004",
  "pres-stark-005",
  "pres-stark-006",
  "pres-stark-007",
  "pres-stark-008",
  "pres-stark-009",
  "pres-stark-010",
  "pres-stark-011",
  "pres-stark-012",
  "pres-stark-013",
  "pres-stark-014",
  "pres-stark-015",
  "pres-stark-016",
  "pres-stark-017",
  "pres-stark-018",
  "pres-stark-019",
  "pres-stark-020",
  "pres-stark-021",
  "pres-stark-022",
  "pres-stark-023",
  "pres-stark-024",
  "sein-haben-001",
  "sein-haben-002",
  "sein-haben-003",
  "sein-haben-004",
  "sein-haben-005",
  "sein-haben-006",
  "sein-haben-007",
  "sein-haben-008",
  "sein-haben-009",
  "sein-haben-010",
  "sein-haben-011",
  "sein-haben-012",
  "sein-haben-013",
  "sein-haben-014",
  "sein-haben-015",
  "sein-haben-016",
  "sein-haben-017",
  "sein-haben-018",
  "sein-haben-019",
  "sein-haben-020",
  "sein-haben-021",
  "sein-haben-022",
  "sein-haben-023",
  "sein-haben-024",
  "v2-001",
  "v2-002",
  "v2-003",
  "v2-004",
  "v2-005",
  "v2-006",
  "v2-007",
  "v2-008",
  "v2-009",
  "v2-010",
  "v2-011",
  "v2-012",
  "v2-013",
  "v2-014",
  "v2-015",
  "v2-016",
  "v2-017",
  "v2-018",
  "v2-019",
  "v2-020",
  "v2-021",
  "v2-022"
 ],
 "innehåll/listening": [
  "de1-l-e1",
  "de1-l-e2",
  "de1-l-e3",
  "de1-l-e4",
  "de1-l-e5",
  "de1-l-e6",
  "de1-l-e7",
  "de1-l-e8"
 ],
 "innehåll/mal": [
  "mal-e1",
  "mal-e2",
  "mal-e3",
  "mal-e4",
  "mal-e5",
  "mal-e6",
  "mal-e7",
  "mal-e8",
  "mal-er"
 ],
 "innehåll/phrases": [
  "de1-p01",
  "de1-p02",
  "de1-p03",
  "de1-p04",
  "de1-p05",
  "de1-p06",
  "de1-p07",
  "de1-p08",
  "de1-p09",
  "de1-p10",
  "de1-p11",
  "de1-p12",
  "de1-p13",
  "de1-p14",
  "de1-p15",
  "de1-p16",
  "de1-p17",
  "de1-p18",
  "de1-p19",
  "de1-p20",
  "de1-p21",
  "de1-p22",
  "de1-p23",
  "de1-p24",
  "de1-p25",
  "de1-p26",
  "de1-p27",
  "de1-p28",
  "de1-p29",
  "de1-p30",
  "de1-p31",
  "de1-p32",
  "de1-p33",
  "de1-p34",
  "de1-p35"
 ],
 "innehåll/prompts": [
  "de1-w-e1a",
  "de1-w-e1b",
  "de1-w-e2a",
  "de1-w-e2b",
  "de1-w-e3a",
  "de1-w-e3b",
  "de1-w-e4a",
  "de1-w-e4b",
  "de1-w-e5a",
  "de1-w-e5b",
  "de1-w-e6a",
  "de1-w-e6b",
  "de1-w-e7a",
  "de1-w-e7b",
  "de1-w-e8a",
  "de1-w-e8b"
 ],
 "innehåll/reading": [
  "de1-r-e1",
  "de1-r-e2",
  "de1-r-e3",
  "de1-r-e4",
  "de1-r-e5",
  "de1-r-e6",
  "de1-r-e7",
  "de1-r-e8",
  "de1-r-lied-entchen",
  "de1-r-lied-haenschen"
 ],
 "innehåll/stories": [
  "de1-s-e2",
  "de1-s-e4",
  "de1-s-e5",
  "de1-s-e6",
  "de1-s-e8"
 ],
 "innehåll/uttal": [
  "utt-ch",
  "utt-ei-ie",
  "utt-lang-kort",
  "utt-o-oe",
  "utt-sp-st",
  "utt-umlaut-u",
  "utt-w-v",
  "utt-z-s"
 ],
 "ord": [
  "Bis bald!",
  "Bis dann!",
  "Bis morgen!",
  "Bis später!",
  "Bitte schön.",
  "Das gefällt mir.",
  "Das ist toll!",
  "Deutsch",
  "Deutschland",
  "Englisch",
  "Entschuldigung",
  "Hast du Geschwister?",
  "Herzlich willkommen!",
  "Ich bin sechzehn Jahre alt.",
  "Ich habe Hunger.",
  "Ich habe keine Zeit.",
  "Ich heiße …",
  "Ich komme aus Schweden.",
  "Ich möchte bitte …",
  "Ich verstehe das nicht.",
  "Ich weiß es nicht.",
  "Kannst du das bitte wiederholen?",
  "Langsamer, bitte.",
  "Mathe",
  "Mir geht es gut.",
  "Moment, bitte.",
  "Na klar!",
  "Schweden",
  "Schwedisch",
  "Schönes Wochenende!",
  "Um wie viel Uhr?",
  "Was bedeutet das?",
  "Was ist das?",
  "Was kostet das?",
  "Was machst du gern?",
  "Wie alt bist du?",
  "Wie findest du das?",
  "Wie geht es Ihnen?",
  "Wie geht es dir?",
  "Wie heißt du?",
  "Wie ist deine Handynummer?",
  "Wie komme ich zum Bahnhof?",
  "Wie sagt man das auf Deutsch?",
  "Wie schreibt man das?",
  "Wie viel Uhr ist es?",
  "Wo ist die Toilette?",
  "Wo wohnst du?",
  "Woher kommst du?",
  "aber",
  "acht",
  "allein",
  "alles",
  "alt",
  "anfangen",
  "arbeiten",
  "auch",
  "auf Wiedersehen",
  "aufmachen",
  "aufstehen",
  "bald",
  "bedeuten",
  "beginnen",
  "bekommen",
  "bezahlen",
  "billig",
  "bis",
  "bitte",
  "blau",
  "bleiben",
  "blond",
  "brauchen",
  "braun",
  "bringen",
  "buchstabieren",
  "bunt",
  "danke",
  "dann",
  "das Auge (-n)",
  "das Auto (-s)",
  "das Baby (-s)",
  "das Bad (Bäder)",
  "das Beispiel (-e)",
  "das Bett (-en)",
  "das Bild (-er)",
  "das Blatt (Blätter)",
  "das Boot (-e)",
  "das Brot (-e)",
  "das Brötchen (-)",
  "das Buch (Bücher)",
  "das Büro (-s)",
  "das Dach (Dächer)",
  "das Datum (Daten)",
  "das Ei (-er)",
  "das Eishockey",
  "das Ende (-n)",
  "das Essen (-)",
  "das Fahrrad (-räder)",
  "das Fenster (-)",
  "das Fleisch",
  "das Foto (-s)",
  "das Französisch",
  "das Frühstück (-e)",
  "das Geld",
  "das Glas (Gläser)",
  "das Haar (-e)",
  "das Handy (-s)",
  "das Haus (Häuser)",
  "das Heft (-e)",
  "das Hobby (-s)",
  "das Hotel (-s)",
  "das Internet",
  "das Jahr (-e)",
  "das Kilo (-s)",
  "das Kind (-er)",
  "das Kinderzimmer (-)",
  "das Kino (-s)",
  "das Kissen (-)",
  "das Land (Länder)",
  "das Licht (-er)",
  "das Lineal (-e)",
  "das Mal (-e)",
  "das Messer (-)",
  "das Mittagessen (-)",
  "das Motorrad (-räder)",
  "das Museum (Museen)",
  "das Mädchen (-)",
  "das Müsli (-s)",
  "das Obst",
  "das Papier (-e)",
  "das Poster (-)",
  "das Problem (-e)",
  "das Rad (Räder)",
  "das Radio (-s)",
  "das Rathaus (-häuser)",
  "das Restaurant (-s)",
  "das Salz",
  "das Schach",
  "das Schiff (-e)",
  "das Schloss (Schlösser)",
  "das Schwimmbad (-bäder)",
  "das Spanisch",
  "das Stadion (Stadien)",
  "das Stück (-e)",
  "das Tablet (-s)",
  "das Taxi (-s)",
  "das Team (-s)",
  "das Tennis",
  "das Theater (-)",
  "das Tier (-e)",
  "das Video (-s)",
  "das Viertel (-)",
  "das Waschbecken (-)",
  "das Wasser",
  "das Wetter",
  "das Wochenende (-n)",
  "das Wort (Wörter)",
  "das Zentrum (Zentren)",
  "das Zimmer (-)",
  "das Zuhause",
  "dauern",
  "der Abend (-e)",
  "der Anfang (Anfänge)",
  "der Apfel (Äpfel)",
  "der April",
  "der August",
  "der Ausgang (-gänge)",
  "der Bahnhof (Bahnhöfe)",
  "der Ball (Bälle)",
  "der Basketball",
  "der Baum (Bäume)",
  "der Berg (-e)",
  "der Bleistift (-e)",
  "der Bruder (Brüder)",
  "der Bus (-se)",
  "der Cent",
  "der Comic (-s)",
  "der Computer (-)",
  "der Cousin (-s)",
  "der Dezember",
  "der Dienstag (-e)",
  "der Dom (-e)",
  "der Donnerstag (-e)",
  "der Eingang (-gänge)",
  "der Euro",
  "der Fan (-s)",
  "der Februar",
  "der Fernseher (-)",
  "der Film (-e)",
  "der Fisch (-e)",
  "der Fluss (Flüsse)",
  "der Freitag (-e)",
  "der Freund (-e)",
  "der Frühling (-e)",
  "der Fußball (-bälle)",
  "der Garten (Gärten)",
  "der Geburtstag (-e)",
  "der Hamburger (-)",
  "der Handball",
  "der Herbst (-e)",
  "der Herr (-en)",
  "der Himmel",
  "der Hof (Höfe)",
  "der Honig",
  "der Hund (-e)",
  "der Hunger",
  "der Januar",
  "der Job (-s)",
  "der Joghurt (-s)",
  "der Juli",
  "der Junge (-n)",
  "der Juni",
  "der Kaffee",
  "der Kalender (-)",
  "der Kilometer (-)",
  "der Kiosk (-e)",
  "der Koch (Köche)",
  "der Kuchen (-)",
  "der Kuli (-s)",
  "der Kurs (-e)",
  "der Käse (-)",
  "der Laden (Läden)",
  "der Lehrer (-)",
  "der Liter (-)",
  "der Löffel (-)",
  "der Mai",
  "der Mann (Männer)",
  "der Markt (Märkte)",
  "der Marktplatz (-plätze)",
  "der Mensch (-en)",
  "der Meter (-)",
  "der Mitschüler (-)",
  "der Mittag (-e)",
  "der Mittwoch (-e)",
  "der Moment (-e)",
  "der Monat (-e)",
  "der Mond (-e)",
  "der Montag (-e)",
  "der Morgen (-)",
  "der März",
  "der Nachbar (-n)",
  "der Nachname (-n)",
  "der Name (-n)",
  "der November",
  "der Oktober",
  "der Onkel (-)",
  "der Opa (-s)",
  "der Ort (-e)",
  "der Park (-s)",
  "der Parkplatz (-plätze)",
  "der Partner (-)",
  "der Platz (Plätze)",
  "der Polizist (-en)",
  "der Radiergummi (-s)",
  "der Regen",
  "der Rucksack (Rucksäcke)",
  "der Salat (-e)",
  "der Samstag (-e)",
  "der Schnee",
  "der Schüler (-)",
  "der See (-n)",
  "der September",
  "der Sessel (-)",
  "der Ski (-er)",
  "der Sohn (Söhne)",
  "der Sommer (-)",
  "der Sonntag (-e)",
  "der Spiegel (-)",
  "der Sport",
  "der Stern (-e)",
  "der Stift (-e)",
  "der Stock",
  "der Stuhl (Stühle)",
  "der Tag (-e)",
  "der Tanz (Tänze)",
  "der Tee",
  "der Teller (-)",
  "der Test (-s)",
  "der Text (-e)",
  "der Tisch (-e)",
  "der Turm (Türme)",
  "der Unterricht",
  "der Vater (Väter)",
  "der Vogel (Vögel)",
  "der Volleyball",
  "der Vorname (-n)",
  "der Wald (Wälder)",
  "der Wind (-e)",
  "der Winter (-)",
  "der Zoo (-s)",
  "der Zucker",
  "der Zug (Züge)",
  "die Adresse (-n)",
  "die Antwort (-en)",
  "die App (-s)",
  "die Arbeit (-en)",
  "die Bahn (-en)",
  "die Banane (-n)",
  "die Bank (-en)",
  "die Blume (-n)",
  "die Brücke (-n)",
  "die Buchhandlung (-en)",
  "die Burg (-en)",
  "die Butter",
  "die Cola",
  "die Cousine (-n)",
  "die Decke (-n)",
  "die Dusche (-n)",
  "die E-Mail (-s)",
  "die Eltern",
  "die Etage (-n)",
  "die Familie (-n)",
  "die Farbe (-n)",
  "die Frage (-n)",
  "die Frau (-en)",
  "die Freizeit",
  "die Freundin (-nen)",
  "die Gabel (-n)",
  "die Garage (-n)",
  "die Geschwister",
  "die Großeltern",
  "die Gruppe (-n)",
  "die Haltestelle (-n)",
  "die Hauptstraße (-n)",
  "die Hausaufgabe (-n)",
  "die Hausnummer (-n)",
  "die Hilfe",
  "die Idee (-n)",
  "die Informatik",
  "die Information (-en)",
  "die Insel (-n)",
  "die Kamera (-s)",
  "die Kantine (-n)",
  "die Karotte (-n)",
  "die Karte (-n)",
  "die Kartoffel (-n)",
  "die Katze (-n)",
  "die Kellnerin (-nen)",
  "die Kirche (-n)",
  "die Klasse (-n)",
  "die Kommode (-n)",
  "die Kunst (Künste)",
  "die Küche (-n)",
  "die Lampe (-n)",
  "die Lehrerin (-nen)",
  "die Leute",
  "die Liebe",
  "die Marmelade (-n)",
  "die Maus (Mäuse)",
  "die Mikrowelle (-n)",
  "die Milch",
  "die Minute (-n)",
  "die Mitschülerin (-nen)",
  "die Mitte",
  "die Musik",
  "die Mutter (Mütter)",
  "die Nacht (Nächte)",
  "die Nudel (-n)",
  "die Nummer (-n)",
  "die Oma (-s)",
  "die Orange (-n)",
  "die Partnerin (-nen)",
  "die Pause (-n)",
  "die Person (-en)",
  "die Pizza (Pizzen)",
  "die Polizei",
  "die Polizistin (-nen)",
  "die Pommes",
  "die Portion (-en)",
  "die Post",
  "die Region (-en)",
  "die Religion (-en)",
  "die Schokolade",
  "die Schule (-n)",
  "die Schweiz",
  "die Schwester (-n)",
  "die Schülerin (-nen)",
  "die Seite (-n)",
  "die Sonne",
  "die Sporthalle (-n)",
  "die Sprache (-n)",
  "die Stadt (Städte)",
  "die Straße (-n)",
  "die Stunde (-n)",
  "die Suppe (-n)",
  "die Tante (-n)",
  "die Tasche (-n)",
  "die Tasse (-n)",
  "die Tochter (Töchter)",
  "die Toilette (-n)",
  "die Tomate (-n)",
  "die Tür (-en)",
  "die Uhr (-en)",
  "die Wand (Wände)",
  "die Welt (-en)",
  "die Woche (-n)",
  "die Wohnung (-en)",
  "die Wurst (Würste)",
  "die Zahl (-en)",
  "die Zeit (-en)",
  "die Zeitung (-en)",
  "die Ärztin (-nen)",
  "die Übung (-en)",
  "dort",
  "dorthin",
  "drei",
  "ein bisschen",
  "einfach",
  "einmal",
  "eins",
  "elf",
  "erst",
  "erzählen",
  "es gibt",
  "essen",
  "etwas",
  "fahren",
  "falsch",
  "fertig",
  "finden",
  "fragen",
  "freundlich",
  "früh",
  "fünf",
  "ganz",
  "geben",
  "gehen",
  "gelb",
  "geradeaus",
  "gern",
  "gestern",
  "gleich",
  "glücklich",
  "grau",
  "groß",
  "grün",
  "gucken",
  "gut",
  "gute Nacht",
  "guten Abend",
  "guten Morgen",
  "guten Tag",
  "haben",
  "halb",
  "hallo",
  "heiß",
  "heißen",
  "helfen",
  "heute",
  "hier",
  "hinter",
  "hundert",
  "hören",
  "immer",
  "interessant",
  "ja",
  "jetzt",
  "jung",
  "kalt",
  "kaufen",
  "kennen",
  "klein",
  "kochen",
  "kommen",
  "kosten",
  "kurz",
  "lachen",
  "lang",
  "langweilig",
  "lassen",
  "leben",
  "lecker",
  "leer",
  "legen",
  "leicht",
  "lernen",
  "lesen",
  "lieben",
  "lieber",
  "liegen",
  "links",
  "lustig",
  "machen",
  "manchmal",
  "meinen",
  "morgen",
  "möchten",
  "mögen",
  "müde",
  "nach Hause",
  "nah",
  "natürlich",
  "neben",
  "nehmen",
  "nein",
  "nett",
  "neu",
  "neun",
  "nicht",
  "nichts",
  "nie",
  "noch",
  "null",
  "oben",
  "oft",
  "online",
  "rechnen",
  "rechts",
  "richtig",
  "rot",
  "sagen",
  "sauber",
  "schauen",
  "schlafen",
  "schmutzig",
  "schnell",
  "schon",
  "schreiben",
  "schwarz",
  "schwer",
  "schwimmen",
  "schön",
  "sechs",
  "sechzehn",
  "sehen",
  "sehr",
  "sein",
  "setzen",
  "sieben",
  "siebzehn",
  "singen",
  "sitzen",
  "spielen",
  "sprechen",
  "spät",
  "später",
  "stellen",
  "suchen",
  "super",
  "süß",
  "tanzen",
  "teuer",
  "treffen",
  "trinken",
  "tschüss",
  "tun",
  "um",
  "unten",
  "verheiratet",
  "verstehen",
  "viel",
  "vier",
  "voll",
  "vor",
  "vorbei",
  "vorher",
  "wann",
  "warm",
  "was",
  "weit",
  "weit weg",
  "weiß",
  "wenig",
  "wer",
  "wichtig",
  "wie",
  "wieder",
  "wirklich",
  "wissen",
  "wo",
  "woher",
  "wohin",
  "wohnen",
  "zahlen",
  "zehn",
  "zeigen",
  "zumachen",
  "zurück",
  "zusammen",
  "zwanzig",
  "zwei",
  "zwischen",
  "zwölf",
  "Österreich",
  "öffnen"
 ],
 "prov": [
  "de1-hoe-1",
  "de1-hoe-2",
  "de1-hoe-3",
  "de1-le-1",
  "de1-le-2",
  "de1-le-3",
  "de1-sc-1",
  "de1-sc-2",
  "de1-sp-1",
  "de1-sp-2",
  "de1-sp-3"
 ]
}
