{
 "_": "Skrivs av build.py. Id:n här får aldrig försvinna (framstegen hänger på dem), se CLAUDE.md om hur en borttagning godkänns.",
 "storageKey": "glosor-de6-v1",
 "avsnitt": [
  "s1",
  "s2",
  "s3",
  "s4",
  "s5",
  "s6",
  "s7",
  "s8",
  "sr",
  "sv"
 ],
 "grammatikområden": [
  "err",
  "futur",
  "genprep",
  "k1",
  "k2verg",
  "modsubj",
  "nominal",
  "nvv",
  "partattr",
  "partikel",
  "passersatz",
  "textbind",
  "zustand"
 ],
 "grammatikregler": [
  "fu-1",
  "fu-2",
  "fu-verm",
  "fu-verm2",
  "gp-bezug",
  "gp-gegen",
  "gp-grund",
  "gp-raum",
  "k1-ersatz",
  "k1-frage",
  "k1-rede",
  "k1-verg",
  "k2p-als",
  "k2p-modal",
  "k2p-wenn",
  "k2p-wunsch",
  "mp-doch",
  "mp-eben",
  "mp-ja",
  "mp-mal",
  "mp-wohl",
  "ms-sollen",
  "ms-verg",
  "ms-vermutung",
  "ms-wollen",
  "nom-bildung",
  "nom-gen",
  "nom-prep",
  "nom-verbal",
  "nvv-passiv",
  "nvv-prep",
  "nvv-verb",
  "pat-bau",
  "pat-endung",
  "pat-rel",
  "pat-zu",
  "pe-bar",
  "pe-lassen",
  "pe-man",
  "pe-seinzu",
  "tb-bedingung",
  "tb-folge",
  "tb-kontrast",
  "tb-konzess",
  "tb-mittel",
  "zp-sein",
  "zp-wahl",
  "zp-zeit"
 ],
 "innehåll/culture": [
  "c-s1-studiengebuehren",
  "c-s2-mp3",
  "c-s3-grundgesetz",
  "c-s3-neutralitaet",
  "c-s4-weimar",
  "c-s5-ksk",
  "c-s6-bayreuth",
  "c-s7-direktdemokratie",
  "c-s8-ruhrgebiet"
 ],
 "innehåll/grammar": [
  "futur-001",
  "futur-002",
  "futur-003",
  "futur-004",
  "futur-005",
  "futur-006",
  "futur-007",
  "futur-008",
  "futur-009",
  "futur-010",
  "futur-011",
  "futur-012",
  "futur-013",
  "futur-014",
  "futur-015",
  "futur-016",
  "futur-017",
  "futur-018",
  "futur-019",
  "futur-020",
  "futur-021",
  "futur-022",
  "futur-023",
  "genprep-001",
  "genprep-002",
  "genprep-003",
  "genprep-004",
  "genprep-005",
  "genprep-006",
  "genprep-007",
  "genprep-008",
  "genprep-009",
  "genprep-010",
  "genprep-011",
  "genprep-012",
  "genprep-013",
  "genprep-014",
  "genprep-015",
  "genprep-016",
  "genprep-017",
  "genprep-018",
  "genprep-019",
  "genprep-020",
  "genprep-021",
  "genprep-022",
  "genprep-023",
  "genprep-024",
  "genprep-025",
  "genprep-026",
  "genprep-027",
  "genprep-028",
  "genprep-029",
  "genprep-030",
  "genprep-031",
  "genprep-032",
  "k1-001",
  "k1-002",
  "k1-003",
  "k1-004",
  "k1-005",
  "k1-006",
  "k1-007",
  "k1-008",
  "k1-009",
  "k1-010",
  "k1-011",
  "k1-012",
  "k1-013",
  "k1-014",
  "k1-015",
  "k1-016",
  "k1-017",
  "k1-018",
  "k1-019",
  "k1-020",
  "k1-021",
  "k1-022",
  "k1-023",
  "k1-024",
  "k1-025",
  "k1-026",
  "k1-027",
  "k1-028",
  "k1-029",
  "k1-030",
  "k1-031",
  "k1-032",
  "k2verg-001",
  "k2verg-002",
  "k2verg-003",
  "k2verg-004",
  "k2verg-005",
  "k2verg-006",
  "k2verg-007",
  "k2verg-008",
  "k2verg-009",
  "k2verg-010",
  "k2verg-011",
  "k2verg-012",
  "k2verg-013",
  "k2verg-014",
  "k2verg-015",
  "k2verg-016",
  "k2verg-017",
  "k2verg-018",
  "k2verg-019",
  "k2verg-020",
  "k2verg-021",
  "k2verg-022",
  "k2verg-023",
  "k2verg-024",
  "k2verg-025",
  "k2verg-026",
  "k2verg-027",
  "k2verg-028",
  "k2verg-029",
  "k2verg-030",
  "k2verg-031",
  "modsubj-001",
  "modsubj-002",
  "modsubj-003",
  "modsubj-004",
  "modsubj-005",
  "modsubj-006",
  "modsubj-007",
  "modsubj-008",
  "modsubj-009",
  "modsubj-010",
  "modsubj-011",
  "modsubj-012",
  "modsubj-013",
  "modsubj-014",
  "modsubj-015",
  "modsubj-016",
  "modsubj-017",
  "modsubj-018",
  "modsubj-019",
  "modsubj-020",
  "modsubj-021",
  "modsubj-022",
  "modsubj-023",
  "modsubj-024",
  "modsubj-025",
  "modsubj-026",
  "modsubj-027",
  "modsubj-028",
  "modsubj-029",
  "modsubj-030",
  "nominal-001",
  "nominal-002",
  "nominal-003",
  "nominal-004",
  "nominal-005",
  "nominal-006",
  "nominal-007",
  "nominal-008",
  "nominal-009",
  "nominal-010",
  "nominal-011",
  "nominal-012",
  "nominal-013",
  "nominal-014",
  "nominal-015",
  "nominal-016",
  "nominal-017",
  "nominal-018",
  "nominal-019",
  "nominal-020",
  "nominal-021",
  "nominal-022",
  "nominal-023",
  "nominal-024",
  "nominal-025",
  "nominal-026",
  "nominal-027",
  "nominal-028",
  "nominal-029",
  "nominal-030",
  "nvv-001",
  "nvv-002",
  "nvv-003",
  "nvv-004",
  "nvv-005",
  "nvv-006",
  "nvv-007",
  "nvv-008",
  "nvv-009",
  "nvv-010",
  "nvv-011",
  "nvv-012",
  "nvv-013",
  "nvv-014",
  "nvv-015",
  "nvv-016",
  "nvv-017",
  "nvv-018",
  "nvv-019",
  "nvv-020",
  "nvv-021",
  "nvv-022",
  "nvv-023",
  "nvv-024",
  "nvv-025",
  "nvv-026",
  "nvv-027",
  "nvv-028",
  "nvv-029",
  "nvv-030",
  "partattr-001",
  "partattr-002",
  "partattr-003",
  "partattr-004",
  "partattr-005",
  "partattr-006",
  "partattr-007",
  "partattr-008",
  "partattr-009",
  "partattr-010",
  "partattr-011",
  "partattr-012",
  "partattr-013",
  "partattr-014",
  "partattr-015",
  "partattr-016",
  "partattr-017",
  "partattr-018",
  "partattr-019",
  "partattr-020",
  "partattr-021",
  "partattr-022",
  "partattr-023",
  "partattr-024",
  "partattr-025",
  "partattr-026",
  "partattr-027",
  "partattr-028",
  "partattr-029",
  "partattr-030",
  "partikel-001",
  "partikel-002",
  "partikel-003",
  "partikel-004",
  "partikel-005",
  "partikel-006",
  "partikel-007",
  "partikel-008",
  "partikel-009",
  "partikel-010",
  "partikel-011",
  "partikel-012",
  "partikel-013",
  "partikel-014",
  "partikel-015",
  "partikel-016",
  "partikel-017",
  "partikel-018",
  "partikel-019",
  "partikel-020",
  "partikel-021",
  "partikel-022",
  "partikel-023",
  "partikel-024",
  "partikel-025",
  "partikel-026",
  "partikel-027",
  "partikel-028",
  "partikel-029",
  "partikel-030",
  "partikel-031",
  "passersatz-001",
  "passersatz-002",
  "passersatz-003",
  "passersatz-004",
  "passersatz-005",
  "passersatz-006",
  "passersatz-007",
  "passersatz-008",
  "passersatz-009",
  "passersatz-010",
  "passersatz-011",
  "passersatz-012",
  "passersatz-013",
  "passersatz-014",
  "passersatz-015",
  "passersatz-016",
  "passersatz-017",
  "passersatz-018",
  "passersatz-019",
  "passersatz-020",
  "passersatz-021",
  "passersatz-022",
  "passersatz-023",
  "passersatz-024",
  "passersatz-025",
  "passersatz-026",
  "passersatz-027",
  "passersatz-028",
  "passersatz-029",
  "passersatz-030",
  "passersatz-031",
  "textbind-001",
  "textbind-002",
  "textbind-003",
  "textbind-004",
  "textbind-005",
  "textbind-006",
  "textbind-007",
  "textbind-008",
  "textbind-009",
  "textbind-010",
  "textbind-011",
  "textbind-012",
  "textbind-013",
  "textbind-014",
  "textbind-015",
  "textbind-016",
  "textbind-017",
  "textbind-018",
  "textbind-019",
  "textbind-020",
  "textbind-021",
  "textbind-022",
  "textbind-023",
  "textbind-024",
  "textbind-025",
  "textbind-026",
  "textbind-027",
  "textbind-028",
  "textbind-029",
  "textbind-030",
  "textbind-031",
  "textbind-032",
  "zustand-001",
  "zustand-002",
  "zustand-003",
  "zustand-004",
  "zustand-005",
  "zustand-006",
  "zustand-007",
  "zustand-008",
  "zustand-009",
  "zustand-010",
  "zustand-011",
  "zustand-012",
  "zustand-013",
  "zustand-014",
  "zustand-015",
  "zustand-016",
  "zustand-017",
  "zustand-018",
  "zustand-019",
  "zustand-020",
  "zustand-021",
  "zustand-022"
 ],
 "innehåll/listening": [
  "l-s1-1",
  "l-s1-2",
  "l-s2-1",
  "l-s2-2",
  "l-s3-1",
  "l-s3-2",
  "l-s4-1",
  "l-s4-2",
  "l-s5-1",
  "l-s5-2",
  "l-s6-1",
  "l-s6-2",
  "l-s7-1",
  "l-s7-2",
  "l-s8-1",
  "l-s8-2"
 ],
 "innehåll/mal": [
  "mal-s1",
  "mal-s2",
  "mal-s3",
  "mal-s4",
  "mal-s5",
  "mal-s6",
  "mal-s7",
  "mal-s8",
  "mal-sr"
 ],
 "innehåll/phrases": [
  "p01",
  "p02",
  "p03",
  "p04",
  "p05",
  "p06",
  "p07",
  "p08",
  "p09",
  "p10",
  "p11",
  "p12",
  "p13",
  "p14",
  "p15",
  "p16",
  "p17",
  "p18",
  "p19",
  "p20",
  "p21",
  "p22",
  "p23",
  "p24",
  "p25",
  "p26",
  "p27",
  "p28",
  "p29",
  "p30",
  "p31",
  "p32",
  "p33",
  "p34",
  "p35",
  "p36",
  "p37",
  "p38",
  "p39",
  "p40",
  "p41",
  "p42",
  "p43",
  "p44",
  "p45"
 ],
 "innehåll/prompts": [
  "w-s1-forum",
  "w-s1-motivation",
  "w-s1-studiensekretariat",
  "w-s2-forum",
  "w-s2-leserbrief",
  "w-s2-zusammenfassung",
  "w-s3-film",
  "w-s3-gedenkstaette",
  "w-s3-wahlalter",
  "w-s4-duerrenmatt",
  "w-s4-klassiker",
  "w-s4-loreley",
  "w-s5-ausdruecke",
  "w-s5-beschwerde",
  "w-s5-forum",
  "w-s6-absage",
  "w-s6-erlkoenig",
  "w-s6-rezension",
  "w-s7-dialog",
  "w-s7-kafka",
  "w-s7-tierversuche",
  "w-s8-forum",
  "w-s8-leserbrief",
  "w-s8-zusammenfassung"
 ],
 "innehåll/reading": [
  "r-s1-erfahrung",
  "r-s1-motivation",
  "r-s2-vortrag",
  "r-s3-kommentar",
  "r-s3-weisse-rose",
  "r-s4-goethe",
  "r-s4-woyzeck",
  "r-s5-debatte",
  "r-s5-reportage",
  "r-s6-kritik",
  "r-s6-probespiel",
  "r-s7-kant",
  "r-s7-ki-debatte",
  "r-s8-gastarbeiter"
 ],
 "innehåll/stories": [
  "s-s1",
  "s-s2",
  "s-s3",
  "s-s4",
  "s-s5",
  "s-s6",
  "s-s7",
  "s-s8"
 ],
 "innehåll/uttal": [
  "utt-bp",
  "utt-eu",
  "utt-h",
  "utt-ngnk",
  "utt-oeue",
  "utt-ou",
  "utt-pf",
  "utt-wf"
 ],
 "ord": [
  "Anschluss finden",
  "Anspruch erheben (auf + Akk.)",
  "Anspruch haben (auf + Akk.)",
  "Aufschluss geben (über + Akk.)",
  "Bedenken äußern",
  "Daten erheben",
  "Druck ausüben (auf + Akk.)",
  "Erkenntnisse gewinnen",
  "Frieden schließen",
  "Fuß fassen",
  "Kontakte knüpfen",
  "Mit freundlichen Grüßen",
  "Neuland betreten",
  "Regie führen",
  "Rückschlüsse ziehen (auf + Akk.)",
  "Rücksprache halten (mit + Dat.)",
  "Schritt halten (mit + Dat.)",
  "Sehr geehrte Damen und Herren",
  "Stellung beziehen (zu + Dat.)",
  "Studien zufolge",
  "Widerspruch einlegen (gegen + Akk.)",
  "Wurzeln schlagen",
  "abbrechen",
  "abdanken",
  "abgeben",
  "abgehängt",
  "abgelegen",
  "abrechnen",
  "abschließend möchte ich sagen",
  "absetzen",
  "absichtlich",
  "abstimmen",
  "abstürzen",
  "abwandern",
  "abwägen",
  "akzentfrei",
  "alles in allem",
  "allgemeingültig",
  "amtierend",
  "amtlich",
  "an die Macht kommen",
  "an erster Stelle steht",
  "an seine Grenzen stoßen",
  "analog",
  "anbei",
  "andernfalls sehe ich mich gezwungen",
  "andeuten",
  "anerkennen",
  "anlässlich",
  "anschaulich",
  "anspielen (auf + Akk.)",
  "anständig",
  "anwenden",
  "anwesend",
  "argumentieren",
  "auf Anhieb",
  "auf Raten kaufen",
  "auf dem neuesten Stand",
  "auf den Grund gehen (+ Dat.)",
  "auf den Markt bringen",
  "auf den Punkt bringen",
  "auf die Straße gehen",
  "auf sich allein gestellt sein",
  "aufarbeiten",
  "aufnehmen",
  "aufwendig",
  "aus dem Takt kommen",
  "aus eigener Erfahrung kann ich sagen",
  "ausbeuten",
  "ausbuhen",
  "ausdrucksstark",
  "ausgrenzen",
  "ausschlaggebend",
  "auswandern",
  "auswerten",
  "automatisieren",
  "autoritär",
  "bahnbrechend",
  "bargeldlos",
  "beantworten",
  "bearbeiten",
  "bedingungslos",
  "bedrohen",
  "befristet",
  "beglaubigen",
  "beiliegend",
  "beitreten (+ Dat.)",
  "bereichern",
  "bereuen",
  "berufen",
  "berühren",
  "berührend",
  "beschließen",
  "bespitzeln",
  "betreuen",
  "bewährt",
  "bezahlbar",
  "bezugnehmend auf",
  "bildhaft",
  "bis zu einem gewissen Grad",
  "bundesweit",
  "charakterisieren",
  "chemisch",
  "chronologisch",
  "da ist etwas dran",
  "da muss ich widersprechen",
  "danach gehe ich auf … ein",
  "daraufhin",
  "darf ich kurz etwas ergänzen",
  "darunter",
  "das Abkommen (-)",
  "das Abonnement (-s)",
  "das Aktenzeichen (-)",
  "das Album (Alben)",
  "das Amt (Ämter)",
  "das Antibiotikum (Antibiotika)",
  "das Arbeitsklima",
  "das Arbeitslosengeld",
  "das Arbeitsverhältnis (-se)",
  "das Argument (-e)",
  "das Auftragswerk (-e)",
  "das Auslandssemester (-)",
  "das Auswahlverfahren (-)",
  "das Bakterium (Bakterien)",
  "das Benefizkonzert (-e)",
  "das Bruttoinlandsprodukt",
  "das Budget (-s)",
  "das Bundesverfassungsgericht",
  "das Böse",
  "das Bühnenbild (-er)",
  "das Bündnis (-se)",
  "das Bürgeramt (-ämter)",
  "das Crowdfunding",
  "das Darlehen (-)",
  "das Dilemma (-s)",
  "das Eigentum",
  "das Einkommen (-)",
  "das Einwanderungsland (-länder)",
  "das Empfehlungsschreiben (-)",
  "das Engagement (-s)",
  "das Epos (Epen)",
  "das Erbgut",
  "das Ereignis (-se)",
  "das Erstsemester (-)",
  "das Exil (-e)",
  "das Experiment (-e)",
  "das Fachgebiet (-e)",
  "das Fernweh",
  "das Finanzamt (-ämter)",
  "das Formular (-e)",
  "das Foyer (-s)",
  "das Gastspiel (-e)",
  "das Gedankenexperiment (-e)",
  "das Gefälle (-)",
  "das Gegenbeispiel (-e)",
  "das Gemeinwohl",
  "das Genie (-s)",
  "das Genre (-s)",
  "das Geräusch (-e)",
  "das Glück",
  "das Gremium (Gremien)",
  "das Grundrecht (-e)",
  "das Herkunftsland (-länder)",
  "das Honorar (-e)",
  "das Hörgerät (-e)",
  "das Ideal (-e)",
  "das Jugendorchester (-)",
  "das Klischee (-s)",
  "das Konzentrationslager (-)",
  "das Konzept (-e)",
  "das Konzerthaus (-häuser)",
  "das Kulturangebot (-e)",
  "das Label (-s)",
  "das Labor (-e)",
  "das Landleben",
  "das Laster (-)",
  "das Leid",
  "das Leitmotiv (-e)",
  "das Libretto (Libretti)",
  "das Mahnmal (-e)",
  "das Mandat (-e)",
  "das Manuskript (-e)",
  "das Meisterwerk (-e)",
  "das Menschenbild (-er)",
  "das Mitgefühl",
  "das Mitleid",
  "das Mittel (-)",
  "das Modul (-e)",
  "das Musical (-s)",
  "das Musikleben",
  "das Opernhaus (-häuser)",
  "das Organ (-e)",
  "das Parkett (-e)",
  "das Parlament (-e)",
  "das Patent (-e)",
  "das Pflichtfach (-fächer)",
  "das Phänomen (-e)",
  "das Plattdeutsch",
  "das Prinzip (Prinzipien)",
  "das Probespiel (-e)",
  "das Programmheft (-e)",
  "das Prüfungsamt (-ämter)",
  "das Pseudonym (-e)",
  "das Pult (-e)",
  "das Regime (-s)",
  "das Reimschema (-schemata)",
  "das Schnäppchen (-)",
  "das Schriftzeichen (-)",
  "das Seminar (-e)",
  "das Solo (Soli)",
  "das Sommersemester (-)",
  "das Sonett (-e)",
  "das Sperrkonto (-konten)",
  "das Sprachmodell (-e)",
  "das Stadtbild (-er)",
  "das Stadttheater (-)",
  "das Stammpublikum",
  "das Start-up (-s)",
  "das Stilmittel (-)",
  "das Studentenwohnheim (-e)",
  "das Studierendensekretariat (-e)",
  "das Thema meines Vortrags lautet",
  "das Tonstudio (-s)",
  "das Unbewusste",
  "das Veto (-s)",
  "das Virus (Viren)",
  "das Visum (Visa)",
  "das Vorlesungsverzeichnis (-se)",
  "das Vorprogramm (-e)",
  "das WG-Casting (-s)",
  "das Wahlergebnis (-se)",
  "das Wahlrecht",
  "das Wahrzeichen (-)",
  "das Weltall",
  "das Wintersemester (-)",
  "das Wohl",
  "das Wohngeld",
  "das Zeitalter (-)",
  "das Zertifikat (-e)",
  "das Zitat (-e)",
  "das bürgerliche Trauerspiel",
  "das ist nur die halbe Wahrheit",
  "das kann man so nicht verallgemeinern",
  "das lyrische Ich",
  "das mag sein, aber",
  "das schlechte Gewissen",
  "dazugehören",
  "debattieren",
  "den Einsatz verpassen",
  "den Gürtel enger schnallen",
  "den Horizont erweitern",
  "den Lebensunterhalt bestreiten",
  "den Ton angeben",
  "deportieren",
  "der Aberglaube",
  "der Altbau (-bauten)",
  "der Antrag (Anträge)",
  "der Arbeitsvertrag (-verträge)",
  "der Aufbau",
  "der Aufschwung (-schwünge)",
  "der Aufstand (-stände)",
  "der Aufstieg (-e)",
  "der Auftraggeber (-)",
  "der Ausländer (-)",
  "der Ausschuss (-schüsse)",
  "der Austritt (-e)",
  "der Auswanderer (-)",
  "der Autor (-en)",
  "der Bachelor (-s)",
  "der Ballungsraum (-räume)",
  "der Bau (-ten)",
  "der Beitritt (-e)",
  "der Beleg (-e)",
  "der Bescheid (-e)",
  "der Betriebsrat (-räte)",
  "der Bezirk (-e)",
  "der Bildungsroman (-e)",
  "der Briefroman (-e)",
  "der Buhruf (-e)",
  "der Bürgerrechtler (-)",
  "der Campus (-)",
  "der Chorleiter (-)",
  "der Darsteller (-)",
  "der Denker (-)",
  "der Diktator (-en)",
  "der Dozent (-en)",
  "der Dramatiker (-)",
  "der Dramaturg (-en)",
  "der Durchbruch (-brüche)",
  "der Durchlauf (-läufe)",
  "der Egoismus",
  "der Eigentümer (-)",
  "der Einheimische (-n)",
  "der Einsatz (Einsätze)",
  "der Einwohner (-)",
  "der Einzelhandel",
  "der Engpass (-pässe)",
  "der Erfinder (-)",
  "der Erreger (-)",
  "der Experte (-n)",
  "der Export (-e)",
  "der Fachbegriff (-e)",
  "der Fachbereich (-e)",
  "der Finanzierungsnachweis (-e)",
  "der Forscher (-)",
  "der Freiberufler (-)",
  "der Freihandel",
  "der Gedenktag (-e)",
  "der Geflüchtete (-n)",
  "der Gegenspieler (-)",
  "der Gegner (-)",
  "der Gehörschutz",
  "der Generalmusikdirektor (-en)",
  "der Geschäftsführer (-)",
  "der Gesellschaftsvertrag (-verträge)",
  "der Gesetzentwurf (-entwürfe)",
  "der Gewinn (-e)",
  "der Glaube",
  "der Grenzübergang (-gänge)",
  "der Grundsatz (-sätze)",
  "der Grundwert (-e)",
  "der Hackerangriff (-e)",
  "der Handel",
  "der Heimweg (-e)",
  "der Hofladen (-läden)",
  "der Impfstoff (-e)",
  "der Integrationskurs (-e)",
  "der Intendant (-en)",
  "der Investor (-en)",
  "der Irrtum (-tümer)",
  "der Jahrgang (-gänge)",
  "der Jubel",
  "der Kaiser (-)",
  "der Kiez (-e)",
  "der Klappentext (-e)",
  "der Klassiker (-)",
  "der Koalitionsvertrag (-verträge)",
  "der Kommilitone (-n)",
  "der Konzern (-e)",
  "der Konzertmeister (-)",
  "der Konzertsaal (-säle)",
  "der Kredit (-e)",
  "der Kreis (-e)",
  "der Kreuzreim (-e)",
  "der Kritiker (-)",
  "der Kulturbetrieb",
  "der Kulturschaffende (-n)",
  "der Kulturschock (-s)",
  "der Kundenservice",
  "der Laie (-n)",
  "der Landkreis (-e)",
  "der Lebensunterhalt",
  "der Leerstand",
  "der Leistungspunkt (-e)",
  "der Liederabend (-e)",
  "der Lobbyismus",
  "der Luxus",
  "der Lyriker (-)",
  "der Massentourismus",
  "der Master (-)",
  "der Mauerbau",
  "der Mauertote (-n)",
  "der Messwert (-e)",
  "der Mieter (-)",
  "der Migrant (-en)",
  "der Minijob (-s)",
  "der Mittelstand",
  "der Monolog (-e)",
  "der Nachmieter (-)",
  "der Nachweis (-e)",
  "der Nachwuchs",
  "der Naturalismus",
  "der Neid",
  "der Neubau (-bauten)",
  "der Numerus clausus",
  "der Ohrwurm (-würmer)",
  "der Onlinehandel",
  "der Orchestergraben (-gräben)",
  "der Paarreim (-e)",
  "der Philosoph (-en)",
  "der Plattenbau (-bauten)",
  "der Plattenvertrag (-verträge)",
  "der Populismus",
  "der Probenraum (-räume)",
  "der Profi (-s)",
  "der Protagonist (-en)",
  "der Prototyp (-en)",
  "der Rang (Ränge)",
  "der Rassismus",
  "der Realismus",
  "der Rechner (-)",
  "der Rechtsruck",
  "der Reim (-e)",
  "der Roboter (-)",
  "der Ruhestand",
  "der Rundfunkbeitrag (-beiträge)",
  "der Sachbearbeiter (-)",
  "der Satellit (-en)",
  "der Satzbau",
  "der Schießbefehl",
  "der Schreibstil (-e)",
  "der Semesterbeitrag (-beiträge)",
  "der Sinn des Lebens",
  "der Solist (-en)",
  "der Soundcheck (-s)",
  "der Spielplan (-pläne)",
  "der Sponsor (-en)",
  "der Sprachwechsel (-)",
  "der Staat (-en)",
  "der Stadtrand (-ränder)",
  "der Stadtteil (-e)",
  "der Stand der Forschung",
  "der Standort (-e)",
  "der Stellenabbau",
  "der Stellenwert",
  "der Steuerberater (-)",
  "der Stimmführer (-)",
  "der Stipendiat (-en)",
  "der Stolperstein (-e)",
  "der Streamingdienst (-e)",
  "der Streik (-s)",
  "der Studienabbruch (-brüche)",
  "der Studienbeginn",
  "der Studiengangswechsel (-)",
  "der Studierendenausweis (-e)",
  "der Stundenlohn (-löhne)",
  "der Sturm und Drang",
  "der Tagessatz (-sätze)",
  "der Tarifvertrag (-verträge)",
  "der Texthänger (-)",
  "der Tierversuch (-e)",
  "der Tontechniker (-)",
  "der Umbruch (-brüche)",
  "der Umsatz (Umsätze)",
  "der Veranstalter (-)",
  "der Verbraucherschutz",
  "der Vergleich (-e)",
  "der Verlust (-e)",
  "der Versuch (-e)",
  "der Vertreter (-)",
  "der Vorverkauf",
  "der Völkermord (-e)",
  "der Wahlkreis (-e)",
  "der Wegzug",
  "der Weltuntergang",
  "der Werdegang (-gänge)",
  "der Werkstudent (-en)",
  "der Wiederaufbau",
  "der Wirkstoff (-e)",
  "der Wissenschaftler (-)",
  "der Wohnraum",
  "der Wohnsitz (-e)",
  "der Wohnungsmarkt (-märkte)",
  "der Zeitgeist",
  "der Zeitgenosse (-n)",
  "der Zeitzeuge (-n)",
  "der Zins (-en)",
  "der Zoll (Zölle)",
  "der Zugezogene (-n)",
  "der Zuschuss (Zuschüsse)",
  "der Zuzug",
  "der Zwang (Zwänge)",
  "der Zweck heiligt die Mittel",
  "der auktoriale Erzähler",
  "der demografische Wandel",
  "der digitale Nomade",
  "der kategorische Imperativ",
  "der ländliche Raum",
  "der zivile Ungehorsam",
  "der Überfluss",
  "der Überwachungsstaat (-en)",
  "der öffentliche Raum",
  "der/die Vorsitzende (-n)",
  "derzeitig",
  "die Abendkasse (-n)",
  "die Abfindung (-en)",
  "die Abgabefrist (-en)",
  "die Abhandlung (-en)",
  "die Ablenkung (-en)",
  "die Abmeldung (-en)",
  "die Abschlussarbeit (-en)",
  "die Abwanderung (-en)",
  "die Abwägung (-en)",
  "die Aktie (-n)",
  "die Akustik",
  "die Alliierten",
  "die Altersvorsorge",
  "die Amtszeit (-en)",
  "die Anbindung (-en) (an + Akk.)",
  "die Andeutung (-en)",
  "die Anekdote (-n)",
  "die Anonymität",
  "die Anspielung (-en)",
  "die Antike",
  "die Anwendung (-en)",
  "die Anwesenheitspflicht",
  "die Arbeitserlaubnis (-se)",
  "die Arbeitsmigration",
  "die Arbeitswelt",
  "die Arbeitszeit (-en)",
  "die Atmosphäre (-n)",
  "die Aufarbeitung",
  "die Auflage (-n)",
  "die Aufnahmegesellschaft (-en)",
  "die Aufzählung (-en)",
  "die Ausgrenzung (-en)",
  "die Auslastung",
  "die Ausländerbehörde (-n)",
  "die Ausreise (-n)",
  "die Aussage (-n)",
  "die Ausstrahlung",
  "die Auswanderung (-en)",
  "die Auswertung (-en)",
  "die Autobiografie (-n)",
  "die Autonomie",
  "die Außenpolitik",
  "die Ballade (-n)",
  "die Bearbeitungszeit (-en)",
  "die Befreiung (-en)",
  "die Beförderung (-en)",
  "die Begabung (-en)",
  "die Behördengänge",
  "die Belegschaft (-en)",
  "die Bereicherung (-en)",
  "die Besatzungsmacht (-mächte)",
  "die Bescheidenheit",
  "die Bescheinigung (-en)",
  "die Besonderheit (-en)",
  "die Bestätigung (-en)",
  "die Bewerbungsunterlagen",
  "die Bildsprache",
  "die Buchhaltung",
  "die Buchung (-en)",
  "die Börse (-n)",
  "die Bühnenpräsenz",
  "die Bürgerinitiative (-n)",
  "die Charakterisierung (-en)",
  "die Datenbank (-en)",
  "die Debatte (-n)",
  "die Denkweise (-n)",
  "die Diaspora",
  "die Dienstleistung (-en)",
  "die Doppelmoral",
  "die Dorfgemeinschaft (-en)",
  "die Dramatik",
  "die Dystopie (-n)",
  "die Ehrlichkeit",
  "die Eigeninitiative",
  "die Eigentumswohnung (-en)",
  "die Eigenverantwortung",
  "die Einbürgerung (-en)",
  "die Einkommensteuer",
  "die Einschreibung (-en)",
  "die Einschränkung (-en)",
  "die Einschätzung (-en)",
  "die Einspielung (-en)",
  "die Einstimmigkeit",
  "die Empathie",
  "die Entdeckung (-en)",
  "die Entfremdung",
  "die Entlassung (-en)",
  "die Entwicklungsphase (-n)",
  "die Epik",
  "die Erfindung (-en)",
  "die Erleichterung (-en)",
  "die Ermäßigung (-en)",
  "die Ersparnisse",
  "die Erweiterung (-en)",
  "die Ethik",
  "die Europäische Kommission",
  "die Exekutive (-n)",
  "die Existenz (-en)",
  "die Fabel (-n)",
  "die Fachkraft (-kräfte)",
  "die Fachzeitschrift (-en)",
  "die Fairness",
  "die Fakultät (-en)",
  "die Faulheit",
  "die Fehlerquelle (-n)",
  "die Festanstellung (-en)",
  "die Festspiele",
  "die Fiktion (-en)",
  "die Finanzierung (-en)",
  "die Firma (Firmen)",
  "die Flucht (-en)",
  "die Form (-en)",
  "die Forschung (-en)",
  "die Fraktion (-en)",
  "die Freilichtbühne (-n)",
  "die Freizügigkeit",
  "die Fremde",
  "die Fremdenfeindlichkeit",
  "die Frequenz (-en)",
  "die Früherkennung",
  "die Fördermittel",
  "die Förderung (-en)",
  "die Führungskraft (-kräfte)",
  "die Gage (-n)",
  "die Garantie (-n)",
  "die Garderobe (-n)",
  "die Gastfreundschaft",
  "die Gebühr (-en)",
  "die Gedenkstätte (-n)",
  "die Gegenwartsliteratur",
  "die Gegenüberstellung (-en)",
  "die Gehaltsverhandlung (-en)",
  "die Geigerin (-nen)",
  "die Gemeinde (-n)",
  "die Genauigkeit",
  "die Genehmigung (-en)",
  "die Gentechnik",
  "die Gentrifizierung",
  "die Gewaltenteilung",
  "die Gewissheit (-en)",
  "die Gier",
  "die Glaubwürdigkeit",
  "die Gleichheit",
  "die Gleitzeit",
  "die Grafik zeigt",
  "die Großstadt (-städte)",
  "die Grundlagenforschung",
  "die Grünfläche (-n)",
  "die Hauptprobe (-n)",
  "die Hausarbeit (-en)",
  "die Heilung (-en)",
  "die Heimat",
  "die Heimatstadt (-städte)",
  "die Herkunft (Herkünfte)",
  "die Herkunftssprache (-n)",
  "die Heuchelei (-en)",
  "die Hochkultur",
  "die Hochrechnung (-en)",
  "die Hochschulreife",
  "die Humanität",
  "die Hypothese (-n)",
  "die Hürde (-n)",
  "die Infrastruktur (-en)",
  "die Inhaltsangabe (-n)",
  "die Innovation (-en)",
  "die Insolvenz (-en)",
  "die Integrität",
  "die Investition (-en)",
  "die Judikative (-n)",
  "die Jury (-s)",
  "die Kapitulation (-en)",
  "die Katastrophe (-n)",
  "die Katharsis",
  "die Kaufkraft",
  "die Kernaussage (-n)",
  "die Kleinstadt (-städte)",
  "die Kollegin (-nen)",
  "die Komponistin (-nen)",
  "die Komödie (-n)",
  "die Konjunktur (-en)",
  "die Konkurrenz",
  "die Konsequenzen tragen",
  "die Konsumgesellschaft (-en)",
  "die Kontrollgruppe (-n)",
  "die Kosten decken",
  "die Kulisse (-n)",
  "die Kulturförderung",
  "die Kulturpolitik",
  "die Kündigung (-en)",
  "die Kündigungsfrist (-en)",
  "die Künstleragentur (-en)",
  "die Künstlersozialkasse",
  "die Kürzung (-en)",
  "die Landflucht",
  "die Laufbahn (-en)",
  "die Lebenshaltungskosten",
  "die Legislative (-n)",
  "die Legislaturperiode (-n)",
  "die Lehrveranstaltung (-en)",
  "die Leistung (-en)",
  "die Lektüre (-n)",
  "die Lerngruppe (-n)",
  "die Lieferkette (-n)",
  "die Literaturepoche (-n)",
  "die Loge (-n)",
  "die Luftbrücke (-n)",
  "die Lyrik",
  "die Macht (Mächte)",
  "die Macht ergreifen",
  "die Machtergreifung",
  "die Marktwirtschaft",
  "die Materie",
  "die Matinee (-n)",
  "die Maxime (-n)",
  "die Medizin",
  "die Mehrheitsgesellschaft",
  "die Mehrwertsteuer",
  "die Meldebescheinigung (-en)",
  "die Menschenwürde",
  "die Menschheit",
  "die Menschlichkeit",
  "die Mentalität (-en)",
  "die Messung (-en)",
  "die Methode (-n)",
  "die Metropole (-n)",
  "die Mietpreisbremse",
  "die Migration (-en)",
  "die Mitschrift (-en)",
  "die Mobilität",
  "die Moderne",
  "die Monarchie (-n)",
  "die Montagsdemonstration (-en)",
  "die Moral",
  "die Mundart (-en)",
  "die Musikbranche",
  "die Musikvermittlung",
  "die Mündigkeit",
  "die Nachkriegszeit",
  "die Nachvollziehbarkeit",
  "die Nahversorgung",
  "die Niederlassung (-en)",
  "die Norm (-en)",
  "die Notlüge (-n)",
  "die Nutzung (-en)",
  "die Nächstenliebe",
  "die Operette (-n)",
  "die Orchesterakademie (-n)",
  "die Organspende (-n)",
  "die Ortschaft (-en)",
  "die Ovation (-en)",
  "die Pandemie (-n)",
  "die Parabel (-n)",
  "die Parallelgesellschaft (-en)",
  "die Personalabteilung (-en)",
  "die Personifikation (-en)",
  "die Petition (-en)",
  "die Pflichtlektüre (-n)",
  "die Philharmonie (-n)",
  "die Philosophie (-n)",
  "die Planwirtschaft",
  "die Pleite (-n)",
  "die Pointe (-n)",
  "die Polarisierung (-en)",
  "die Politikverdrossenheit",
  "die Premiere (-n)",
  "die Presse",
  "die Probenphase (-n)",
  "die Probezeit (-en)",
  "die Produktion (-en)",
  "die Propaganda",
  "die Prosa",
  "die Provinz (-en)",
  "die Prämisse (-n)",
  "die Prüfungsangst (-ängste)",
  "die Raumfahrt",
  "die Rechenleistung",
  "die Rechtfertigung (-en)",
  "die Reform (-en)",
  "die Regelstudienzeit (-en)",
  "die Regieanweisung (-en)",
  "die Reisefreiheit",
  "die Reklamation (-en)",
  "die Republik (-en)",
  "die Resistenz (-en)",
  "die Reue",
  "die Revolution (-en)",
  "die Rezession (-en)",
  "die Richtlinie (-n)",
  "die Rückfrage (-n)",
  "die Rückkehr",
  "die Rückmeldung (-en)",
  "die Sage (-n)",
  "die Saison (-s)",
  "die Sanierung (-en)",
  "die Sanktion (-en)",
  "die Satire (-n)",
  "die Schallwelle (-n)",
  "die Schicht (-en)",
  "die Schlussfolgerung (-en)",
  "die Schnittstelle (-n)",
  "die Schrift (-en)",
  "die Schulden",
  "die Schwerkraft",
  "die Schwingung (-en)",
  "die Sehnsucht (-süchte)",
  "die Selbstbestimmung",
  "die Selbstständigkeit",
  "die Selbstvermarktung",
  "die Selbstverwirklichung",
  "die Sicherheitskopie (-n)",
  "die Siedlung (-en)",
  "die Skepsis",
  "die Solidarität",
  "die Souveränität",
  "die Sozialversicherung (-en)",
  "die Sozialwohnung (-en)",
  "die Spaltung (-en)",
  "die Spielzeit (-en)",
  "die Sprachbarriere (-n)",
  "die Staatsanwaltschaft (-en)",
  "die Staatsform (-en)",
  "die Stadtplanung",
  "die Standardsprache",
  "die Stellenausschreibung (-en)",
  "die Sterbehilfe",
  "die Steuererklärung (-en)",
  "die Stichprobe (-n)",
  "die Stiftung (-en)",
  "die Strahlung (-en)",
  "die Strömung (-en)",
  "die Studienberatung (-en)",
  "die Studienfinanzierung (-en)",
  "die Studienordnung (-en)",
  "die Substanz (-en)",
  "die Subvention (-en)",
  "die Tantiemen",
  "die Technologie (-n)",
  "die Textanalyse (-n)",
  "die Textsorte (-n)",
  "die Textstelle (-n)",
  "die Todesstrafe (-n)",
  "die Tournee (-n)",
  "die Tragik",
  "die Tragödie (-n)",
  "die Trainingsdaten",
  "die Transparenz",
  "die Truppe (-n)",
  "die Träne (-n)",
  "die Trümmer",
  "die Trümmerliteratur",
  "die Tugend (-en)",
  "die Umgangssprache",
  "die Unterdrückung (-en)",
  "die Unterlagen",
  "die Untermiete",
  "die Unterschrift (-en)",
  "die Uraufführung (-en)",
  "die Urbanisierung",
  "die Utopie (-n)",
  "die Variante (-n)",
  "die Veranstaltung (-en)",
  "die Vergangenheitsbewältigung",
  "die Vergebung",
  "die Vergänglichkeit",
  "die Verkehrswende",
  "die Vernetzung (-en)",
  "die Vernunft",
  "die Verordnung (-en)",
  "die Verpflichtung (-en)",
  "die Verständigung",
  "die Versöhnung (-en)",
  "die Vertreibung (-en)",
  "die Verzweiflung",
  "die Veröffentlichung (-en)",
  "die Vielfalt",
  "die Vier-Tage-Woche (-n)",
  "die Volksdichtung",
  "die Vollzeit",
  "die Vorauswahl (-en)",
  "die Voreingenommenheit",
  "die Wahlheimat",
  "die Wahrnehmung (-en)",
  "die Wahrscheinlichkeit (-en)",
  "die Ware (-n)",
  "die Warmmiete (-n)",
  "die Warteliste (-n)",
  "die Weisheit (-en)",
  "die Weltanschauung (-en)",
  "die Werkeinführung (-en)",
  "die Wertvorstellung (-en)",
  "die Wiederaufnahme (-n)",
  "die Wiederholung (-en)",
  "die Willensfreiheit",
  "die Willkommenskultur",
  "die Wirksamkeit",
  "die Wirtschaftskrise (-n)",
  "die Wohnungsnot",
  "die Wohnungssuche",
  "die Wortwahl",
  "die Wurzeln",
  "die Zeile (-n)",
  "die Zeitarbeit",
  "die Zelle (-n)",
  "die Zensur (-en)",
  "die Zivilcourage",
  "die Zivilgesellschaft",
  "die Zugehörigkeit",
  "die Zumutung (-en)",
  "die Zuwanderung",
  "die Zweitbesetzung (-en)",
  "die Zweitstimme (-n)",
  "die Zwischenmiete (-n)",
  "die Zwischenprüfung (-en)",
  "die absolute Mehrheit",
  "die doppelte Staatsbürgerschaft",
  "die erste Geige spielen",
  "die erzählte Zeit",
  "die freie Szene",
  "die rhetorische Frage",
  "die Überalterung",
  "die Übernahme (-n)",
  "die Überschrift (-en)",
  "die Übertreibung (-en)",
  "digital",
  "divers",
  "dünn besiedelt",
  "ebenso",
  "egoistisch",
  "ein Gesetz verabschieden",
  "ein Thema aufgreifen",
  "ein Zeichen setzen",
  "ein möglicher Kompromiss wäre",
  "ein weiteres Argument ist",
  "einbringen",
  "eindringlich",
  "eine Frage aufwerfen",
  "eine Frist einhalten",
  "eine Hypothese aufstellen",
  "eine Pflicht erfüllen",
  "eine Rechnung stellen",
  "eine Regierung bilden",
  "eine Rolle besetzen",
  "eine Stelle antreten",
  "eine These aufstellen",
  "eine Wendung nehmen",
  "einen Bezug herstellen (zu + Dat.)",
  "einen Nachweis erbringen",
  "einen Versuch durchführen",
  "einen Vertrag abschließen",
  "einen guten Eindruck hinterlassen",
  "einreichen",
  "einschränken",
  "einspringen (für + Akk.)",
  "empfinden",
  "engagiert",
  "entsprechend",
  "enttäuschend",
  "entziffern",
  "erfinden",
  "erforschen",
  "ermäßigt",
  "erproben",
  "erstaunlich",
  "erteilen",
  "erwirtschaften",
  "es ist nicht auszuschließen, dass",
  "es liegt auf der Hand, dass",
  "ethisch",
  "existieren",
  "experimentieren",
  "fassen wir zusammen",
  "fehleranfällig",
  "fiktiv",
  "finanziell",
  "finanzieren",
  "folgern",
  "formulieren",
  "forschen",
  "fortschrittlich",
  "freiberuflich",
  "freilich",
  "fristgerecht",
  "frühestens",
  "fällig",
  "für Rückfragen stehe ich Ihnen gern zur Verfügung",
  "gastieren",
  "gebührenfrei",
  "gedenken (+ Gen.)",
  "gemäßigt",
  "genehmigen",
  "genetisch",
  "gewissenhaft",
  "gewissermaßen",
  "gewähren",
  "gibt es noch Fragen",
  "gleichwertig",
  "grausam",
  "habe ich Sie richtig verstanden, dass",
  "harmlos",
  "heilen",
  "heimlich",
  "heraus",
  "herstellen",
  "hervorragend",
  "hervorrufen",
  "hiermit",
  "hin- und hergerissen sein",
  "hinein",
  "hinterher",
  "hinzu kommt, dass",
  "ich bitte Sie daher",
  "ich habe dieses Thema gewählt, weil",
  "ich habe euren Beitrag mit Interesse gelesen",
  "ich halte es für wichtig, dass",
  "ich kann mich … nur anschließen",
  "ich komme nun zu",
  "ich möchte mich erkundigen, ob",
  "ich schlage vor, dass",
  "ich stehe auf dem Standpunkt, dass",
  "ich verstehe Ihren Standpunkt, aber",
  "ich wende mich an Sie, weil",
  "ich würde mich über eine baldige Antwort freuen",
  "idyllisch",
  "im Anhang finden Sie",
  "im Grunde",
  "im Prinzip ja, aber",
  "im ersten Teil",
  "im übertragenen Sinne",
  "improvisieren",
  "in Erinnerung rufen",
  "in Worte fassen",
  "in den Vordergrund rücken",
  "in die Geschichte eingehen",
  "in die Tat umsetzen",
  "in die engere Auswahl kommen",
  "in erster Linie",
  "in gewisser Hinsicht",
  "in meinem Heimatland ist es so, dass",
  "in meiner Präsentation geht es um",
  "indes",
  "innovativ",
  "ins Auge fallen",
  "ins Leben rufen",
  "interdisziplinär",
  "investieren (in + Akk.)",
  "ironisch",
  "jeweilig",
  "klinisch",
  "konservativ",
  "konsumieren",
  "konzertant",
  "kostspielig",
  "kurz gesagt",
  "könnten Sie das näher erläutern",
  "könnten Sie mir bitte mitteilen",
  "künstlerisch",
  "kürzen",
  "lass mich bitte ausreden",
  "legitim",
  "leidenschaftlich",
  "liberal",
  "liefern",
  "locken",
  "locker",
  "logisch",
  "lukrativ",
  "ländlich",
  "man darf nicht vergessen, dass",
  "maschinelles Lernen",
  "medizinisch",
  "mehrdeutig",
  "mein Vortrag gliedert sich in",
  "messen",
  "methodisch",
  "mitreißend",
  "moderieren",
  "moralisch",
  "multikulturell",
  "mündig",
  "nachreichen",
  "nahezu",
  "neidisch",
  "netto",
  "netzwerken",
  "nicht meinen Erwartungen entsprechen",
  "nicht zu vergessen ist",
  "nicht zuletzt",
  "nüchtern",
  "parlamentarisch",
  "passend",
  "pathetisch",
  "pfeifen",
  "philosophieren",
  "plausibel",
  "poetisch",
  "polarisieren",
  "populistisch",
  "prekär",
  "profitieren",
  "präzise",
  "radikal",
  "rasch",
  "rechtfertigen",
  "rechtsextrem",
  "relativieren",
  "religiös",
  "rentabel",
  "repräsentativ",
  "rote Zahlen schreiben",
  "routiniert",
  "schlicht",
  "schrumpfen",
  "schuften",
  "schwungvoll",
  "seinen Lauf nehmen",
  "selbstbestimmt",
  "selbstlos",
  "sesshaft",
  "sich (Dat.) ein Ziel setzen",
  "sich (Dat.) einen Überblick verschaffen",
  "sich (Dat.) etwas gönnen",
  "sich bewähren",
  "sich einbürgern lassen",
  "sich einleben",
  "sich einschreiben",
  "sich einsingen",
  "sich erkundigen (nach + Dat.)",
  "sich hineinversetzen (in + Akk.)",
  "sich selbstständig machen",
  "sich versammeln",
  "sich verschulden",
  "sich versingen",
  "sich verständigen",
  "sich zur Wahl stellen",
  "sich zurechtfinden",
  "sich über Wasser halten",
  "signifikant",
  "skeptisch",
  "solidarisch",
  "souverän",
  "sowie",
  "sozusagen",
  "speziell",
  "staatlich",
  "stammen",
  "statistisch",
  "sterblich",
  "steuerlich",
  "stichhaltig",
  "streamen",
  "streng genommen",
  "strikt",
  "strukturschwach",
  "städtisch",
  "subjektiv",
  "subventionieren",
  "szenisch",
  "säkular",
  "sämtliche",
  "totalitär",
  "tragisch",
  "um noch einmal auf … zurückzukommen",
  "umgangssprachlich",
  "umgekehrt",
  "umso",
  "unangenehm",
  "unantastbar",
  "unbefristet",
  "unbezahlt",
  "ungerecht",
  "unheilbar",
  "unmenschlich",
  "unter bestimmten Bedingungen",
  "unter die Lupe nehmen",
  "unterdessen",
  "unterdrücken",
  "unterliegen",
  "unterzeichnen",
  "unvollständig",
  "veraltet",
  "veranschaulichen",
  "veranstalten",
  "verantwortungslos",
  "verantwortungsvoll",
  "vergeben",
  "verleihen",
  "vermarkten",
  "vernetzt",
  "verpflichtet (zu + Dat.)",
  "vertiefen",
  "vertretbar",
  "verwalten",
  "verwerflich",
  "verwurzelt",
  "verzerrt",
  "vielen Dank für Ihre Aufmerksamkeit",
  "vielen Dank im Voraus",
  "virtuos",
  "vollständig",
  "vorerst",
  "vorlegen",
  "vorliegen",
  "vornehmen",
  "vorsätzlich",
  "wahlberechtigt",
  "was genau verstehen Sie unter",
  "was mich betrifft",
  "weltoffen",
  "werktreu",
  "wettbewerbsfähig",
  "widerlegen",
  "widersprüchlich",
  "wie Sie auf dieser Folie sehen",
  "wie das Beispiel zeigt",
  "wie meinen Sie das genau",
  "wir sind uns einig, dass",
  "wirtschaftlich",
  "wofür",
  "wörtlich",
  "zeitgenössisch",
  "zensieren",
  "zerlegen",
  "zielstrebig",
  "zitieren",
  "zu meinem Bedauern musste ich feststellen",
  "zugänglich",
  "zulassungsfrei",
  "zum Vorschein kommen",
  "zumutbar",
  "zunächst möchte ich",
  "zur Rechenschaft ziehen",
  "zur Wahl gehen",
  "zurückerstatten",
  "zurückkehren",
  "zurückzahlen",
  "zwingen",
  "zwischen den Stühlen sitzen",
  "zwischen den Zeilen lesen",
  "zögern",
  "äußerst",
  "überraschend",
  "überweisen"
 ],
 "prov": [
  "de6-hoe-1",
  "de6-hoe-10",
  "de6-hoe-11",
  "de6-hoe-12",
  "de6-hoe-2",
  "de6-hoe-3",
  "de6-hoe-4",
  "de6-hoe-5",
  "de6-hoe-6",
  "de6-hoe-7",
  "de6-hoe-8",
  "de6-hoe-9",
  "de6-le-1",
  "de6-le-10",
  "de6-le-11",
  "de6-le-12",
  "de6-le-13",
  "de6-le-14",
  "de6-le-15",
  "de6-le-2",
  "de6-le-3",
  "de6-le-4",
  "de6-le-5",
  "de6-le-6",
  "de6-le-7",
  "de6-le-8",
  "de6-le-9",
  "de6-sc-1",
  "de6-sc-2",
  "de6-sc-3",
  "de6-sc-4",
  "de6-sc-5",
  "de6-sc-6",
  "de6-sc-7",
  "de6-sc-8",
  "de6-sp-1",
  "de6-sp-2",
  "de6-sp-3",
  "de6-sp-4",
  "de6-sp-5",
  "de6-sp-6",
  "de6-sp-7",
  "de6-sp-8"
 ]
}
