{
 "_": "Skrivs av build.py. Id:n här får aldrig försvinna (framstegen hänger på dem), se CLAUDE.md om hur en borttagning godkänns.",
 "storageKey": "glosor-frs5-v1",
 "avsnitt": [
  "v1",
  "v2",
  "v3",
  "v4",
  "v5",
  "v6",
  "v7",
  "v8",
  "vr"
 ],
 "grammatikområden": [
  "accord",
  "condp",
  "conn",
  "disc",
  "err",
  "ger",
  "pass",
  "sipqp",
  "subj"
 ],
 "grammatikregler": [
  "accord-apres",
  "accord-en",
  "accord-pron",
  "accord-q",
  "accord-que",
  "condp-etre",
  "condp-form",
  "condp-info",
  "condp-regret",
  "conn-but",
  "conn-conc",
  "conn-opp",
  "conn-prep",
  "disc-cond",
  "disc-imp",
  "disc-imper",
  "disc-pqp",
  "disc-pron",
  "disc-q",
  "ger-form",
  "ger-irr",
  "ger-sens",
  "ger-tout",
  "pass-accord",
  "pass-on",
  "pass-par",
  "pass-pc",
  "pass-pres",
  "pass-temps",
  "sipqp-form",
  "sipqp-mix",
  "sipqp-temps",
  "subj-conj",
  "subj-emo",
  "subj-falloir",
  "subj-form",
  "subj-ind",
  "subj-inf",
  "subj-vol"
 ],
 "innehåll/culture": [
  "c-v1",
  "c-v2",
  "c-v3",
  "c-v4",
  "c-v5",
  "c-v6",
  "c-v7",
  "c-v8"
 ],
 "innehåll/grammar": [
  "accord-001",
  "accord-002",
  "accord-003",
  "accord-004",
  "accord-005",
  "accord-006",
  "accord-007",
  "accord-008",
  "accord-009",
  "accord-010",
  "accord-011",
  "accord-012",
  "accord-013",
  "accord-014",
  "accord-015",
  "accord-016",
  "accord-017",
  "accord-018",
  "accord-019",
  "accord-020",
  "condp-001",
  "condp-002",
  "condp-003",
  "condp-004",
  "condp-005",
  "condp-006",
  "condp-007",
  "condp-008",
  "condp-009",
  "condp-010",
  "condp-011",
  "condp-012",
  "condp-013",
  "condp-014",
  "condp-015",
  "condp-016",
  "condp-017",
  "condp-018",
  "condp-019",
  "condp-020",
  "conn-001",
  "conn-002",
  "conn-003",
  "conn-004",
  "conn-005",
  "conn-006",
  "conn-007",
  "conn-008",
  "conn-009",
  "conn-010",
  "conn-011",
  "conn-012",
  "conn-013",
  "conn-014",
  "conn-015",
  "conn-016",
  "conn-017",
  "conn-018",
  "conn-019",
  "conn-020",
  "disc-001",
  "disc-002",
  "disc-003",
  "disc-004",
  "disc-005",
  "disc-006",
  "disc-007",
  "disc-008",
  "disc-009",
  "disc-010",
  "disc-011",
  "disc-012",
  "disc-013",
  "disc-014",
  "disc-015",
  "disc-016",
  "disc-017",
  "disc-018",
  "disc-019",
  "disc-020",
  "ger-001",
  "ger-002",
  "ger-003",
  "ger-004",
  "ger-005",
  "ger-006",
  "ger-007",
  "ger-008",
  "ger-009",
  "ger-010",
  "ger-011",
  "ger-012",
  "ger-013",
  "ger-014",
  "ger-015",
  "ger-016",
  "ger-017",
  "ger-018",
  "ger-019",
  "ger-020",
  "ger-021",
  "pass-001",
  "pass-002",
  "pass-003",
  "pass-004",
  "pass-005",
  "pass-006",
  "pass-007",
  "pass-008",
  "pass-009",
  "pass-010",
  "pass-011",
  "pass-012",
  "pass-013",
  "pass-014",
  "pass-015",
  "pass-016",
  "pass-017",
  "pass-018",
  "pass-019",
  "pass-020",
  "sipqp-001",
  "sipqp-002",
  "sipqp-003",
  "sipqp-004",
  "sipqp-005",
  "sipqp-006",
  "sipqp-007",
  "sipqp-008",
  "sipqp-009",
  "sipqp-010",
  "sipqp-011",
  "sipqp-012",
  "sipqp-013",
  "sipqp-014",
  "sipqp-015",
  "sipqp-016",
  "sipqp-017",
  "sipqp-018",
  "sipqp-019",
  "sipqp-020",
  "subj-001",
  "subj-002",
  "subj-003",
  "subj-004",
  "subj-005",
  "subj-006",
  "subj-007",
  "subj-008",
  "subj-009",
  "subj-010",
  "subj-011",
  "subj-012",
  "subj-013",
  "subj-014",
  "subj-015",
  "subj-016",
  "subj-017",
  "subj-018",
  "subj-019",
  "subj-020",
  "subj-021",
  "subj-022"
 ],
 "innehåll/listening": [
  "l-v1-1",
  "l-v1-2",
  "l-v2-1",
  "l-v2-2",
  "l-v3-1",
  "l-v3-2",
  "l-v4-1",
  "l-v4-2",
  "l-v5-1",
  "l-v5-2",
  "l-v6-1",
  "l-v6-2",
  "l-v7-1",
  "l-v7-2",
  "l-v8-1",
  "l-v8-2"
 ],
 "innehåll/mal": [
  "mal-v1",
  "mal-v2",
  "mal-v3",
  "mal-v4",
  "mal-v5",
  "mal-v6",
  "mal-v7",
  "mal-v8",
  "mal-vr"
 ],
 "innehåll/phrases": [
  "p01",
  "p02",
  "p03",
  "p04",
  "p05",
  "p06",
  "p07",
  "p08",
  "p09",
  "p10",
  "p11",
  "p12",
  "p13",
  "p14",
  "p15",
  "p16",
  "p17",
  "p18",
  "p19",
  "p20",
  "p21",
  "p22",
  "p23",
  "p24"
 ],
 "innehåll/prompts": [
  "w-v1-asikt",
  "w-v1-medling",
  "w-v1-mejl",
  "w-v2-blogg",
  "w-v2-brev",
  "w-v2-medling",
  "w-v3-forum",
  "w-v3-medling",
  "w-v3-uppfinning",
  "w-v4-asikt",
  "w-v4-medling",
  "w-v4-rad",
  "w-v5-asikt",
  "w-v5-medling",
  "w-v5-sprak",
  "w-v6-berattelse",
  "w-v6-medling",
  "w-v6-recension",
  "w-v7-asikt",
  "w-v7-konsert",
  "w-v7-medling",
  "w-v8-asikt",
  "w-v8-medling",
  "w-v8-mejl"
 ],
 "innehåll/reading": [
  "r-v1-mail",
  "r-v1-portrait",
  "r-v2-guide",
  "r-v2-reportage",
  "r-v3-forum",
  "r-v3-vulga",
  "r-v4-manuel",
  "r-v4-vulga",
  "r-v5-portrait",
  "r-v5-reportage",
  "r-v6-critique",
  "r-v6-nouvelle",
  "r-v7-critique",
  "r-v7-mail",
  "r-v8-reportage",
  "r-v8-vulga"
 ],
 "innehåll/stories": [
  "s-v1",
  "s-v2",
  "s-v3",
  "s-v4",
  "s-v5",
  "s-v6",
  "s-v7",
  "s-v8"
 ],
 "innehåll/uttal": [
  "utt-accord",
  "utt-condp",
  "utt-eu",
  "utt-ger",
  "utt-liaison",
  "utt-nasal",
  "utt-subj",
  "utt-u"
 ],
 "ord": [
  "abîmer",
  "administratif, -ve",
  "admis, -e",
  "afin de",
  "allergique",
  "allumer",
  "alors que",
  "anticiper",
  "anxieux, -se",
  "appartenir à",
  "apprécier",
  "appuyer sur",
  "arrêter de fumer",
  "au lieu de",
  "au maximum",
  "au sujet de",
  "automatique",
  "autonome",
  "avant que",
  "aveugle",
  "avoir du mal à",
  "avoir hâte de",
  "avoir l'intention de",
  "avoir mal au ventre",
  "avoir mal à la tête",
  "belge",
  "bien que",
  "bio",
  "bon marché",
  "bouleversant, -e",
  "boycotter",
  "brancher",
  "bénéfique",
  "calculer",
  "captivant, -e",
  "caricatural, -e",
  "cependant",
  "certes",
  "chargé, -e",
  "chiner",
  "comique",
  "comparer",
  "composer",
  "comprendre de travers",
  "compétent, -e",
  "confirmer",
  "consommer",
  "contagieux, -se",
  "contrairement à",
  "corriger",
  "coudre",
  "créer",
  "créer son entreprise",
  "d'ailleurs",
  "d'occasion",
  "d'outre-mer",
  "d'un côté … de l'autre",
  "d'une part … d'autre part",
  "dans l'attente de votre réponse",
  "de sorte que",
  "descendre de",
  "dessiner",
  "deviner",
  "diminuer",
  "diplômé, -e",
  "diriger un orchestre",
  "divulgâcher",
  "drôle",
  "durable",
  "découvrir",
  "démissionner",
  "déprimé, -e",
  "désactiver",
  "embaucher",
  "emprunter un livre",
  "en arrière-plan",
  "en bref",
  "en définitive",
  "en forme",
  "en revanche",
  "en résumé",
  "enceinte",
  "ennuyeux, -se",
  "enrhumé, -e",
  "enrichissant, -e",
  "ensuite",
  "entraîner",
  "exiger",
  "exigé, -e",
  "expirer",
  "expliquer",
  "exposer",
  "fabriquer",
  "faciliter",
  "facultatif, -ve",
  "faire grève",
  "faire la caisse",
  "familier, -ère",
  "fiable",
  "financer",
  "fonctionner",
  "force est de constater que",
  "fournir",
  "francophone",
  "gaspiller",
  "guérir",
  "huitante",
  "il aurait mieux valu",
  "il est indispensable que",
  "il est vrai que",
  "il faut reconnaître que",
  "il me paraît essentiel que",
  "il me semble que",
  "il s'agit de",
  "imaginaire",
  "imiter",
  "imposer",
  "improviser",
  "indiquer",
  "influencer",
  "innovant, -e",
  "inoubliable",
  "international, -e",
  "inutile",
  "inventer une histoire",
  "j'aurais dû",
  "je me permets de",
  "je ne suis pas du tout d'accord",
  "je regrette que",
  "je suis d'accord avec",
  "je suis ravi que",
  "je vous prie de",
  "je vous remercie de",
  "jetable",
  "jouer d'oreille",
  "jouer faux",
  "jouer juste",
  "jouer le rôle de",
  "l'Acadie",
  "l'Académie française",
  "l'Afrique de l'Ouest",
  "l'Institut français",
  "l'ONU",
  "l'Organisation internationale de la Francophonie",
  "l'académicien, l'académicienne",
  "l'accent du Midi",
  "l'accent québécois",
  "l'accompagnateur, l'accompagnatrice",
  "l'accord",
  "l'accueil des étudiants",
  "l'achat en ligne",
  "l'acouphène",
  "l'acte",
  "l'activité physique",
  "l'affichage",
  "l'agent",
  "l'agriculteur, l'agricultrice",
  "l'aide au logement",
  "l'album",
  "l'alcool",
  "l'algorithme",
  "l'alimentation",
  "l'allergie",
  "l'alphabétisation",
  "l'alternance",
  "l'ambassade",
  "l'amphithéâtre",
  "l'anglicisme",
  "l'anglophone",
  "l'angoisse",
  "l'année de césure",
  "l'antibiotique",
  "l'appareil",
  "l'appréciation",
  "l'arabe",
  "l'argot",
  "l'arnaque",
  "l'arrêt maladie",
  "l'art contemporain",
  "l'article montre que",
  "l'artisan",
  "l'artiste",
  "l'association",
  "l'association étudiante",
  "l'assurance",
  "l'astronaute",
  "l'atmosphère",
  "l'attestation",
  "l'audioguide",
  "l'audition",
  "l'autonomie",
  "l'avenir de la planète",
  "l'avenir professionnel",
  "l'emballage",
  "l'emploi du temps",
  "l'employeur",
  "l'empreinte carbone",
  "l'emprunt",
  "l'enceinte",
  "l'engagement",
  "l'enjeu",
  "l'enquête",
  "l'enquêteur, l'enquêtrice",
  "l'enregistreur",
  "l'enseignant, l'enseignante",
  "l'entrepreneur, l'entrepreneuse",
  "l'entretien d'embauche",
  "l'environnement",
  "l'espèce",
  "l'espérance de vie",
  "l'esquisse",
  "l'essencerie",
  "l'exigence",
  "l'expatrié, l'expatriée",
  "l'expert, l'experte",
  "l'explication",
  "l'exposition",
  "l'expression",
  "l'expérience professionnelle",
  "l'habitant, l'habitante",
  "l'harmonie",
  "l'hirondelle",
  "l'horaire",
  "l'humour",
  "l'hypothèse",
  "l'héritage",
  "l'hôpital",
  "l'identité",
  "l'imagerie médicale",
  "l'impact",
  "l'impressionnisme",
  "l'improvisation",
  "l'indice",
  "l'industrie",
  "l'indépendant, l'indépendante",
  "l'infection",
  "l'infirmier, l'infirmière",
  "l'influence",
  "l'influenceur, l'influenceuse",
  "l'ingénieur, l'ingénieure",
  "l'innovation",
  "l'inscription",
  "l'insomnie",
  "l'inspecteur, l'inspectrice",
  "l'inspiration",
  "l'instrument à cordes",
  "l'instrument à vent",
  "l'intelligence artificielle",
  "l'interdiction",
  "l'intermittent du spectacle",
  "l'interprète",
  "l'intrigue",
  "l'inventeur, l'inventrice",
  "l'invention",
  "l'ironie",
  "l'objet",
  "l'observation",
  "l'obsolescence programmée",
  "l'obésité",
  "l'offre d'emploi",
  "l'onde",
  "l'opéra",
  "l'opération",
  "l'orchestre symphonique",
  "l'ordonnance",
  "l'ordre du jour",
  "l'orientation",
  "l'orthographe",
  "l'outil",
  "l'ouverture d'esprit",
  "l'ouvrier, l'ouvrière",
  "l'ouïe",
  "l'ouïe fine",
  "l'univers",
  "l'université d'accueil",
  "l'urgence",
  "l'usine",
  "l'utilisateur, l'utilisatrice",
  "l'utilisation",
  "l'échange standard",
  "l'échantillon",
  "l'échauffement",
  "l'éclairage",
  "l'économie circulaire",
  "l'écrivain francophone",
  "l'éditeur, l'éditrice",
  "l'élément",
  "l'émotion",
  "l'épaule",
  "l'épidémie",
  "l'époque",
  "l'épuisement professionnel",
  "l'équilibre",
  "l'équipe",
  "l'équivalence",
  "l'étage",
  "l'étiquette",
  "l'étoile",
  "l'étudiant étranger",
  "l'évolution",
  "la Charte de la langue française",
  "la Journée de la Francophonie",
  "la Loi 101",
  "la Louisiane",
  "la Nouvelle-France",
  "la baguette",
  "la baisse",
  "la balado",
  "la batterie",
  "la bibliothèque",
  "la bibliothèque universitaire",
  "la biodiversité",
  "la biologie",
  "la blessure",
  "la bonne affaire",
  "la campagne",
  "la candidature spontanée",
  "la canette",
  "la canicule",
  "la capitale",
  "la carrière",
  "la carte Vitale",
  "la carte d'étudiant",
  "la carte européenne d'assurance maladie",
  "la caution",
  "la cellule",
  "la centrale",
  "la chanson française",
  "la chaîne de production",
  "la chimie",
  "la chorale",
  "la chorégraphie",
  "la citoyenneté",
  "la colocation",
  "la colonie",
  "la colonisation",
  "la colonne vertébrale",
  "la commande",
  "la comparaison",
  "la composition",
  "la concentration",
  "la concurrence",
  "la consigne",
  "la consommation",
  "la consultation",
  "la copie",
  "la cotisation",
  "la couleur",
  "la couverture",
  "la critique",
  "la création",
  "la cure",
  "la cybersécurité",
  "la danse",
  "la date de péremption",
  "la demande de logement",
  "la dictée",
  "la diplomatie",
  "la discrimination",
  "la diversité",
  "la dopamine",
  "la douleur",
  "la durée de vie",
  "la dépendance",
  "la dépression",
  "la fable",
  "la fabrication",
  "la faculté",
  "la famille d'accueil",
  "la fast fashion",
  "la fatigue",
  "la fiche de paie",
  "la fiction",
  "la fierté",
  "la fin ouverte",
  "la fièvre",
  "la formation continue",
  "la francophonie",
  "la friperie",
  "la frontière",
  "la fréquence",
  "la fusée",
  "la galerie",
  "la gamme",
  "la garantie",
  "la gestion du stress",
  "la gorge",
  "la grammaire",
  "la grande école",
  "la grippe",
  "la guérison",
  "la hausse",
  "la kinésithérapie",
  "la langue de travail",
  "la langue maternelle",
  "la langue officielle",
  "la langue régionale",
  "la langue seconde",
  "la langue étrangère",
  "la lecture",
  "la librairie",
  "la licence",
  "la liste d'attente",
  "la livraison",
  "la localisation",
  "la location",
  "la luminosité",
  "la lumière",
  "la légende",
  "la machine",
  "la mairie",
  "la maison d'édition",
  "la maladie",
  "la marque",
  "la mesure",
  "la minorité linguistique",
  "la mise en place",
  "la mise en scène",
  "la mise à jour",
  "la mobilité",
  "la mode",
  "la mondialisation",
  "la morale",
  "la moyenne",
  "la musique de chambre",
  "la mutuelle",
  "la médiathèque",
  "la médiathèque musicale",
  "la méditation",
  "la mélodie",
  "la mémoire",
  "la métaphore",
  "la naissance",
  "la narration",
  "la norme",
  "la note",
  "la page",
  "la panne",
  "la paperasse",
  "la partition",
  "la parution",
  "la pause",
  "la pause déjeuner",
  "la peau",
  "la peinture",
  "la pharmacie de garde",
  "la photographie",
  "la physique",
  "la pièce de théâtre",
  "la planète",
  "la plateforme",
  "la platine",
  "la platine vinyle",
  "la politique linguistique",
  "la pollution",
  "la population",
  "la posture",
  "la poubelle",
  "la poésie",
  "la prise de conscience",
  "la prise de sang",
  "la productivité",
  "la promotion",
  "la prononciation",
  "la protection",
  "la précarité",
  "la prédiction",
  "la préparation",
  "la prévention",
  "la qualité",
  "la radioactivité",
  "la radiographie",
  "la rancune",
  "la rentrée universitaire",
  "la reprise",
  "la respiration",
  "la revendication",
  "la richesse",
  "la rime",
  "la réclamation",
  "la réduction",
  "la réforme",
  "la région",
  "la rémunération",
  "la réparabilité",
  "la répétition",
  "la résidence universitaire",
  "la saison",
  "la salle comble",
  "la salle de concert",
  "la santé",
  "la santé auditive",
  "la santé mentale",
  "la santé numérique",
  "la science",
  "la sculpture",
  "la seconde main",
  "la semaine de quatre jours",
  "la sensibilité",
  "la sobriété",
  "la société de consommation",
  "la solidarité",
  "la solitude",
  "la sonate",
  "la source",
  "la souris",
  "la soutenance",
  "la strophe",
  "la subvention",
  "la suite",
  "la symphonie",
  "la sécheresse",
  "la sécurité sociale",
  "la série",
  "la taxe",
  "la teinture",
  "la tirade",
  "la tournée",
  "la tradition orale",
  "la traduction",
  "la traduction automatique",
  "la trahison",
  "la transmission",
  "la tâche",
  "la vaccination",
  "la variété",
  "la vengeance",
  "la vente entre particuliers",
  "la vibration",
  "la vie privée",
  "la virtuosité",
  "la visite guidée",
  "la vitesse",
  "la voix narrative",
  "la vue",
  "la vulgarisation",
  "le Belge, la Belge",
  "le CDD",
  "le CDI",
  "le Cajun",
  "le Goncourt des lycéens",
  "le Maghreb",
  "le Parlement européen",
  "le Québécois, la Québécoise",
  "le Suisse, la Suissesse",
  "le Sénégalais, la Sénégalaise",
  "le bien-être",
  "le bilan",
  "le bis",
  "le bocal",
  "le boursier, la boursière",
  "le bouton",
  "le boycott",
  "le brevet",
  "le bureau",
  "le bureau des relations internationales",
  "le bénévolat",
  "le bénévole, la bénévole",
  "le cabinet médical",
  "le cadre",
  "le caissier, la caissière",
  "le calcul",
  "le calendrier",
  "le campus",
  "le candidat, la candidate",
  "le canton",
  "le casque",
  "le certificat",
  "le cerveau",
  "le chanteur, la chanteuse",
  "le chef d'entreprise",
  "le chef d'orchestre",
  "le chiffre",
  "le choc culturel",
  "le chômage",
  "le chômeur, la chômeuse",
  "le chœur",
  "le circuit court",
  "le citoyen, la citoyenne",
  "le clavardage",
  "le clavier",
  "le client, la cliente",
  "le club de lecture",
  "le colis",
  "le collègue, la collègue",
  "le colocataire, la colocataire",
  "le commerce équitable",
  "le commerçant, la commerçante",
  "le compositeur, la compositrice",
  "le comprimé",
  "le compte",
  "le compte bancaire",
  "le concerto",
  "le concours d'entrée",
  "le congé",
  "le congé parental",
  "le consommateur, la consommatrice",
  "le conte",
  "le conte de fées",
  "le continent",
  "le contrat d'études",
  "le contrôle",
  "le correcteur, la correctrice",
  "le coton",
  "le couplet",
  "le cours magistral",
  "le covoiturage",
  "le critique, la critique",
  "le créole",
  "le cuisinier, la cuisinière",
  "le cursus",
  "le câble",
  "le danseur, la danseuse",
  "le dessin",
  "le dialecte",
  "le directeur de recherche",
  "le disque",
  "le don du sang",
  "le dossier de candidature",
  "le décalage",
  "le décibel",
  "le défi",
  "le délai",
  "le dénouement",
  "le départ",
  "le dépistage",
  "le député, la députée",
  "le développement durable",
  "le dîner",
  "le fauteuil roulant",
  "le festival",
  "le fichier",
  "le flûtiste, la flûtiste",
  "le fonctionnaire",
  "le fonctionnement",
  "le fournisseur, la fournisseuse",
  "le francophile, la francophile",
  "le frisson",
  "le gaspillage",
  "le genre",
  "le genre musical",
  "le geste",
  "le gouvernement",
  "le goût",
  "le graphique",
  "le graphiste, la graphiste",
  "le griot",
  "le groupe de musique",
  "le gréviste, la gréviste",
  "le guichet",
  "le gène",
  "le jazz",
  "le jour férié",
  "le journal intime",
  "le justificatif",
  "le label",
  "le laboratoire",
  "le lecteur numérique",
  "le licenciement",
  "le livre audio",
  "le livreur, la livreuse",
  "le local de répétition",
  "le locuteur natif",
  "le locuteur, la locutrice",
  "le logement étudiant",
  "le logiciel",
  "le loyer",
  "le lycéen, la lycéenne",
  "le magasin de vrac",
  "le mal du pays",
  "le malentendant, la malentendante",
  "le manuscrit",
  "le marché du travail",
  "le masque",
  "le metteur en scène",
  "le militant, la militante",
  "le minimalisme",
  "le mobile",
  "le mode d'emploi",
  "le mode de consommation",
  "le mode de vie",
  "le moral",
  "le morceau",
  "le mot d'origine",
  "le mouvement",
  "le muscle",
  "le musée",
  "le mythe",
  "le méchant",
  "le mécène",
  "le médecin du travail",
  "le médecin généraliste",
  "le médicament",
  "le mélange",
  "le mémoire",
  "le métier",
  "le métissage",
  "le narrateur, la narratrice",
  "le navigateur",
  "le niveau de langue",
  "le niveau de vie",
  "le niveau requis",
  "le nouvel arrivant, la nouvelle arrivante",
  "le nuage",
  "le nymphéa",
  "le néerlandais",
  "le néologisme",
  "le particulier",
  "le partiel",
  "le patois",
  "le pays d'origine",
  "le peintre, la peintre",
  "le personnage secondaire",
  "le petit boulot",
  "le pharmacien, la pharmacienne",
  "le phonographe",
  "le phénomène",
  "le pianiste, la pianiste",
  "le piratage",
  "le plurilinguisme",
  "le poignet",
  "le polar",
  "le polar nordique",
  "le portefeuille",
  "le portrait",
  "le poste",
  "le pourboire",
  "le pourcentage",
  "le pouvoir d'achat",
  "le prix Nobel",
  "le prix littéraire",
  "le programmateur, la programmatrice",
  "le programme d'échange",
  "le progrès technique",
  "le propriétaire, la propriétaire",
  "le prototype",
  "le proverbe",
  "le psychologue, la psychologue",
  "le quartier populaire",
  "le quatuor",
  "le rap",
  "le rayonnement",
  "le rebondissement",
  "le recrutement",
  "le recueil",
  "le recyclage",
  "le refrain",
  "le registre",
  "le relevé bancaire",
  "le relevé de notes",
  "le rendez-vous médical",
  "le repair café",
  "le responsable, la responsable",
  "le restaurant universitaire",
  "le retour",
  "le retour en arrière",
  "le retraité, la retraitée",
  "le rez-de-chaussée",
  "le rhume",
  "le roman d'aventures",
  "le roman graphique",
  "le roman historique",
  "le rythme",
  "le rythme de vie",
  "le réchauffement climatique",
  "le récit",
  "le récital",
  "le régime",
  "le réglage",
  "le répertoire",
  "le réseau",
  "le sac en tissu",
  "le sac plastique",
  "le salarié, la salariée",
  "le sculpteur, la sculptrice",
  "le scénario",
  "le scénariste",
  "le secourisme",
  "le secret",
  "le secrétariat",
  "le secteur",
  "le semestre",
  "le semestre d'échange",
  "le sentiment d'appartenance",
  "le serveur, la serveuse",
  "le service client",
  "le single",
  "le soliste, la soliste",
  "le sommeil",
  "le souper",
  "le sous-titre",
  "le spectacle",
  "le spécialiste, la spécialiste",
  "le stagiaire, la stagiaire",
  "le statut",
  "le stockage",
  "le street art",
  "le stress",
  "le sucre",
  "le suspense",
  "le symptôme",
  "le syndicat",
  "le séjour",
  "le séjour linguistique",
  "le tableau",
  "le tablier",
  "le tandem linguistique",
  "le tempo",
  "le temps de travail",
  "le territoire",
  "le texte traite de",
  "le ticket de caisse",
  "le tissu",
  "le titre de séjour",
  "le trac",
  "le trac de scène",
  "le traducteur, la traductrice",
  "le traitement",
  "le trajet",
  "le travailleur, la travailleuse",
  "le tri sélectif",
  "le tube",
  "le télétravail",
  "le télétravailleur, la télétravailleuse",
  "le vaccin",
  "le vendeur, la vendeuse",
  "le verlan",
  "le vieillissement",
  "le violoncelliste, la violoncelliste",
  "le violoniste, la violoniste",
  "le virus",
  "le visiteur, la visiteuse",
  "le vocabulaire",
  "le wolof",
  "les DOM-TOM",
  "les ancêtres",
  "les bouchons d'oreille",
  "les conditions de travail",
  "les costumes",
  "les coutumes",
  "les cuivres",
  "les droits d'auteur",
  "les déchets",
  "les décors",
  "les démarches",
  "les frais d'inscription",
  "les gaz à effet de serre",
  "les générations futures",
  "les heures supplémentaires",
  "les impôts",
  "les invendus",
  "les matières grasses",
  "les matières premières",
  "les paroles",
  "les percussions",
  "les premiers secours",
  "les produits laitiers",
  "les progrès",
  "les protections auditives",
  "les ressources naturelles",
  "les restes",
  "les retrouvailles",
  "les soins",
  "les soldes",
  "les transports en commun",
  "les travaux dirigés",
  "les urgences",
  "les économies d'énergie",
  "les écouteurs",
  "les études supérieures",
  "licencier",
  "livrer",
  "louer",
  "lâcher",
  "malgré",
  "manifester",
  "manquer à quelqu'un",
  "marchander",
  "maîtriser",
  "menacé, -e",
  "mesurer",
  "mettre au point",
  "mettre à jour",
  "mélanger",
  "même si",
  "non seulement … mais aussi",
  "nonante",
  "nucléaire",
  "numérique",
  "néanmoins",
  "observer",
  "paraître",
  "parler couramment",
  "parler plusieurs langues",
  "peindre",
  "permettre de",
  "polluer",
  "posséder",
  "pour conclure",
  "pour que",
  "pourtant",
  "prendre des notes",
  "prescrire",
  "progresser",
  "prolonger",
  "promouvoir",
  "prononcer",
  "protéger",
  "précaire",
  "précis, -e",
  "prévenir",
  "périmé, -e",
  "qu'en pensez-vous ?",
  "qualifié, -e",
  "quant à moi",
  "quel dommage",
  "québécois, -e",
  "raccommoder",
  "radioactif, -ve",
  "reconditionné, -e",
  "reconnaître un diplôme",
  "recruter",
  "recycler",
  "redémarrer",
  "refusé, -e",
  "relever un défi",
  "rembourser",
  "remplacer",
  "remplir un formulaire",
  "rentrer au pays",
  "respirer",
  "revendiquer",
  "romand, -e",
  "réaliste",
  "régler",
  "réparable",
  "réviser",
  "révéler",
  "s'adapter",
  "s'endormir",
  "s'ennuyer de",
  "s'intégrer",
  "s'échauffer",
  "s'évanouir",
  "saisonnier, -ère",
  "sans aucun doute",
  "sans cesse",
  "sans fil",
  "sauvegarder",
  "scientifique",
  "se blesser",
  "se charger de",
  "se concentrer",
  "se connecter",
  "se dérouler",
  "se détendre",
  "se faire des amis",
  "se faire opérer",
  "se faire rembourser",
  "se faire vacciner",
  "se lancer",
  "se reconvertir",
  "se réveiller",
  "se venger",
  "selon l'auteur",
  "selon moi",
  "sensibiliser",
  "septante",
  "si j'avais su",
  "soigner",
  "souffrir de",
  "soupçonner",
  "sourd, -e",
  "sous-louer",
  "soutenu, -e",
  "stocker",
  "suisse",
  "suite à",
  "survivre",
  "sédentaire",
  "tester",
  "tiré, -e de",
  "tousser",
  "tout d'abord",
  "traduire",
  "tragique",
  "transmettre",
  "trembler",
  "trier",
  "tu aurais pu",
  "un instant",
  "une dizaine de",
  "veuillez agréer",
  "vide",
  "vieillir",
  "vraisemblable",
  "à condition que",
  "à la mode",
  "à la première personne",
  "à mon avis",
  "à plein temps",
  "à tantôt",
  "à temps partiel",
  "à vrai dire",
  "ça dépend",
  "ça m'étonnerait",
  "ça ne vaut pas le coup",
  "échanger",
  "écologique",
  "économiser",
  "élargir",
  "émouvant, -e",
  "émouvoir",
  "épuiser",
  "épuisé, -e",
  "équilibré, -e",
  "éteindre",
  "éternuer",
  "étudier à l'étranger",
  "évoluer"
 ],
 "prov": [
  "frs5-ce-1",
  "frs5-ce-2",
  "frs5-ce-3",
  "frs5-co-1",
  "frs5-co-2",
  "frs5-co-3",
  "frs5-pe-1",
  "frs5-pe-2",
  "frs5-pe-3",
  "frs5-po-1",
  "frs5-po-2",
  "frs5-po-3"
 ]
}
