{
 "_": "Skrivs av build.py. Id:n här får aldrig försvinna (framstegen hänger på dem), se CLAUDE.md om hur en borttagning godkänns.",
 "storageKey": "glosor-frs4-v1",
 "avsnitt": [
  "h1",
  "h2",
  "h3",
  "h4",
  "h5",
  "h6",
  "h7",
  "h8",
  "hr"
 ],
 "grammatikområden": [
  "cond",
  "conn",
  "disc",
  "dpron",
  "err",
  "pqp",
  "prepinf",
  "rel2",
  "si",
  "subj"
 ],
 "grammatikregler": [
  "cond-conseil",
  "cond-form",
  "cond-irr",
  "cond-poli",
  "conn-cause",
  "conn-cons",
  "conn-opp",
  "conn-temps",
  "disc-imper",
  "disc-pron",
  "disc-q",
  "disc-que",
  "disc-si",
  "dpron-en",
  "dpron-imper",
  "dpron-lui",
  "dpron-ordre",
  "dpron-pc",
  "pi-a",
  "pi-de",
  "pi-zero",
  "pqp-avoir",
  "pqp-etre",
  "pqp-recit",
  "rel-ceque",
  "rel-cequi",
  "rel-dont",
  "rel-mix",
  "si-imp",
  "si-pres",
  "subj-inf",
  "subj-irr",
  "subj-reg"
 ],
 "innehåll/culture": [
  "c-h1",
  "c-h2",
  "c-h3",
  "c-h4",
  "c-h5",
  "c-h6",
  "c-h7",
  "c-h8"
 ],
 "innehåll/grammar": [
  "cond-001",
  "cond-002",
  "cond-003",
  "cond-004",
  "cond-005",
  "cond-006",
  "cond-007",
  "cond-008",
  "cond-009",
  "cond-010",
  "cond-011",
  "cond-012",
  "cond-013",
  "cond-014",
  "cond-015",
  "cond-016",
  "cond-017",
  "cond-018",
  "cond-019",
  "cond-020",
  "cond-021",
  "cond-022",
  "conn-001",
  "conn-002",
  "conn-003",
  "conn-004",
  "conn-005",
  "conn-006",
  "conn-007",
  "conn-008",
  "conn-009",
  "conn-010",
  "conn-011",
  "conn-012",
  "conn-013",
  "conn-014",
  "conn-015",
  "conn-016",
  "conn-017",
  "conn-018",
  "conn-019",
  "conn-020",
  "conn-021",
  "conn-022",
  "disc-001",
  "disc-002",
  "disc-003",
  "disc-004",
  "disc-005",
  "disc-006",
  "disc-007",
  "disc-008",
  "disc-009",
  "disc-010",
  "disc-011",
  "disc-012",
  "disc-013",
  "disc-014",
  "disc-015",
  "disc-016",
  "disc-017",
  "disc-018",
  "disc-019",
  "disc-020",
  "disc-021",
  "disc-022",
  "dpron-001",
  "dpron-002",
  "dpron-003",
  "dpron-004",
  "dpron-005",
  "dpron-006",
  "dpron-007",
  "dpron-008",
  "dpron-009",
  "dpron-010",
  "dpron-011",
  "dpron-012",
  "dpron-013",
  "dpron-014",
  "dpron-015",
  "dpron-016",
  "dpron-017",
  "dpron-018",
  "dpron-019",
  "dpron-020",
  "dpron-021",
  "dpron-022",
  "pqp-001",
  "pqp-002",
  "pqp-003",
  "pqp-004",
  "pqp-005",
  "pqp-006",
  "pqp-007",
  "pqp-008",
  "pqp-009",
  "pqp-010",
  "pqp-011",
  "pqp-012",
  "pqp-013",
  "pqp-014",
  "pqp-015",
  "pqp-016",
  "pqp-017",
  "pqp-018",
  "pqp-019",
  "pqp-020",
  "pqp-021",
  "pqp-022",
  "prepinf-001",
  "prepinf-002",
  "prepinf-003",
  "prepinf-004",
  "prepinf-005",
  "prepinf-006",
  "prepinf-007",
  "prepinf-008",
  "prepinf-009",
  "prepinf-010",
  "prepinf-011",
  "prepinf-012",
  "prepinf-013",
  "prepinf-014",
  "prepinf-015",
  "prepinf-016",
  "prepinf-017",
  "prepinf-018",
  "prepinf-019",
  "prepinf-020",
  "prepinf-021",
  "prepinf-022",
  "rel2-001",
  "rel2-002",
  "rel2-003",
  "rel2-004",
  "rel2-005",
  "rel2-006",
  "rel2-007",
  "rel2-008",
  "rel2-009",
  "rel2-010",
  "rel2-011",
  "rel2-012",
  "rel2-013",
  "rel2-014",
  "rel2-015",
  "rel2-016",
  "rel2-017",
  "rel2-018",
  "rel2-019",
  "rel2-020",
  "rel2-021",
  "rel2-022",
  "si-001",
  "si-002",
  "si-003",
  "si-004",
  "si-005",
  "si-006",
  "si-007",
  "si-008",
  "si-009",
  "si-010",
  "si-011",
  "si-012",
  "si-013",
  "si-014",
  "si-015",
  "si-016",
  "si-017",
  "si-018",
  "si-019",
  "si-020",
  "si-021",
  "si-022",
  "subj-001",
  "subj-002",
  "subj-003",
  "subj-004",
  "subj-005",
  "subj-006",
  "subj-007",
  "subj-008",
  "subj-009",
  "subj-010",
  "subj-011",
  "subj-012",
  "subj-013",
  "subj-014",
  "subj-015",
  "subj-016",
  "subj-017",
  "subj-018",
  "subj-019",
  "subj-020",
  "subj-021",
  "subj-022"
 ],
 "innehåll/listening": [
  "l-h1-1",
  "l-h1-2",
  "l-h2-1",
  "l-h2-2",
  "l-h3-1",
  "l-h3-2",
  "l-h4-1",
  "l-h4-2",
  "l-h5-1",
  "l-h5-2",
  "l-h6-1",
  "l-h6-2",
  "l-h7-1",
  "l-h7-2",
  "l-h8-1",
  "l-h8-2"
 ],
 "innehåll/mal": [
  "mal-h1",
  "mal-h2",
  "mal-h3",
  "mal-h4",
  "mal-h5",
  "mal-h6",
  "mal-h7",
  "mal-h8",
  "mal-hr"
 ],
 "innehåll/phrases": [
  "p01",
  "p02",
  "p03",
  "p04",
  "p05",
  "p06",
  "p07",
  "p08",
  "p09",
  "p10",
  "p11",
  "p12",
  "p13",
  "p14",
  "p15",
  "p16",
  "p17",
  "p18",
  "p19",
  "p20",
  "p21",
  "p22",
  "p23",
  "p24",
  "p25",
  "p26",
  "p27",
  "p28",
  "p29",
  "p30",
  "p31",
  "p32",
  "p33",
  "p34",
  "p35",
  "p36",
  "p37",
  "p38"
 ],
 "innehåll/prompts": [
  "w-h1-kort",
  "w-h1-lang",
  "w-h1-mejl",
  "w-h2-kalla",
  "w-h2-kort",
  "w-h2-lang",
  "w-h3-insandare",
  "w-h3-kort",
  "w-h3-lang",
  "w-h4-kalla",
  "w-h4-kort",
  "w-h4-lang",
  "w-h5-kalla",
  "w-h5-kort",
  "w-h5-lang",
  "w-h6-kalla",
  "w-h6-kort",
  "w-h6-lang",
  "w-h7-kalla",
  "w-h7-kort",
  "w-h7-lang",
  "w-h8-kalla",
  "w-h8-kort",
  "w-h8-lang"
 ],
 "innehåll/reading": [
  "r-h1-cesure",
  "r-h2-nouvelle",
  "r-h3-courrier",
  "r-h3-debat",
  "r-h4-lumieres",
  "r-h5-coloc",
  "r-h6-pub",
  "r-h7-critique",
  "r-h7-roman",
  "r-h8-quebec"
 ],
 "innehåll/stories": [
  "s-h1",
  "s-h2",
  "s-h3",
  "s-h4",
  "s-h5",
  "s-h6",
  "s-h7",
  "s-h8"
 ],
 "innehåll/uttal": [
  "utt-cond",
  "utt-e-muet",
  "utt-liaison",
  "utt-nasal",
  "utt-pqp",
  "utt-r",
  "utt-subj",
  "utt-u-ou"
 ],
 "ord": [
  "Halloween",
  "Hanouka",
  "accessible",
  "accueillir",
  "accuser",
  "adapter",
  "admettre",
  "admirer",
  "agréable",
  "ainsi",
  "ambitieux, -euse",
  "amoureux, -euse",
  "améliorer",
  "analyser",
  "annoncer",
  "attirer",
  "au fond",
  "augmenter",
  "autorisé, -e",
  "autour de",
  "autrefois",
  "autrement dit",
  "avoir l'habitude de",
  "avoir mauvaise conscience",
  "avouer",
  "baisser",
  "bien élevé, -e",
  "blesser",
  "bloquer",
  "brûler",
  "c'est vrai que",
  "c'est-à-dire",
  "capable de",
  "ce n'est pas la peine",
  "changer d'avis",
  "choquer",
  "cibler",
  "cliquer",
  "collectif, -ive",
  "comment dit-on",
  "compter sur",
  "confier",
  "connecté, -e",
  "consoler",
  "consommer local",
  "convaincant, -e",
  "coupable",
  "courageux, -euse",
  "couramment",
  "croire",
  "croire en",
  "crédible",
  "créer",
  "cultiver",
  "curieux, -euse",
  "célibataire",
  "célèbre pour",
  "d'après",
  "d'une part… d'autre part",
  "dangereux, -euse",
  "dans dix ans",
  "de saison",
  "de toute façon",
  "des milliers de",
  "disparaître",
  "divorcer",
  "donner son sang",
  "doubler",
  "décider de",
  "décrire",
  "défendre",
  "délicat, -e",
  "dépaysé, -e",
  "dépendant, -e",
  "dépendre de",
  "dévorer un livre",
  "déçu, -e",
  "effrayant, -e",
  "embrasser",
  "en avion",
  "en conclusion",
  "en fait",
  "en ligne",
  "en même temps",
  "en panne",
  "en tout cas",
  "en vouloir à",
  "engager",
  "ennuyeux, -euse",
  "enquêter",
  "enregistrer",
  "et si on",
  "exagérer",
  "exister",
  "exprimer",
  "faire des efforts",
  "faire du stop",
  "faire un don",
  "feuilleter",
  "filmer",
  "féliciter",
  "gagner sa vie",
  "garder des enfants",
  "garder le contact",
  "gronder",
  "généreux, -euse",
  "handicapé, -e",
  "humanitaire",
  "héberger",
  "il vaut mieux",
  "il était une fois",
  "illuminer",
  "imaginer",
  "impossible",
  "inacceptable",
  "injuste",
  "innocent, -e",
  "inspirer",
  "interdire",
  "interdit, -e",
  "inventer",
  "isolé, -e",
  "j'en ai marre",
  "jaloux, jalouse",
  "je me demande si",
  "je n'en sais rien",
  "je ne suis pas d'accord",
  "je ne suis pas sûr que",
  "je propose que",
  "je te conseille de",
  "je trouve que",
  "je voulais dire",
  "jeter",
  "joyeux, -euse",
  "l'Ascension",
  "l'Aïd",
  "l'abeille",
  "l'accent",
  "l'accueil",
  "l'accès",
  "l'achat",
  "l'acteur, l'actrice",
  "l'adaptation",
  "l'adolescence",
  "l'adolescent, l'adolescente",
  "l'adulte",
  "l'affiche",
  "l'agneau",
  "l'air",
  "l'alliance",
  "l'ambiance",
  "l'ambition",
  "l'amour",
  "l'animateur, l'animatrice",
  "l'annonce",
  "l'annonceur",
  "l'apparence",
  "l'application",
  "l'apprentissage des langues",
  "l'argument",
  "l'article",
  "l'artiste",
  "l'ascenseur",
  "l'atterrissage",
  "l'attitude",
  "l'auberge de jeunesse",
  "l'auteur, l'autrice",
  "l'autobiographie",
  "l'autocar",
  "l'autorité",
  "l'avantage",
  "l'avenir",
  "l'aventure",
  "l'aventurier, l'aventurière",
  "l'avis",
  "l'avocat, l'avocate",
  "l'aéroport",
  "l'eau potable",
  "l'embarquement",
  "l'emploi",
  "l'employé, l'employée",
  "l'enfance",
  "l'enregistrement",
  "l'enseignement",
  "l'entreprise",
  "l'entretien",
  "l'envie",
  "l'erreur",
  "l'escalier",
  "l'espace",
  "l'espoir",
  "l'essence",
  "l'examen",
  "l'exception",
  "l'expérience",
  "l'extrait",
  "l'habitude",
  "l'humidité",
  "l'hésitation",
  "l'image",
  "l'imagination",
  "l'incendie",
  "l'inconnu, l'inconnue",
  "l'inconvénient",
  "l'individu",
  "l'indépendance",
  "l'information",
  "l'informatique",
  "l'injustice",
  "l'inondation",
  "l'internaute",
  "l'interphone",
  "l'interprétation",
  "l'interview",
  "l'intérieur",
  "l'inégalité",
  "l'itinéraire",
  "l'objectif",
  "l'objet",
  "l'occasion",
  "l'opinion",
  "l'opportunité",
  "l'ordinateur portable",
  "l'origine",
  "l'ours",
  "l'uniforme",
  "l'université",
  "l'État",
  "l'échange",
  "l'écologie",
  "l'écologiste",
  "l'écran",
  "l'écrivain, l'écrivaine",
  "l'égalité",
  "l'élection",
  "l'électricité",
  "l'émission",
  "l'émission de CO2",
  "l'énergie",
  "l'énergie renouvelable",
  "l'épisode",
  "l'époux, l'épouse",
  "l'épreuve",
  "l'étude",
  "l'étudiant, l'étudiante",
  "l'œuvre",
  "la Fête de la musique",
  "la Pentecôte",
  "la Révolution",
  "la Saint-Jean",
  "la bague",
  "la baleine",
  "la bande dessinée",
  "la banlieue",
  "la banquise",
  "la beauté",
  "la belle-mère",
  "la belle-sœur",
  "la bise",
  "la blague",
  "la bougie",
  "la bourse",
  "la boussole",
  "la boîte aux lettres",
  "la brocante",
  "la bûche de Noël",
  "la campagne publicitaire",
  "la caméra",
  "la carte d'identité",
  "la carte de vœux",
  "la catastrophe",
  "la cause",
  "la chaleur",
  "la chambre d'hôte",
  "la chambre double",
  "la chance",
  "la cible",
  "la citrouille",
  "la climatisation",
  "la clé",
  "la colocation",
  "la colère",
  "la complicité",
  "la compétence",
  "la comédie romantique",
  "la confiance en soi",
  "la connaissance",
  "la connexion",
  "la conscience",
  "la conséquence",
  "la critique de film",
  "la croisière",
  "la crèche",
  "la célébrité",
  "la cérémonie",
  "la côte",
  "la date limite",
  "la demi-pension",
  "la description",
  "la dette",
  "la différence",
  "la dinde",
  "la dispute",
  "la douane",
  "la drogue",
  "la déception",
  "la décision",
  "la découverte",
  "la facture",
  "la faim",
  "la falaise",
  "la famille recomposée",
  "la fanfare",
  "la faune",
  "la fausse information",
  "la faute",
  "la file d'attente",
  "la fin",
  "la fin du mois",
  "la flore",
  "la forêt",
  "la foule",
  "la fumée",
  "la fête des Mères",
  "la fête des Pères",
  "la fête des voisins",
  "la fête du Travail",
  "la fête foraine",
  "la fête nationale",
  "la gourde",
  "la grève",
  "la guerre",
  "la guirlande",
  "la génération",
  "la génération suivante",
  "la honte",
  "la honte de prendre l'avion",
  "la joie",
  "la justice",
  "la lessive",
  "la lettre de motivation",
  "la liberté",
  "la liberté de la presse",
  "la licence",
  "la littérature",
  "la loi",
  "la maison individuelle",
  "la majorité",
  "la manifestation",
  "la messe",
  "la mosquée",
  "la motivation",
  "la médecine",
  "la nièce",
  "la nourriture",
  "la nouvelle",
  "la paille",
  "la paix",
  "la patience",
  "la pauvreté",
  "la peine de mort",
  "la personnalité",
  "la personne âgée",
  "la petite annonce",
  "la peur",
  "la piste de danse",
  "la pièce",
  "la pièce jointe",
  "la plage",
  "la plainte",
  "la plupart de",
  "la politique",
  "la pollution",
  "la porte d'entrée",
  "la presse",
  "la preuve",
  "la prison",
  "la prière",
  "la procession",
  "la profession",
  "la promesse",
  "la pub",
  "la pub ciblée",
  "la publicité",
  "la punition",
  "la qualité de vie",
  "la radio",
  "la recette",
  "la recherche",
  "la recherche scientifique",
  "la relation",
  "la religion",
  "la rentrée",
  "la ressource",
  "la retraite",
  "la rivière",
  "la robe de mariée",
  "la routine",
  "la rupture",
  "la récompense",
  "la réserve naturelle",
  "la réunion",
  "la salle de cinéma",
  "la science-fiction",
  "la scène",
  "la société",
  "la solution",
  "la sorcière",
  "la spécialité",
  "la synagogue",
  "la sécurité",
  "la tablette",
  "la technologie",
  "la tendresse",
  "la tension",
  "la tentative",
  "la tente",
  "la tranquillité",
  "la tristesse",
  "la trottinette",
  "la télé-réalité",
  "la vaisselle",
  "la valeur",
  "la valise",
  "la vallée",
  "la vedette",
  "la veille",
  "la vente",
  "la victime",
  "la vidéo",
  "la violence",
  "la voiture électrique",
  "la voix",
  "la vérification",
  "le Nouvel An",
  "le Nouvel An chinois",
  "le Père Noël",
  "le baby-sitting",
  "le bac",
  "le baptême",
  "le barbecue",
  "le beau-frère",
  "le beau-père",
  "le besoin",
  "le best-seller",
  "le bien",
  "le blog",
  "le bonbon",
  "le bord de mer",
  "le bouquet",
  "le bruit",
  "le budget",
  "le bulletin",
  "le but",
  "le buzz",
  "le calendrier de l'Avent",
  "le camarade, la camarade",
  "le camping",
  "le caractère",
  "le carburant",
  "le carnaval",
  "le carton",
  "le casting",
  "le chagrin",
  "le champagne",
  "le chapitre",
  "le char",
  "le chargeur",
  "le chef, la cheffe",
  "le chef-d'œuvre",
  "le chercheur, la chercheuse",
  "le choix",
  "le choix de vie",
  "le cidre",
  "le cliché",
  "le climat",
  "le commerce",
  "le commerce de proximité",
  "le complexe",
  "le complot",
  "le comportement",
  "le compost",
  "le compte en banque",
  "le concours",
  "le conflit",
  "le confort",
  "le congélateur",
  "le conseiller, la conseillère",
  "le conservatoire",
  "le contrat",
  "le corail",
  "le cortège",
  "le coup de foudre",
  "le coupable",
  "le couple",
  "le courage",
  "le courriel",
  "le court-métrage",
  "le crime",
  "le créateur de contenu, la créatrice de contenu",
  "le crédit",
  "le cyberharcèlement",
  "le demi-frère",
  "le dessin animé",
  "le destin",
  "le deux-pièces",
  "le devoir",
  "le dialogue",
  "le digicode",
  "le diplôme",
  "le domaine",
  "le dossier",
  "le doute",
  "le drame",
  "le drapeau",
  "le droit",
  "le début",
  "le décalage horaire",
  "le décollage",
  "le déménageur",
  "le détective",
  "le ferry",
  "le festival",
  "le feu d'artifice",
  "le feu de la Saint-Jean",
  "le film d'action",
  "le film d'horreur",
  "le fleuve",
  "le foie gras",
  "le folklore",
  "le formulaire",
  "le foyer",
  "le féminisme",
  "le gardien, la gardienne",
  "le gaz à effet de serre",
  "le grand-parent",
  "le groupe d'amis",
  "le gîte",
  "le handicap",
  "le harcèlement",
  "le hashtag",
  "le hublot",
  "le héros, l'héroïne",
  "le jardin partagé",
  "le jeu télévisé",
  "le jeûne",
  "le journalisme",
  "le journaliste, la journaliste",
  "le juge, la juge",
  "le jugement",
  "le jury",
  "le lavabo",
  "le lecteur, la lectrice",
  "le lendemain",
  "le lien",
  "le like",
  "le lit superposé",
  "le livre de poche",
  "le logement social",
  "le long-métrage",
  "le look",
  "le loup",
  "le lundi de Pâques",
  "le magazine",
  "le mail",
  "le mal",
  "le malentendu",
  "le maquillage",
  "le marché de Noël",
  "le mariage civil",
  "le meurtre",
  "le micro",
  "le modèle",
  "le mot de passe",
  "le moteur de recherche",
  "le muguet",
  "le musicien, la musicienne",
  "le mystère",
  "le mètre carré",
  "le ménage",
  "le neveu",
  "le niveau",
  "le nombre",
  "le panneau solaire",
  "le parking",
  "le parrain, la marraine",
  "le partenariat",
  "le passage",
  "le patrimoine",
  "le patron, la patronne",
  "le paysage",
  "le permis de conduire",
  "le personnage principal",
  "le petit ami, la petite amie",
  "le plastique",
  "le point de vue",
  "le potager",
  "le pour et le contre",
  "le poème",
  "le poète, la poétesse",
  "le prince, la princesse",
  "le problème",
  "le progrès",
  "le projet",
  "le président, la présidente",
  "le prêt",
  "le public",
  "le pèlerinage",
  "le quotidien",
  "le radiateur",
  "le ramadan",
  "le regard",
  "le regret",
  "le remerciement",
  "le rendez-vous",
  "le repas de famille",
  "le reportage",
  "le reproche",
  "le respect",
  "le retard",
  "le revenu",
  "le rire",
  "le risque",
  "le rite",
  "le rituel",
  "le robinet",
  "le robot",
  "le roi, la reine",
  "le roman",
  "le roman d'amour",
  "le roman policier",
  "le romancier, la romancière",
  "le routard, la routarde",
  "le résultat",
  "le résumé",
  "le rêve",
  "le rôle",
  "le sable",
  "le saint, la sainte",
  "le salaire",
  "le sans-domicile",
  "le sapin",
  "le savoir-faire",
  "le scandale",
  "le sentier",
  "le site",
  "le siècle",
  "le slogan",
  "le smic",
  "le solstice",
  "le sommet",
  "le son",
  "le souhait",
  "le sourire",
  "le soutien",
  "le souvenir de voyage",
  "le spectateur, la spectatrice",
  "le sponsor",
  "le spot",
  "le stage",
  "le streaming",
  "le studio",
  "le style",
  "le succès",
  "le sujet",
  "le suspect, la suspecte",
  "le symbole",
  "le tabac",
  "le talent",
  "le tambour",
  "le tapis",
  "le tarif réduit",
  "le texto",
  "le thème",
  "le titre",
  "le toast",
  "le tourisme",
  "le train de nuit",
  "le trimestre",
  "le téléphone portable",
  "le témoin",
  "le vers",
  "le vide-grenier",
  "le vin chaud",
  "le visa",
  "le vol",
  "le voyage de noces",
  "le voyageur, la voyageuse",
  "le vrac",
  "le vœu",
  "le youtubeur, la youtubeuse",
  "le zéro déchet",
  "lent, -e",
  "les aides au logement",
  "les animaux",
  "les applaudissements",
  "les bagages",
  "les cloches de Pâques",
  "les conditions de vie",
  "les confettis",
  "les coutumes locales",
  "les données",
  "les draps",
  "les fiançailles",
  "les félicitations",
  "les habitants",
  "les huîtres",
  "les invités",
  "les larmes",
  "les noces",
  "les petits-enfants",
  "les proches",
  "les réseaux sociaux",
  "les sans-abri",
  "les sciences",
  "les services",
  "les sous-titres",
  "les toilettes",
  "les travaux",
  "les tâches ménagères",
  "les économies",
  "lire à voix haute",
  "local, -e",
  "lumineux, -euse",
  "manquer à",
  "mince",
  "nerveux, -euse",
  "nombreux, nombreuse",
  "nul, nulle",
  "obéir à",
  "original, -e",
  "ouvert, -e",
  "par exemple",
  "partager une vidéo",
  "pas du tout",
  "passer un examen",
  "passionnant, -e",
  "patient, -e",
  "pauvre",
  "payant, -e",
  "perdre de vue",
  "permettre",
  "plaire à",
  "plaisanter",
  "planter",
  "plus tard",
  "plutôt",
  "populaire",
  "porter bonheur",
  "porter plainte",
  "poser une question",
  "pourriez-vous répéter",
  "pratique",
  "prendre une décision",
  "prier",
  "proche",
  "promettre",
  "protester",
  "prouver",
  "prévoir",
  "prêter",
  "publier un livre",
  "punir",
  "qu'est-ce que tu veux dire",
  "recharger",
  "recommander",
  "reconnaissant, -e",
  "redoubler",
  "regretter",
  "religieux, -euse",
  "remarquer",
  "remplir",
  "rendre service à",
  "reprocher à",
  "respecter",
  "responsable de",
  "ressembler à",
  "ressentir",
  "retoucher",
  "riche",
  "réaliser un film",
  "récent, récente",
  "récompenser",
  "réduire",
  "réel, réelle",
  "réfléchir à",
  "régional, -e",
  "rénover",
  "réparer",
  "résoudre",
  "réussir",
  "réutilisable",
  "rêver de",
  "s'améliorer",
  "s'en sortir",
  "s'engager",
  "s'entendre bien avec",
  "s'informer",
  "s'éloigner",
  "se comprendre",
  "se déguiser en",
  "se passer",
  "se plaindre de",
  "se préparer à",
  "se rapprocher",
  "se réunir",
  "se sentir",
  "selon",
  "serrer la main",
  "sexiste",
  "si j'ai bien compris",
  "siffler",
  "signer le bail",
  "sinon",
  "social, -e",
  "soudain",
  "spacieux, -euse",
  "strict, -e",
  "supporter",
  "surprenant, -e",
  "surprendre",
  "sympathique",
  "sérieux, -euse",
  "sévère",
  "tant mieux",
  "tant pis",
  "tendance",
  "tenter",
  "tolérer",
  "tomber amoureux de",
  "touchant, -e",
  "tout à fait",
  "traditionnel, -le",
  "trahir",
  "tranquille",
  "tricher",
  "tu as raison",
  "tu as tort",
  "tu devrais",
  "tutoyer",
  "télécharger",
  "un jour",
  "utile",
  "vexer",
  "vivant, -e",
  "vivre ensemble",
  "vivre seul",
  "voler",
  "voter",
  "vérifier",
  "à la fois",
  "à la tienne",
  "à proximité de",
  "à ta place",
  "ça m'est égal",
  "ça m'énerve",
  "ça marche",
  "ça me fait plaisir",
  "ça ne me dit rien",
  "ça te dit de",
  "ça vaut la peine",
  "économiser l'énergie",
  "égal, -e",
  "élever",
  "équipé, -e",
  "être d'accord avec"
 ],
 "prov": [
  "frs4-ce-1",
  "frs4-ce-2",
  "frs4-ce-3",
  "frs4-ce-4",
  "frs4-ce-5",
  "frs4-ce-6",
  "frs4-ce-7",
  "frs4-ce-8",
  "frs4-co-1",
  "frs4-co-2",
  "frs4-co-3",
  "frs4-co-4",
  "frs4-co-5",
  "frs4-co-6",
  "frs4-co-7",
  "frs4-co-8",
  "frs4-pe-1",
  "frs4-pe-2",
  "frs4-pe-3",
  "frs4-pe-4",
  "frs4-po-1",
  "frs4-po-2",
  "frs4-po-3",
  "frs4-po-4"
 ]
}
