{
 "_": "Skrivs av build.py. Id:n här får aldrig försvinna (framstegen hänger på dem), se CLAUDE.md om hur en borttagning godkänns.",
 "storageKey": "glosor-it3-v1",
 "avsnitt": [
  "k1",
  "k2",
  "k3",
  "k4",
  "k5",
  "k6",
  "k7",
  "k8",
  "kr"
 ],
 "grammatikområden": [
  "comp",
  "cond",
  "err",
  "futuro",
  "indef",
  "piacere-pp",
  "pp-imp",
  "pron-pos",
  "pron-pp",
  "pron-ton",
  "rel",
  "si-imp",
  "stare-per"
 ],
 "grammatikregler": [
  "comp-irr",
  "comp-piu",
  "cond-consiglio",
  "cond-desiderio",
  "cond-forme",
  "fut-forme",
  "fut-ipotesi",
  "fut-quando",
  "ind-nessuno",
  "ind-ogni",
  "ind-qualche",
  "ind-qualcosa",
  "piac-imp",
  "piac-pp",
  "piac-pron",
  "pos-imper",
  "pos-imper-mono",
  "pos-inf",
  "pos-modale",
  "pp-ind",
  "pp-li-le",
  "pp-lo-la",
  "pp-ne",
  "ppi-abitudine",
  "ppi-evento",
  "ppi-mentre",
  "ppi-sfondo",
  "ppi-verbi",
  "rel-che",
  "rel-cui",
  "si-imp",
  "si-pass",
  "si-rifl",
  "stare-ger",
  "stare-per",
  "superl-ass",
  "superl-rel",
  "ton-enfasi",
  "ton-prep",
  "ton-vs-atono"
 ],
 "innehåll/culture": [
  "it3-c-k1-regioni",
  "it3-c-k2-maturita",
  "it3-c-k3-media",
  "it3-c-k4-sport",
  "it3-c-k5-parchi",
  "it3-c-k6-piazza",
  "it3-c-k7-sanremo",
  "it3-c-k8-famiglia"
 ],
 "innehåll/grammar": [
  "comp-001",
  "comp-002",
  "comp-003",
  "comp-004",
  "comp-005",
  "comp-006",
  "comp-007",
  "comp-008",
  "comp-009",
  "comp-010",
  "comp-011",
  "comp-012",
  "comp-013",
  "comp-014",
  "comp-015",
  "comp-016",
  "comp-017",
  "comp-018",
  "comp-019",
  "comp-020",
  "comp-021",
  "comp-022",
  "comp-023",
  "comp-024",
  "comp-025",
  "cond-001",
  "cond-002",
  "cond-003",
  "cond-004",
  "cond-005",
  "cond-006",
  "cond-007",
  "cond-008",
  "cond-009",
  "cond-010",
  "cond-011",
  "cond-012",
  "cond-013",
  "cond-014",
  "cond-015",
  "cond-016",
  "cond-017",
  "cond-018",
  "cond-019",
  "cond-020",
  "cond-021",
  "cond-022",
  "cond-023",
  "cond-024",
  "cond-025",
  "futuro-001",
  "futuro-002",
  "futuro-003",
  "futuro-004",
  "futuro-005",
  "futuro-006",
  "futuro-007",
  "futuro-008",
  "futuro-009",
  "futuro-010",
  "futuro-011",
  "futuro-012",
  "futuro-013",
  "futuro-014",
  "futuro-015",
  "futuro-016",
  "futuro-017",
  "futuro-018",
  "futuro-019",
  "futuro-020",
  "futuro-021",
  "futuro-022",
  "futuro-023",
  "futuro-024",
  "futuro-025",
  "indef-001",
  "indef-002",
  "indef-003",
  "indef-004",
  "indef-005",
  "indef-006",
  "indef-007",
  "indef-008",
  "indef-009",
  "indef-010",
  "indef-011",
  "indef-012",
  "indef-013",
  "indef-014",
  "indef-015",
  "indef-016",
  "indef-017",
  "indef-018",
  "indef-019",
  "indef-020",
  "indef-021",
  "indef-022",
  "indef-023",
  "indef-024",
  "indef-025",
  "piacere-pp-001",
  "piacere-pp-002",
  "piacere-pp-003",
  "piacere-pp-004",
  "piacere-pp-005",
  "piacere-pp-006",
  "piacere-pp-007",
  "piacere-pp-008",
  "piacere-pp-009",
  "piacere-pp-010",
  "piacere-pp-011",
  "piacere-pp-012",
  "piacere-pp-013",
  "piacere-pp-014",
  "piacere-pp-015",
  "piacere-pp-016",
  "piacere-pp-017",
  "piacere-pp-018",
  "piacere-pp-019",
  "piacere-pp-020",
  "piacere-pp-021",
  "piacere-pp-022",
  "piacere-pp-023",
  "piacere-pp-024",
  "piacere-pp-025",
  "pp-imp-001",
  "pp-imp-002",
  "pp-imp-003",
  "pp-imp-004",
  "pp-imp-005",
  "pp-imp-006",
  "pp-imp-007",
  "pp-imp-008",
  "pp-imp-009",
  "pp-imp-010",
  "pp-imp-011",
  "pp-imp-012",
  "pp-imp-013",
  "pp-imp-014",
  "pp-imp-015",
  "pp-imp-016",
  "pp-imp-017",
  "pp-imp-018",
  "pp-imp-019",
  "pp-imp-020",
  "pp-imp-021",
  "pp-imp-022",
  "pp-imp-023",
  "pp-imp-024",
  "pp-imp-025",
  "pron-pos-001",
  "pron-pos-002",
  "pron-pos-003",
  "pron-pos-004",
  "pron-pos-005",
  "pron-pos-006",
  "pron-pos-007",
  "pron-pos-008",
  "pron-pos-009",
  "pron-pos-010",
  "pron-pos-011",
  "pron-pos-012",
  "pron-pos-013",
  "pron-pos-014",
  "pron-pos-015",
  "pron-pos-016",
  "pron-pos-017",
  "pron-pos-018",
  "pron-pos-019",
  "pron-pos-020",
  "pron-pos-021",
  "pron-pos-022",
  "pron-pos-023",
  "pron-pos-024",
  "pron-pos-025",
  "pron-pp-001",
  "pron-pp-002",
  "pron-pp-003",
  "pron-pp-004",
  "pron-pp-005",
  "pron-pp-006",
  "pron-pp-007",
  "pron-pp-008",
  "pron-pp-009",
  "pron-pp-010",
  "pron-pp-011",
  "pron-pp-012",
  "pron-pp-013",
  "pron-pp-014",
  "pron-pp-015",
  "pron-pp-016",
  "pron-pp-017",
  "pron-pp-018",
  "pron-pp-019",
  "pron-pp-020",
  "pron-pp-021",
  "pron-pp-022",
  "pron-pp-023",
  "pron-pp-024",
  "pron-pp-025",
  "pron-ton-001",
  "pron-ton-002",
  "pron-ton-003",
  "pron-ton-004",
  "pron-ton-005",
  "pron-ton-006",
  "pron-ton-007",
  "pron-ton-008",
  "pron-ton-009",
  "pron-ton-010",
  "pron-ton-011",
  "pron-ton-012",
  "pron-ton-013",
  "pron-ton-014",
  "pron-ton-015",
  "pron-ton-016",
  "pron-ton-017",
  "pron-ton-018",
  "pron-ton-019",
  "pron-ton-020",
  "pron-ton-021",
  "pron-ton-022",
  "pron-ton-023",
  "pron-ton-024",
  "pron-ton-025",
  "rel-001",
  "rel-002",
  "rel-003",
  "rel-004",
  "rel-005",
  "rel-006",
  "rel-007",
  "rel-008",
  "rel-009",
  "rel-010",
  "rel-011",
  "rel-012",
  "rel-013",
  "rel-014",
  "rel-015",
  "rel-016",
  "rel-017",
  "rel-018",
  "rel-019",
  "rel-020",
  "rel-021",
  "rel-022",
  "rel-023",
  "rel-024",
  "rel-025",
  "si-imp-001",
  "si-imp-002",
  "si-imp-003",
  "si-imp-004",
  "si-imp-005",
  "si-imp-006",
  "si-imp-007",
  "si-imp-008",
  "si-imp-009",
  "si-imp-010",
  "si-imp-011",
  "si-imp-012",
  "si-imp-013",
  "si-imp-014",
  "si-imp-015",
  "si-imp-016",
  "si-imp-017",
  "si-imp-018",
  "si-imp-019",
  "si-imp-020",
  "si-imp-021",
  "si-imp-022",
  "stare-per-001",
  "stare-per-002",
  "stare-per-003",
  "stare-per-004",
  "stare-per-005",
  "stare-per-006",
  "stare-per-007",
  "stare-per-008",
  "stare-per-009",
  "stare-per-010",
  "stare-per-011",
  "stare-per-012",
  "stare-per-013",
  "stare-per-014",
  "stare-per-015",
  "stare-per-016",
  "stare-per-017",
  "stare-per-018",
  "stare-per-019",
  "stare-per-020"
 ],
 "innehåll/listening": [
  "it3-l-k1",
  "it3-l-k1b",
  "it3-l-k2",
  "it3-l-k2b",
  "it3-l-k3",
  "it3-l-k3b",
  "it3-l-k4",
  "it3-l-k4b",
  "it3-l-k5",
  "it3-l-k5b",
  "it3-l-k6",
  "it3-l-k6b",
  "it3-l-k7",
  "it3-l-k7b",
  "it3-l-k8",
  "it3-l-k8b"
 ],
 "innehåll/mal": [
  "mal-k1",
  "mal-k2",
  "mal-k3",
  "mal-k4",
  "mal-k5",
  "mal-k6",
  "mal-k7",
  "mal-k8",
  "mal-kr"
 ],
 "innehåll/phrases": [
  "it3-p01",
  "it3-p02",
  "it3-p03",
  "it3-p04",
  "it3-p05",
  "it3-p06",
  "it3-p07",
  "it3-p08",
  "it3-p09",
  "it3-p10",
  "it3-p11",
  "it3-p12",
  "it3-p13",
  "it3-p14",
  "it3-p15",
  "it3-p16",
  "it3-p17",
  "it3-p18",
  "it3-p19",
  "it3-p20",
  "it3-p21",
  "it3-p22",
  "it3-p23",
  "it3-p24",
  "it3-p25",
  "it3-p26",
  "it3-p27",
  "it3-p28",
  "it3-p29",
  "it3-p30",
  "it3-p31",
  "it3-p32",
  "it3-p33",
  "it3-p34",
  "it3-p35",
  "it3-p36",
  "it3-p37",
  "it3-p38",
  "it3-p39",
  "it3-p40",
  "it3-p41",
  "it3-p42"
 ],
 "innehåll/prompts": [
  "it3-w-k1",
  "it3-w-k1b",
  "it3-w-k1c",
  "it3-w-k2",
  "it3-w-k2b",
  "it3-w-k2c",
  "it3-w-k3",
  "it3-w-k3b",
  "it3-w-k3c",
  "it3-w-k4",
  "it3-w-k4b",
  "it3-w-k4c",
  "it3-w-k5",
  "it3-w-k5b",
  "it3-w-k5c",
  "it3-w-k6",
  "it3-w-k6b",
  "it3-w-k6c",
  "it3-w-k7",
  "it3-w-k7b",
  "it3-w-k7c",
  "it3-w-k8",
  "it3-w-k8b",
  "it3-w-k8c"
 ],
 "innehåll/reading": [
  "it3-r-k1",
  "it3-r-k2",
  "it3-r-k3",
  "it3-r-k4",
  "it3-r-k5",
  "it3-r-k6",
  "it3-r-k7",
  "it3-r-k8",
  "it3-r-lit-lavanderina"
 ],
 "innehåll/stories": [
  "it3-s-k1",
  "it3-s-k2",
  "it3-s-k3",
  "it3-s-k4",
  "it3-s-k5",
  "it3-s-k6",
  "it3-s-k7",
  "it3-s-k8"
 ],
 "innehåll/uttal": [
  "utt-acc",
  "utt-eo",
  "utt-fut3",
  "utt-h",
  "utt-intonaz",
  "utt-rr",
  "utt-sc",
  "utt-zz"
 ],
 "ord": [
  "a due passi",
  "a lungo",
  "a memoria",
  "a parte questo",
  "a quanto pare",
  "a squarciagola",
  "abbastanza",
  "abbracciare",
  "abbronzato",
  "abituarsi",
  "accendere",
  "accidenti!",
  "accompagnare",
  "affettuoso",
  "affidabile",
  "affittare",
  "affollato",
  "ah, ecco",
  "aiutare",
  "al contrario",
  "all'aria aperta",
  "alla prossima",
  "allora ti lascio",
  "almeno",
  "andare bene a scuola",
  "andare in giro",
  "andare in onda",
  "andare in vacanza",
  "annunciare",
  "antico",
  "appena",
  "applaudire",
  "arrabbiarsi",
  "arrabbiato",
  "arredare",
  "arrivare",
  "attento",
  "avere bisogno di",
  "avere il fiatone",
  "avere sonno",
  "avere successo",
  "avere una cotta per",
  "avere voglia di",
  "baciare",
  "battere",
  "bocciare",
  "bravo",
  "buttare",
  "c'era una volta",
  "calmarsi",
  "cambiando discorso",
  "camminare",
  "caotico",
  "capace",
  "capire",
  "capisco",
  "cercare lavoro",
  "che fortuna!",
  "che noia!",
  "che rabbia!",
  "che schifo!",
  "che sollievo!",
  "che vergogna!",
  "chiedere scusa",
  "ci mancava solo questo!",
  "coltivare",
  "come hai detto?",
  "come no!",
  "commosso",
  "comporre",
  "comprensivo",
  "concentrarsi",
  "confidarsi",
  "consegnare",
  "consolare",
  "contemporaneo",
  "controllare",
  "copiare",
  "correggere",
  "cosa intendi?",
  "creare",
  "credere",
  "criticare",
  "da brividi",
  "dal vivo",
  "dannoso",
  "dare fastidio",
  "dare il massimo",
  "debole",
  "deluso",
  "deserto",
  "dimmi pure",
  "dipingere",
  "discutere",
  "distratto",
  "divorziare",
  "durante",
  "e poi?",
  "ecologico",
  "emozionare",
  "emozionato",
  "equilibrato",
  "esibirsi",
  "esplorare",
  "esporre",
  "essere giù",
  "fa un freddo cane",
  "falso",
  "famoso",
  "fare amicizia",
  "fare carriera",
  "fare domanda",
  "fare il bagno",
  "fare il tifo per",
  "fare l'autostop",
  "fare le prove",
  "fare notizia",
  "fare pratica",
  "fare sport",
  "fare un pisolino",
  "fare un viaggio",
  "fare una foto",
  "fare una passeggiata",
  "fare una pausa",
  "fedele",
  "felice",
  "fermarsi",
  "fidanzarsi",
  "firmare",
  "fisico",
  "forte",
  "fotografare",
  "frequentare",
  "fumare",
  "fuori città",
  "già",
  "grave",
  "guidare",
  "hai perfettamente ragione",
  "i mezzi pubblici",
  "i parenti",
  "i rifiuti",
  "i servizi",
  "il Rinascimento",
  "il bacio",
  "il bagnino",
  "il ballerino",
  "il banco",
  "il basket",
  "il benessere",
  "il bis",
  "il borgo",
  "il bosco",
  "il brano",
  "il caldo",
  "il cambiamento climatico",
  "il camion",
  "il campionato",
  "il campione",
  "il campo",
  "il canale",
  "il cantante",
  "il cantautore",
  "il capo",
  "il capolavoro",
  "il capoluogo",
  "il cassiere",
  "il cavallo",
  "il centro commerciale",
  "il centro storico",
  "il cestino",
  "il cibo",
  "il ciclismo",
  "il cielo",
  "il citofono",
  "il cittadino",
  "il cliente",
  "il clima",
  "il colpo di fulmine",
  "il computer",
  "il comune",
  "il condominio",
  "il confine",
  "il contadino",
  "il contenuto",
  "il contratto",
  "il coro",
  "il cuoco",
  "il dentista",
  "il dialetto",
  "il diario",
  "il dibattito",
  "il dipendente",
  "il dipinto",
  "il diploma",
  "il direttore d'orchestra",
  "il disco",
  "il disegno",
  "il dizionario",
  "il documentario",
  "il dolore",
  "il dottore",
  "il fan",
  "il fatto",
  "il festival",
  "il fiato",
  "il finestrino",
  "il fiore",
  "il fiume",
  "il foglio",
  "il fotografo",
  "il freddo",
  "il fumo",
  "il fuoco",
  "il garage",
  "il genere",
  "il ghiaccio",
  "il giocatore",
  "il giornale",
  "il gol",
  "il governo",
  "il grasso",
  "il grattacielo",
  "il ladro",
  "il latino",
  "il lavoro",
  "il lettore",
  "il link",
  "il litigio",
  "il luogo",
  "il lupo",
  "il maiale",
  "il malinteso",
  "il marciapiede",
  "il mare",
  "il messaggio",
  "il mondo",
  "il monolocale",
  "il motore di ricerca",
  "il motorino",
  "il movimento",
  "il muscolo",
  "il musicista",
  "il nipote",
  "il nuoto",
  "il palazzo",
  "il palco",
  "il pannello solare",
  "il panorama",
  "il parcheggio",
  "il partner",
  "il passeggero",
  "il pedone",
  "il pendolare",
  "il pennello",
  "il peso",
  "il petrolio",
  "il pianeta",
  "il pittore",
  "il podcast",
  "il poeta",
  "il poliziotto",
  "il porto",
  "il post",
  "il prato",
  "il presentatore",
  "il preside",
  "il presidente",
  "il problema",
  "il programma",
  "il proprietario",
  "il pubblico",
  "il punto",
  "il quotidiano",
  "il rap",
  "il record",
  "il riassunto",
  "il riposo",
  "il riscaldamento",
  "il riscaldamento globale",
  "il rispetto",
  "il risultato",
  "il ritmo",
  "il ritorno",
  "il ritratto",
  "il romanzo",
  "il rumore",
  "il sacco a pelo",
  "il segretario",
  "il segreto",
  "il sentiero",
  "il sentimento",
  "il serpente",
  "il sindaco",
  "il sito",
  "il sonno",
  "il sorriso",
  "il successo",
  "il suono",
  "il talento",
  "il telecomando",
  "il telegiornale",
  "il tema",
  "il temporale",
  "il tennis",
  "il tenore",
  "il terrazzo",
  "il terremoto",
  "il testimone",
  "il testo",
  "il titolo",
  "il topo",
  "il traffico",
  "il traguardo",
  "il tram",
  "il trasloco",
  "il vaccino",
  "il vento",
  "il vetro",
  "il viaggiatore",
  "il vicino di casa",
  "il video",
  "il villaggio",
  "il vulcano",
  "imbarazzato",
  "immagino",
  "impegnarsi",
  "impegnativo",
  "in affitto",
  "in che senso?",
  "in diretta",
  "in mezzo al verde",
  "in prima fila",
  "in ritardo",
  "in via di estinzione",
  "indimenticabile",
  "informare",
  "informarsi",
  "innamorarsi",
  "innamorato",
  "inquinare",
  "inquinato",
  "insegnare",
  "insopportabile",
  "internazionale",
  "internet",
  "intervistare",
  "intonato",
  "isolato",
  "ispirare",
  "l'abbonamento",
  "l'abbraccio",
  "l'abitante",
  "l'account",
  "l'aereo",
  "l'aeroporto",
  "l'affitto",
  "l'affresco",
  "l'albero",
  "l'album",
  "l'alcol",
  "l'alimentazione",
  "l'allenatore",
  "l'alluvione",
  "l'alunno",
  "l'ambiente",
  "l'ambulanza",
  "l'amore",
  "l'animale",
  "l'animale domestico",
  "l'ansia",
  "l'ape",
  "l'applauso",
  "l'appuntamento",
  "l'argomento",
  "l'aria",
  "l'arte",
  "l'articolo",
  "l'artista",
  "l'astuccio",
  "l'atleta",
  "l'atletica",
  "l'attività fisica",
  "l'attualità",
  "l'aula",
  "l'autista",
  "l'autore",
  "l'avventura",
  "l'avversario",
  "l'azienda",
  "l'economia",
  "l'edificio",
  "l'edizione",
  "l'emozione",
  "l'energia",
  "l'erba",
  "l'errore",
  "l'esame",
  "l'escursione",
  "l'esercizio",
  "l'evento",
  "l'ex",
  "l'immagine",
  "l'incidente",
  "l'influencer",
  "l'informatica",
  "l'informazione",
  "l'infortunio",
  "l'ingegnere",
  "l'ingorgo",
  "l'ingresso",
  "l'inquilino",
  "l'inquinamento",
  "l'insegnante",
  "l'insetto",
  "l'intervista",
  "l'invidia",
  "l'ispirazione",
  "l'itinerario",
  "l'ombrellone",
  "l'onda",
  "l'opera",
  "l'opinione",
  "l'ora di punta",
  "l'orario",
  "l'orchestra",
  "l'orso",
  "l'orto",
  "l'uccello",
  "l'ufficio",
  "l'umore",
  "la babysitter",
  "la band",
  "la benzina",
  "la bevanda",
  "la bolletta",
  "la bufala",
  "la bugia",
  "la campagna",
  "la cantina",
  "la carta",
  "la caviglia",
  "la chimica",
  "la cintura",
  "la classifica",
  "la collina",
  "la colonna sonora",
  "la conoscenza",
  "la coppa",
  "la coppia",
  "la corsa",
  "la crisi",
  "la cronaca",
  "la cura",
  "la danza",
  "la delusione",
  "la dieta",
  "la dogana",
  "la farfalla",
  "la fatica",
  "la fattoria",
  "la felicità",
  "la fiducia",
  "la filosofia",
  "la fisica",
  "la foglia",
  "la folla",
  "la fonte",
  "la foresta",
  "la forza",
  "la foto",
  "la fotografia",
  "la galleria",
  "la gallina",
  "la gelosia",
  "la ginnastica",
  "la gioia",
  "la guerra",
  "la lacrima",
  "la lavagna",
  "la lirica",
  "la luce",
  "la luna",
  "la macchina fotografica",
  "la malattia",
  "la maratona",
  "la medaglia",
  "la media",
  "la melodia",
  "la memoria",
  "la mensa",
  "la mente",
  "la montagna",
  "la moto",
  "la mucca",
  "la multa",
  "la musica classica",
  "la natura",
  "la nebbia",
  "la nostalgia",
  "la nota",
  "la novità",
  "la nuvola",
  "la paga",
  "la pagina",
  "la palla",
  "la pallacanestro",
  "la pallavolo",
  "la patente",
  "la pausa",
  "la pazienza",
  "la pecora",
  "la penisola",
  "la pensione",
  "la penso come te",
  "la periferia",
  "la pianta",
  "la pietra",
  "la piscina",
  "la pista ciclabile",
  "la pittura",
  "la plastica",
  "la playlist",
  "la poesia",
  "la politica",
  "la polizia",
  "la popolazione",
  "la pressione",
  "la prima pagina",
  "la professione",
  "la provincia",
  "la pubblicità",
  "la puntata",
  "la qualità della vita",
  "la rabbia",
  "la raccolta differenziata",
  "la radio",
  "la regola",
  "la rete",
  "la ricreazione",
  "la risposta",
  "la rivista",
  "la sabbia",
  "la sconfitta",
  "la scultura",
  "la sfida",
  "la siccità",
  "la sicurezza",
  "la sigaretta",
  "la solitudine",
  "la spazzatura",
  "la specie",
  "la spiaggia",
  "la stampa",
  "la stanchezza",
  "la statua",
  "la stella",
  "la tappa",
  "la tela",
  "la televisione",
  "la temperatura",
  "la tempesta",
  "la tenda",
  "la terra",
  "la tournée",
  "la tranquillità",
  "la trasmissione",
  "la tristezza",
  "la tuta",
  "la vacanza",
  "la valle",
  "la velocità",
  "la vergogna",
  "la verità",
  "la vista",
  "la vittoria",
  "la voce",
  "la volpe",
  "la zona",
  "lanciare",
  "lasciare",
  "lasciarsi",
  "le Olimpiadi",
  "le cuffie",
  "le elezioni",
  "le ferie",
  "le previsioni del tempo",
  "le proteine",
  "le prove",
  "le strisce pedonali",
  "le vitamine",
  "leggero",
  "lento",
  "licenziare",
  "lo sci",
  "lo scrittore",
  "lo scultore",
  "lo sforzo",
  "lo smartphone",
  "lo smog",
  "lo spettatore",
  "lo spogliatoio",
  "lo spreco",
  "lo spuntino",
  "lo stile",
  "lo stress",
  "lo studio",
  "lo yoga",
  "ma va!",
  "mancare",
  "mandare",
  "mangiare sano",
  "marinare la scuola",
  "meglio",
  "meraviglioso",
  "mettere in scena",
  "mettersi a dieta",
  "migliorare",
  "mostrare",
  "muoversi",
  "naturale",
  "navigare",
  "ne vale la pena",
  "neanche per sogno",
  "necessario",
  "nervoso",
  "non ci posso credere",
  "non direi",
  "non esageriamo",
  "non la penso così",
  "non ne posso più",
  "non è detto",
  "obbligatorio",
  "occuparsi di",
  "odiare",
  "offendersi",
  "orgoglioso",
  "originale",
  "parcheggiare",
  "partecipare",
  "partire",
  "pedalare",
  "peggio",
  "per la prima volta",
  "per niente",
  "percorrere",
  "perdere la pazienza",
  "perdere peso",
  "perdonare",
  "pericoloso",
  "pesante",
  "pesare",
  "pieno",
  "piove a dirotto",
  "prendere appunti",
  "prendere il sole",
  "prendere sul serio",
  "prendersi cura di",
  "preoccuparsi",
  "preoccupato",
  "preparato",
  "prima che mi dimentichi",
  "privato",
  "proprio così",
  "proteggere",
  "pulito",
  "puntuale",
  "puoi fare un esempio?",
  "raggiungere",
  "recente",
  "registrare",
  "regolare",
  "riciclare",
  "riconoscere",
  "rilassante",
  "rilassarsi",
  "rimanere a bocca aperta",
  "rinnovabile",
  "ripetere",
  "riscaldarsi",
  "rispettare",
  "rubare",
  "rumoroso",
  "salire sul palco",
  "salutami",
  "salutare",
  "salvare",
  "sapere",
  "sbagliare",
  "secco",
  "segnalare",
  "selvatico",
  "sembrare",
  "sempre di più",
  "servire",
  "severo",
  "sfogarsi",
  "si dice che",
  "si è fatto tardi",
  "sicuro",
  "silenzioso",
  "smettere di",
  "soddisfatto",
  "solo",
  "sopportare",
  "sorpreso",
  "sorridere",
  "sostenibile",
  "spaventato",
  "spazioso",
  "spedire",
  "spegnere la luce",
  "spiegare",
  "sporco",
  "spostarsi",
  "sprecare",
  "stare a dieta",
  "stare attento",
  "stare insieme",
  "stonato",
  "straniero",
  "stressante",
  "stressato",
  "stretto",
  "stupendo",
  "sudare",
  "sul serio?",
  "sì, però",
  "tenere a",
  "tenersi aggiornato",
  "tenersi in forma",
  "ti ascolto",
  "tipico",
  "tirare",
  "tornando a noi",
  "tradire",
  "tranquillo",
  "trascorrere",
  "traslocare",
  "trovare",
  "umido",
  "uscire con",
  "utile",
  "valere la pena",
  "veloce",
  "vergognarsi",
  "vero",
  "verso",
  "viaggiare",
  "virale",
  "vivere",
  "volere bene",
  "votare",
  "vuoi dire che",
  "vuoto",
  "è stato un piacere",
  "è vero"
 ]
}
