{
 "_": "Skrivs av build.py. Id:n här får aldrig försvinna (framstegen hänger på dem), se CLAUDE.md om hur en borttagning godkänns.",
 "storageKey": "glosor-de4-v1",
 "avsnitt": [
  "t1",
  "t2",
  "t3",
  "t4",
  "t5",
  "t6",
  "t7",
  "t8",
  "tr"
 ],
 "grammatikområden": [
  "adj",
  "bisatz",
  "err",
  "futur",
  "gen",
  "komp",
  "konj",
  "nebensatz",
  "passiv",
  "perfekt",
  "praep",
  "praet",
  "reflexiv",
  "relativ",
  "verbprep",
  "zuinf"
 ],
 "grammatikregler": [
  "adj-def",
  "adj-indef",
  "akk-prep",
  "bs-first",
  "bs-inv",
  "bs-konj",
  "bs-sub",
  "dat-prep",
  "fut-bli",
  "fut-inf",
  "fut-werden",
  "gn-art",
  "gn-name",
  "gn-prep",
  "k2-rat",
  "k2-wenn",
  "k2-wunsch",
  "komp",
  "komp-wie",
  "ns-alswenn",
  "ns-dassob",
  "ns-grund",
  "pa-praes",
  "pa-praet",
  "pf-haben",
  "pf-sein",
  "prt-blandad",
  "prt-hilf",
  "prt-stark",
  "prt-svag",
  "refl-akk",
  "refl-dat",
  "rel-akk",
  "rel-dat",
  "rel-nom",
  "rel-prep",
  "sup",
  "umzu",
  "vp-da",
  "vp-kasus",
  "vp-prep",
  "wechsel-akk",
  "wechsel-dat",
  "zu-inf",
  "zu-ohne"
 ],
 "innehåll/culture": [
  "t4-c-apotheke",
  "t4-c-deutschlandticket",
  "t4-c-kaffeekuchen",
  "t4-c-musik",
  "t4-c-schultuete",
  "t4-c-sonntagsruhe",
  "t4-c-vereine",
  "t4-c-weihnachtsmarkt"
 ],
 "innehåll/grammar": [
  "bisatz-001",
  "bisatz-002",
  "bisatz-003",
  "bisatz-004",
  "bisatz-005",
  "bisatz-006",
  "bisatz-007",
  "bisatz-008",
  "bisatz-009",
  "bisatz-010",
  "bisatz-011",
  "bisatz-012",
  "bisatz-013",
  "bisatz-014",
  "bisatz-015",
  "bisatz-016",
  "bisatz-017",
  "bisatz-018",
  "bisatz-019",
  "bisatz-020",
  "bisatz-021",
  "bisatz-022",
  "bisatz-023",
  "bisatz-024",
  "bisatz-025",
  "futur-001",
  "futur-002",
  "futur-003",
  "futur-004",
  "futur-005",
  "futur-006",
  "futur-007",
  "futur-008",
  "futur-009",
  "futur-010",
  "futur-011",
  "futur-012",
  "futur-013",
  "futur-014",
  "futur-015",
  "futur-016",
  "futur-017",
  "futur-018",
  "futur-019",
  "futur-020",
  "futur-021",
  "futur-022",
  "gen-001",
  "gen-002",
  "gen-003",
  "gen-004",
  "gen-005",
  "gen-006",
  "gen-007",
  "gen-008",
  "gen-009",
  "gen-010",
  "gen-011",
  "gen-012",
  "gen-013",
  "gen-014",
  "gen-015",
  "gen-016",
  "gen-017",
  "gen-018",
  "gen-019",
  "gen-020",
  "gen-021",
  "gen-022",
  "komp-001",
  "komp-002",
  "komp-003",
  "komp-004",
  "komp-005",
  "komp-006",
  "komp-007",
  "komp-008",
  "komp-009",
  "komp-010",
  "komp-011",
  "komp-012",
  "komp-013",
  "komp-014",
  "komp-015",
  "komp-016",
  "komp-017",
  "komp-018",
  "komp-019",
  "komp-020",
  "komp-021",
  "komp-022",
  "komp-023",
  "komp-024",
  "komp-025",
  "konj-001",
  "konj-002",
  "konj-003",
  "konj-004",
  "konj-005",
  "konj-006",
  "konj-007",
  "konj-008",
  "konj-009",
  "konj-010",
  "konj-011",
  "konj-012",
  "konj-013",
  "konj-014",
  "konj-015",
  "konj-016",
  "konj-017",
  "konj-018",
  "konj-019",
  "konj-020",
  "konj-021",
  "konj-022",
  "konj-023",
  "konj-024",
  "konj-025",
  "konj-026",
  "konj-027",
  "konj-028",
  "konj-029",
  "konj-030",
  "nebensatz-001",
  "nebensatz-002",
  "nebensatz-003",
  "nebensatz-004",
  "nebensatz-005",
  "nebensatz-006",
  "nebensatz-007",
  "nebensatz-008",
  "nebensatz-009",
  "nebensatz-010",
  "nebensatz-011",
  "nebensatz-012",
  "nebensatz-013",
  "nebensatz-014",
  "nebensatz-015",
  "nebensatz-016",
  "nebensatz-017",
  "nebensatz-018",
  "nebensatz-019",
  "nebensatz-020",
  "nebensatz-021",
  "nebensatz-022",
  "nebensatz-023",
  "nebensatz-024",
  "nebensatz-025",
  "nebensatz-026",
  "nebensatz-027",
  "nebensatz-028",
  "nebensatz-029",
  "nebensatz-030",
  "passiv-001",
  "passiv-002",
  "passiv-003",
  "passiv-004",
  "passiv-005",
  "passiv-006",
  "passiv-007",
  "passiv-008",
  "passiv-009",
  "passiv-010",
  "passiv-011",
  "passiv-012",
  "passiv-013",
  "passiv-014",
  "passiv-015",
  "passiv-016",
  "passiv-017",
  "passiv-018",
  "passiv-019",
  "passiv-020",
  "passiv-021",
  "passiv-022",
  "passiv-023",
  "passiv-024",
  "passiv-025",
  "perfekt-001",
  "perfekt-002",
  "perfekt-003",
  "perfekt-004",
  "perfekt-005",
  "perfekt-006",
  "perfekt-007",
  "perfekt-008",
  "perfekt-009",
  "perfekt-010",
  "perfekt-011",
  "perfekt-012",
  "perfekt-013",
  "perfekt-014",
  "perfekt-015",
  "perfekt-016",
  "perfekt-017",
  "perfekt-018",
  "perfekt-019",
  "perfekt-020",
  "perfekt-021",
  "perfekt-022",
  "perfekt-023",
  "perfekt-024",
  "perfekt-025",
  "perfekt-026",
  "perfekt-027",
  "perfekt-028",
  "perfekt-029",
  "perfekt-030",
  "perfekt-031",
  "perfekt-032",
  "perfekt-033",
  "perfekt-034",
  "perfekt-035",
  "perfekt-036",
  "perfekt-037",
  "perfekt-038",
  "perfekt-039",
  "perfekt-040",
  "praep-001",
  "praep-002",
  "praep-003",
  "praep-004",
  "praep-005",
  "praep-006",
  "praep-007",
  "praep-008",
  "praep-009",
  "praep-010",
  "praep-011",
  "praep-012",
  "praep-013",
  "praep-014",
  "praep-015",
  "praep-016",
  "praep-017",
  "praep-018",
  "praep-019",
  "praep-020",
  "praep-021",
  "praep-022",
  "praep-023",
  "praep-024",
  "praep-025",
  "praep-026",
  "praep-027",
  "praep-028",
  "praep-029",
  "praep-030",
  "praep-031",
  "praep-032",
  "praep-033",
  "praep-034",
  "praep-035",
  "praep-036",
  "praep-037",
  "praep-038",
  "praep-039",
  "praep-040",
  "praet-001",
  "praet-002",
  "praet-003",
  "praet-004",
  "praet-005",
  "praet-006",
  "praet-007",
  "praet-008",
  "praet-009",
  "praet-010",
  "praet-011",
  "praet-012",
  "praet-013",
  "praet-014",
  "praet-015",
  "praet-016",
  "praet-017",
  "praet-018",
  "praet-019",
  "praet-020",
  "praet-021",
  "praet-022",
  "praet-023",
  "reflexiv-001",
  "reflexiv-002",
  "reflexiv-003",
  "reflexiv-004",
  "reflexiv-005",
  "reflexiv-006",
  "reflexiv-007",
  "reflexiv-008",
  "reflexiv-009",
  "reflexiv-010",
  "reflexiv-011",
  "reflexiv-012",
  "reflexiv-013",
  "reflexiv-014",
  "reflexiv-015",
  "reflexiv-016",
  "reflexiv-017",
  "reflexiv-018",
  "reflexiv-019",
  "reflexiv-020",
  "reflexiv-021",
  "reflexiv-022",
  "reflexiv-023",
  "reflexiv-024",
  "reflexiv-025",
  "relativ-001",
  "relativ-002",
  "relativ-003",
  "relativ-004",
  "relativ-005",
  "relativ-006",
  "relativ-007",
  "relativ-008",
  "relativ-009",
  "relativ-010",
  "relativ-011",
  "relativ-012",
  "relativ-013",
  "relativ-014",
  "relativ-015",
  "relativ-016",
  "relativ-017",
  "relativ-018",
  "relativ-019",
  "relativ-020",
  "relativ-021",
  "relativ-022",
  "relativ-023",
  "relativ-024",
  "relativ-025",
  "relativ-026",
  "relativ-027",
  "relativ-028",
  "relativ-029",
  "relativ-030",
  "verbprep-001",
  "verbprep-002",
  "verbprep-003",
  "verbprep-004",
  "verbprep-005",
  "verbprep-006",
  "verbprep-007",
  "verbprep-008",
  "verbprep-009",
  "verbprep-010",
  "verbprep-011",
  "verbprep-012",
  "verbprep-013",
  "verbprep-014",
  "verbprep-015",
  "verbprep-016",
  "verbprep-017",
  "verbprep-018",
  "verbprep-019",
  "verbprep-020",
  "verbprep-021",
  "verbprep-022",
  "zuinf-001",
  "zuinf-002",
  "zuinf-003",
  "zuinf-004",
  "zuinf-005",
  "zuinf-006",
  "zuinf-007",
  "zuinf-008",
  "zuinf-009",
  "zuinf-010",
  "zuinf-011",
  "zuinf-012",
  "zuinf-013",
  "zuinf-014",
  "zuinf-015",
  "zuinf-016",
  "zuinf-017",
  "zuinf-018",
  "zuinf-019",
  "zuinf-020",
  "zuinf-021",
  "zuinf-022"
 ],
 "innehåll/listening": [
  "t4-l-t1",
  "t4-l-t1-2",
  "t4-l-t2",
  "t4-l-t2-2",
  "t4-l-t3",
  "t4-l-t3-2",
  "t4-l-t4",
  "t4-l-t4-2",
  "t4-l-t5",
  "t4-l-t5-2",
  "t4-l-t6-1",
  "t4-l-t6-2",
  "t4-l-t7",
  "t4-l-t7-2",
  "t4-l-t8",
  "t4-l-t8-2"
 ],
 "innehåll/mal": [
  "mal-t1",
  "mal-t2",
  "mal-t3",
  "mal-t4",
  "mal-t5",
  "mal-t6",
  "mal-t7",
  "mal-t8",
  "mal-tr"
 ],
 "innehåll/phrases": [
  "t4-p01",
  "t4-p02",
  "t4-p03",
  "t4-p04",
  "t4-p05",
  "t4-p06",
  "t4-p07",
  "t4-p08",
  "t4-p09",
  "t4-p10",
  "t4-p11",
  "t4-p12",
  "t4-p13",
  "t4-p14",
  "t4-p15",
  "t4-p16",
  "t4-p17",
  "t4-p18",
  "t4-p19",
  "t4-p20",
  "t4-p21",
  "t4-p22",
  "t4-p23",
  "t4-p24",
  "t4-p25",
  "t4-p26",
  "t4-p27",
  "t4-p28",
  "t4-p29",
  "t4-p30",
  "t4-p31",
  "t4-p32",
  "t4-p33",
  "t4-p34",
  "t4-p35",
  "t4-p36",
  "t4-p37",
  "t4-p38",
  "t4-p39",
  "t4-p40"
 ],
 "innehåll/prompts": [
  "t4-w-lit-forster",
  "t4-w-t1",
  "t4-w-t1b",
  "t4-w-t1c",
  "t4-w-t2a",
  "t4-w-t2b",
  "t4-w-t2c",
  "t4-w-t3a",
  "t4-w-t3b",
  "t4-w-t3c",
  "t4-w-t4",
  "t4-w-t4b",
  "t4-w-t4c",
  "t4-w-t5",
  "t4-w-t5b",
  "t4-w-t5c",
  "t4-w-t6a",
  "t4-w-t6b",
  "t4-w-t6c",
  "t4-w-t7",
  "t4-w-t7b",
  "t4-w-t7c",
  "t4-w-t8",
  "t4-w-t8b",
  "t4-w-t8c"
 ],
 "innehåll/reading": [
  "t4-r-lit-bremen",
  "t4-r-lit-busch",
  "t4-r-lit-tannenbaum",
  "t4-r-t1",
  "t4-r-t2",
  "t4-r-t3",
  "t4-r-t4",
  "t4-r-t5",
  "t4-r-t6",
  "t4-r-t7",
  "t4-r-t8"
 ],
 "innehåll/stories": [
  "t4-s-t1",
  "t4-s-t2",
  "t4-s-t3",
  "t4-s-t4",
  "t4-s-t5",
  "t4-s-t6",
  "t4-s-t7",
  "t4-s-t8"
 ],
 "innehåll/uttal": [
  "utt-chk",
  "utt-ei",
  "utt-er",
  "utt-lang",
  "utt-oe",
  "utt-ue",
  "utt-z"
 ],
 "ord": [
  "Alles Gute!",
  "Entschuldigung",
  "Fieber messen",
  "Frohe Weihnachten!",
  "Frohes neues Jahr!",
  "Gute Besserung!",
  "Guten Rutsch!",
  "Herzlichen Glückwunsch!",
  "Ostern",
  "Pfingsten",
  "Prost!",
  "Rad fahren",
  "Silvester",
  "Ski fahren",
  "Spaß machen",
  "Sport treiben",
  "Unterricht nehmen",
  "Viertel nach",
  "Weihnachten",
  "abbiegen",
  "abends",
  "abfahren",
  "absagen",
  "abschließen",
  "abschreiben",
  "abwaschen",
  "ach so",
  "allergisch (gegen + Akk.)",
  "alles klar",
  "ankommen",
  "anprobieren",
  "anrufen",
  "anstoßen (auf + Akk.)",
  "anzünden",
  "auf dem Land",
  "auf der Bühne stehen",
  "auf jeden Fall",
  "auf keinen Fall",
  "aufgeregt",
  "aufräumen",
  "aufstehen",
  "aufwachen",
  "ausblasen",
  "ausfallen",
  "ausgeben",
  "ausgehen",
  "auspacken",
  "aussteigen",
  "auswendig lernen",
  "backen",
  "bar zahlen",
  "befreundet (mit + Dat.)",
  "begabt",
  "begleiten",
  "bestellen",
  "besuchen",
  "bewölkt",
  "bezahlen",
  "billig",
  "blass",
  "bluten",
  "blühen",
  "braten",
  "buchen",
  "chillen",
  "das Abendessen (-)",
  "das Auge (-n)",
  "das Auslandsjahr (-e)",
  "das Bad (Bäder)",
  "das Bargeld",
  "das Bein (-e)",
  "das Brettspiel (-e)",
  "das Café (-s)",
  "das Cello (-s)",
  "das Doppelzimmer (-)",
  "das Dorf (Dörfer)",
  "das Ei (-er)",
  "das Einfamilienhaus (-häuser)",
  "das Einzelzimmer (-)",
  "das Erdgeschoss (-e)",
  "das Erntedankfest (-e)",
  "das Fest (-e)",
  "das Festival (-s)",
  "das Feuerwerk (-e)",
  "das Fitnessstudio (-s)",
  "das Fleisch",
  "das Flugzeug (-e)",
  "das Frühstück (-e)",
  "das Gastland (-länder)",
  "das Gemüse",
  "das Gepäck",
  "das Geschenk (-e)",
  "das Gesicht (-er)",
  "das Getränk (-e)",
  "das Gewitter (-)",
  "das Gleis (-e)",
  "das Handgepäck",
  "das Handy (-s)",
  "das Hauptfach (-fächer)",
  "das Hauptgericht (-e)",
  "das Haustier (-e)",
  "das Heft (-e)",
  "das Heimweh",
  "das Hobby (-s)",
  "das Hochhaus (-häuser)",
  "das Hotel (-s)",
  "das Hähnchen (-)",
  "das Instrument (-e)",
  "das Jubiläum (Jubiläen)",
  "das Kino (-s)",
  "das Klassenzimmer (-)",
  "das Klavier (-e)",
  "das Kleid (-er)",
  "das Knie (-)",
  "das Konzert (-e)",
  "das Kostüm (-e)",
  "das Lampenfieber",
  "das Lieblingsfach (-fächer)",
  "das Lied (-er)",
  "das Meer (-e)",
  "das Mehl",
  "das Mikrofon (-e)",
  "das Mitglied (-er)",
  "das Mittsommerfest (-e)",
  "das Motivationsschreiben (-)",
  "das Musikstück (-e)",
  "das Obst",
  "das Ohr (-en)",
  "das Osterei (-er)",
  "das Pflaster (-)",
  "das Plätzchen (-)",
  "das Portemonnaie (-s)",
  "das Referat (-e)",
  "das Regal (-e)",
  "das Schlafzimmer (-)",
  "das Schlagzeug (-e)",
  "das Schuljahr (-e)",
  "das Sofa (-s)",
  "das Sonderangebot (-e)",
  "das Spiel (-e)",
  "das Stipendium (Stipendien)",
  "das Stockwerk (-e)",
  "das Talent (-e)",
  "das Training (-s)",
  "das Trinkgeld (-er)",
  "das Turnier (-e)",
  "das Volksfest (-e)",
  "das Wartezimmer (-)",
  "das Wechselgeld",
  "das Wetter",
  "das Wochenende (-n)",
  "das Wohnzimmer (-)",
  "das Wörterbuch (-bücher)",
  "das Zelt (-e)",
  "das Zimmer (-)",
  "das Zusammenleben",
  "das freut mich",
  "das glaube ich nicht",
  "das ist eine gute Idee",
  "das ist mir egal",
  "das ist nicht so schlimm",
  "das kann sein",
  "das klingt gut",
  "das stimmt",
  "dekorieren",
  "den Müll rausbringen",
  "den Tisch decken",
  "der Abflug (-flüge)",
  "der Advent",
  "der Adventskalender (-)",
  "der Akzent (-e)",
  "der Alltag",
  "der Anfänger (-)",
  "der Anschluss (-schlüsse)",
  "der Applaus",
  "der Arm (-e)",
  "der Arzt (Ärzte)",
  "der Auftritt (-e)",
  "der Aufzug (-züge)",
  "der Ausflug (-flüge)",
  "der Austauschschüler (-)",
  "der Ausweis (-e)",
  "der Bahnhof (-höfe)",
  "der Bahnsteig (-e)",
  "der Balkon (-e)",
  "der Bauch (Bäuche)",
  "der Beruf (-e)",
  "der Besuch (-e)",
  "der Blumenstrauß (-sträuße)",
  "der Briefkasten (-kästen)",
  "der Chor (Chöre)",
  "der Dachboden (-böden)",
  "der Durst",
  "der Einkaufszettel (-)",
  "der Fahrgast (-gäste)",
  "der Fahrplan (-pläne)",
  "der Fasching",
  "der Fehler (-)",
  "der Ferienjob (-s)",
  "der Finger (-)",
  "der Flohmarkt (-märkte)",
  "der Flug (Flüge)",
  "der Flughafen (-häfen)",
  "der Flur (-e)",
  "der Freundeskreis (-e)",
  "der Frühling",
  "der Fuß (Füße)",
  "der Garten (Gärten)",
  "der Gast (Gäste)",
  "der Gastgeber (-)",
  "der Geburtstag (-e)",
  "der Geldautomat (-en)",
  "der Gips",
  "der Glühwein",
  "der Gutschein (-e)",
  "der Hals (Hälse)",
  "der Haushalt (-e)",
  "der Hausmeister (-)",
  "der Heiligabend",
  "der Herbst",
  "der Herd (-e)",
  "der Hunger",
  "der Husten",
  "der Hustensaft (-säfte)",
  "der Jugendliche (-n)",
  "der Kassenbon (-s)",
  "der Keller (-)",
  "der Kellner (-)",
  "der Klassenkamerad (-en)",
  "der Koffer (-)",
  "der Komponist (-en)",
  "der Kontrabass (-bässe)",
  "der Kopf (Köpfe)",
  "der Kreislauf",
  "der Käse",
  "der Kühlschrank (-schränke)",
  "der Lebkuchen (-)",
  "der Lehrer (-)",
  "der Luftballon (-s)",
  "der Lärm",
  "der Mantel (Mäntel)",
  "der Martinstag",
  "der Mietvertrag (-verträge)",
  "der Mitbewohner (-)",
  "der Mund (Münder)",
  "der Musiker (-)",
  "der Muskelkater",
  "der Muttersprachler (-)",
  "der Muttertag",
  "der Nachbar (-n)",
  "der Nachmittag (-e)",
  "der Nachtisch (-e)",
  "der Nacken (-)",
  "der Nationalfeiertag (-e)",
  "der Nikolaus",
  "der Notarzt (-ärzte)",
  "der Notenständer (-)",
  "der Notfall (-fälle)",
  "der Osterhase (-n)",
  "der Preis (-e)",
  "der Pullover (-)",
  "der Quadratmeter (-)",
  "der Rabatt (-e)",
  "der Regenschirm (-e)",
  "der Reis",
  "der Reiseführer (-)",
  "der Reisepass (-pässe)",
  "der Rhythmus (Rhythmen)",
  "der Rosenmontag",
  "der Saft (Säfte)",
  "der Schalter (-)",
  "der Schiedsrichter (-)",
  "der Schienenersatzverkehr",
  "der Schlaf",
  "der Schlüssel (-)",
  "der Schneemann (-männer)",
  "der Schnupfen",
  "der Schrank (Schränke)",
  "der Schreibtisch (-e)",
  "der Schuh (-e)",
  "der Schulhof (-höfe)",
  "der Schüler (-)",
  "der Schüleraustausch",
  "der Sieg (-e)",
  "der Sitzplatz (-plätze)",
  "der Sommer",
  "der Sonnenbrand (-brände)",
  "der Spaß (Späße)",
  "der Spieler (-)",
  "der Sportunterricht",
  "der Sprachkurs (-e)",
  "der Stadtplan (-pläne)",
  "der Stand (Stände)",
  "der Stoff (-e)",
  "der Strand (Strände)",
  "der Stundenplan (-pläne)",
  "der Supermarkt (-märkte)",
  "der Sänger (-)",
  "der Tagesablauf (-abläufe)",
  "der Takt (-e)",
  "der Taschenrechner (-)",
  "der Teppich (-e)",
  "der Termin (-e)",
  "der Ton (Töne)",
  "der Tourist (-en)",
  "der Trainer (-)",
  "der Traumberuf (-e)",
  "der Umzug (-züge)",
  "der Unfall (Unfälle)",
  "der Unterricht",
  "der Urlaub (-e)",
  "der Valentinstag",
  "der Verband (Verbände)",
  "der Verkäufer (-)",
  "der Vermieter (-)",
  "der Vorhang (-hänge)",
  "der Vormittag (-e)",
  "der Vorort (-e)",
  "der Wagen (-)",
  "der Wasserhahn (-hähne)",
  "der Wecker (-)",
  "der Weg (-e)",
  "der Weihnachtsbaum (-bäume)",
  "der Wettbewerb (-e)",
  "der Wetterbericht (-e)",
  "der Winter",
  "der Wochenmarkt (-märkte)",
  "der Wortschatz",
  "der Zahn (Zähne)",
  "der Zahnarzt (-ärzte)",
  "der Zeh (-en)",
  "der Zug (Züge)",
  "die Abfahrt (-en)",
  "die Ampel (-n)",
  "die Ankunft (Ankünfte)",
  "die Aufnahme (-n)",
  "die Aufnahmeprüfung (-en)",
  "die Aussicht (-en)",
  "die Aussprache",
  "die Badewanne (-n)",
  "die Band (-s)",
  "die Bauchschmerzen",
  "die Bescherung",
  "die Besichtigung (-en)",
  "die Bettruhe",
  "die Bibliothek (-en)",
  "die Biologie",
  "die Bordkarte (-n)",
  "die Bratsche (-n)",
  "die Brille (-n)",
  "die Brust (Brüste)",
  "die Bäckerei (-en)",
  "die Chemie",
  "die Chorprobe (-n)",
  "die Durchsage (-n)",
  "die Ecke (-n)",
  "die Einladung (-en)",
  "die Eintrittskarte (-n)",
  "die Erdkunde",
  "die Fahrkarte (-n)",
  "die Feier (-n)",
  "die Ferien",
  "die Flasche (-n)",
  "die Freizeit",
  "die Fremdsprache (-n)",
  "die Gastfamilie (-n)",
  "die Geburtstagsfeier (-n)",
  "die Geige (-n)",
  "die Generalprobe (-n)",
  "die Geschichte (-n)",
  "die Gitarre (-n)",
  "die Glückwunschkarte (-n)",
  "die Grammatik",
  "die Größe (-n)",
  "die Halsschmerzen",
  "die Haltestelle (-n)",
  "die Hand (Hände)",
  "die Hausaufgabe (-n)",
  "die Hausordnung (-en)",
  "die Heizung (-en)",
  "die Hochzeit (-en)",
  "die Hose (-n)",
  "die Imbissbude (-n)",
  "die Jacke (-n)",
  "die Jahreszeit (-en)",
  "die Jugendherberge (-n)",
  "die Kammermusik",
  "die Kartoffel (-n)",
  "die Kasse (-n)",
  "die Kaution (-en)",
  "die Kerze (-n)",
  "die Klarinette (-n)",
  "die Klasse (-n)",
  "die Klassenarbeit (-en)",
  "die Klassenfahrt (-en)",
  "die Klausur (-en)",
  "die Kleidung",
  "die Kopfschmerzen",
  "die Krankenkasse (-n)",
  "die Kreuzung (-en)",
  "die Küche (-n)",
  "die Laterne (-n)",
  "die Laune (-n)",
  "die Leidenschaft (-en)",
  "die Maske (-n)",
  "die Mathematik",
  "die Melodie (-n)",
  "die Mensa (Mensen)",
  "die Miete (-n)",
  "die Mittagspause (-n)",
  "die Musikhochschule (-n)",
  "die Musikrichtung (-en)",
  "die Musikschule (-n)",
  "die Muttersprache (-n)",
  "die Möbel",
  "die Mülltonne (-n)",
  "die Münze (-n)",
  "die Nase (-n)",
  "die Naturwissenschaften",
  "die Nebenkosten",
  "die Niederlage (-n)",
  "die Noten",
  "die Nudeln",
  "die Oper (-n)",
  "die Packung (-en)",
  "die Party (-s)",
  "die Pause (-n)",
  "die Pflanze (-n)",
  "die Physik",
  "die Querflöte (-n)",
  "die Rechnung (-en)",
  "die Regel (-n)",
  "die Reise (-n)",
  "die Rezeption (-en)",
  "die Rückenschmerzen",
  "die Rückfahrkarte (-n)",
  "die Sahne",
  "die Salbe (-n)",
  "die Schmerztablette (-n)",
  "die Schulstunde (-n)",
  "die Schulter (-n)",
  "die Speisekarte (-n)",
  "die Sportart (-en)",
  "die Sprachnachricht (-en)",
  "die Sprachreise (-n)",
  "die Sprechstunde (-n)",
  "die Sprechzeiten",
  "die Spritze (-n)",
  "die Spülmaschine (-n)",
  "die Steckdose (-n)",
  "die Stimmung (-en)",
  "die Straßenbahn (-en)",
  "die Tablette (-n)",
  "die Tafel (-n)",
  "die Taste (-n)",
  "die Temperatur (-en)",
  "die Tonleiter (-n)",
  "die Torte (-n)",
  "die Tradition (-en)",
  "die Treppe (-n)",
  "die Trompete (-n)",
  "die Tüte (-n)",
  "die U-Bahn (-en)",
  "die Uhrzeit (-en)",
  "die Umgebung (-en)",
  "die Umkleidekabine (-n)",
  "die Universität (-en)",
  "die Unterkunft (-künfte)",
  "die Verabredung (-en)",
  "die Versichertenkarte (-n)",
  "die Verspätung (-en)",
  "die Viertelstunde (-n)",
  "die Vokabel (-n)",
  "die Vorspeise (-n)",
  "die Waschmaschine (-n)",
  "die Wohnung (-en)",
  "die Wolke (-n)",
  "die Wunde (-n)",
  "die Wurst (Würste)",
  "die Wäsche",
  "die Zahnschmerzen",
  "die Zugabe (-n)",
  "die Zukunft",
  "die Zutat (-en)",
  "die Zwiebel (-n)",
  "die Überraschungsparty (-s)",
  "die Überweisung (-en)",
  "dunkel",
  "duschen",
  "echt",
  "ein Instrument stimmen",
  "einatmen",
  "eine Frage stellen",
  "einen Moment bitte",
  "einkaufen",
  "einnehmen",
  "einpacken",
  "einsteigen",
  "einziehen",
  "endlich",
  "eng",
  "erklären",
  "es tut mir leid",
  "faul",
  "faulenzen",
  "fehlen",
  "feiern",
  "fernsehen",
  "fleißig",
  "fliegen",
  "fließend",
  "fotografieren",
  "frisch",
  "frühstücken",
  "funktionieren",
  "gebraucht",
  "gemütlich",
  "genau",
  "geradeaus",
  "gern geschehen",
  "gesund",
  "gewinnen",
  "gießen",
  "grillen",
  "guten Appetit",
  "günstig",
  "halb",
  "handeln",
  "hast du Lust",
  "heiraten",
  "heiser",
  "hell",
  "hoffentlich",
  "husten",
  "ich bin dafür",
  "ich bin dagegen",
  "ich bin mir nicht sicher",
  "ich drücke dir die Daumen",
  "ich finde",
  "ich glaube schon",
  "ich meine",
  "in der Nähe",
  "ins Bett gehen",
  "jobben",
  "joggen",
  "kaputt",
  "kein Problem",
  "keine Ahnung",
  "keine Sorge",
  "kennenlernen",
  "klassisch",
  "klatschen",
  "klettern",
  "klingeln",
  "kochen",
  "korrigieren",
  "kosten",
  "krank",
  "können Sie das bitte wiederholen",
  "könnten Sie mir helfen",
  "landen",
  "langweilig",
  "lass uns",
  "laufen",
  "laut",
  "lecker",
  "leider",
  "leihen",
  "leise",
  "lüften",
  "macht nichts",
  "malen",
  "manchmal",
  "meistens",
  "mieten",
  "mir ist schlecht",
  "montags",
  "morgens",
  "möbliert",
  "müde",
  "mündlich",
  "na ja",
  "nervös",
  "niesen",
  "packen",
  "passen (+ Dat.)",
  "peinlich",
  "pendeln",
  "planen",
  "planmäßig",
  "proben",
  "probieren",
  "putzen",
  "pünktlich",
  "reduziert",
  "regelmäßig",
  "regnen",
  "reisen",
  "reiten",
  "reparieren",
  "reservieren",
  "rezeptfrei",
  "ruhig",
  "röntgen",
  "sammeln",
  "satt",
  "schade",
  "scharf",
  "schenken",
  "schlucken",
  "schmecken",
  "schmücken",
  "schneien",
  "schriftlich",
  "schwierig",
  "schwimmen",
  "schwindlig",
  "selten",
  "sich (Dat.) das Bein brechen",
  "sich (Dat.) den Fuß verstauchen",
  "sich (Dat.) die Zähne putzen",
  "sich anmelden (für + Akk.)",
  "sich anziehen",
  "sich ausruhen",
  "sich beeilen",
  "sich fühlen",
  "sich krankmelden",
  "sich kämmen",
  "sich langweilen",
  "sich melden",
  "sich melden (bei + Dat.)",
  "sich schminken",
  "sich schonen",
  "sich treffen (mit + Dat.)",
  "sich verabreden (mit + Dat.)",
  "sich verkleiden (als + Nom.)",
  "sich verlaufen",
  "sich verletzen",
  "sich verspielen",
  "sich verspäten",
  "sich wohlfühlen",
  "singen",
  "sofort",
  "sonnig",
  "sparen",
  "spazieren gehen",
  "staubsaugen",
  "stehen (+ Dat.)",
  "stimmt so",
  "streichen",
  "streng",
  "stressig",
  "tanzen",
  "teuer",
  "toll",
  "traditionell",
  "tropfen",
  "täglich",
  "umtauschen",
  "umziehen",
  "unentschieden",
  "unter der Woche",
  "unternehmen",
  "vergessen",
  "verlieren",
  "verreisen",
  "verschieben",
  "verschlafen",
  "verstehen",
  "viel Glück",
  "viel Spaß",
  "vielen Dank",
  "vielleicht",
  "vom Blatt spielen",
  "vorbeikommen",
  "vorhaben",
  "vorsingen",
  "vorspielen",
  "wandern",
  "was bedeutet",
  "was hältst du davon",
  "was meinst du",
  "wecken",
  "wehtun",
  "weit",
  "werden",
  "wie bitte",
  "wie sagt man",
  "wie schön",
  "wie spät ist es",
  "wie wäre es mit (+ Dat.)",
  "wiederholen",
  "wissen",
  "wünschen",
  "zeichnen",
  "zentral",
  "zu Besuch kommen",
  "zu Fuß",
  "zu Hause",
  "zuerst",
  "zuhören (+ Dat.)",
  "zum Beispiel",
  "zum Glück",
  "zurückrufen",
  "zusagen",
  "zusammen oder getrennt",
  "zweisprachig",
  "üben",
  "übernachten",
  "überraschen",
  "übersetzen"
 ],
 "prov": [
  "de4-hoe-1",
  "de4-hoe-10",
  "de4-hoe-11",
  "de4-hoe-12",
  "de4-hoe-2",
  "de4-hoe-3",
  "de4-hoe-4",
  "de4-hoe-5",
  "de4-hoe-6",
  "de4-hoe-7",
  "de4-hoe-8",
  "de4-hoe-9",
  "de4-le-1",
  "de4-le-10",
  "de4-le-11",
  "de4-le-12",
  "de4-le-13",
  "de4-le-14",
  "de4-le-15",
  "de4-le-2",
  "de4-le-3",
  "de4-le-4",
  "de4-le-5",
  "de4-le-6",
  "de4-le-7",
  "de4-le-8",
  "de4-le-9",
  "de4-sc-1",
  "de4-sc-10",
  "de4-sc-11",
  "de4-sc-12",
  "de4-sc-2",
  "de4-sc-3",
  "de4-sc-4",
  "de4-sc-5",
  "de4-sc-6",
  "de4-sc-7",
  "de4-sc-8",
  "de4-sc-9",
  "de4-sp-1",
  "de4-sp-10",
  "de4-sp-11",
  "de4-sp-12",
  "de4-sp-2",
  "de4-sp-3",
  "de4-sp-4",
  "de4-sp-5",
  "de4-sp-6",
  "de4-sp-7",
  "de4-sp-8",
  "de4-sp-9"
 ]
}
